// !$*UTF8*$!
{
	archiveVersion = 1;
	classes = {
	};
	objectVersion = 50;
	objects = {

/* Begin PBXBuildFile section */
		9E007282218E250E0094BD1C /* CodeFolderView.swift in Sources */ = {isa = PBXBuildFile; fileRef = 9E00727B218E250E0094BD1C /* CodeFolderView.swift */; };
		9E007283218E250E0094BD1C /* CocoalyticsController.swift in Sources */ = {isa = PBXBuildFile; fileRef = 9E00727C218E250E0094BD1C /* CocoalyticsController.swift */; };
		9E007284218E250E0094BD1C /* CodeFolderTable.swift in Sources */ = {isa = PBXBuildFile; fileRef = 9E00727D218E250E0094BD1C /* CodeFolderTable.swift */; };
		9E007285218E250E0094BD1C /* CodeFolder.swift in Sources */ = {isa = PBXBuildFile; fileRef = 9E00727E218E250E0094BD1C /* CodeFolder.swift */; };
		9E007286218E250E0094BD1C /* FolderSelectionPanel.swift in Sources */ = {isa = PBXBuildFile; fileRef = 9E00727F218E250E0094BD1C /* FolderSelectionPanel.swift */; };
		9E007287218E250E0094BD1C /* main.swift in Sources */ = {isa = PBXBuildFile; fileRef = 9E007280218E250E0094BD1C /* main.swift */; };
		9E007288218E250E0094BD1C /* CocoalyticsMenu.swift in Sources */ = {isa = PBXBuildFile; fileRef = 9E007281218E250E0094BD1C /* CocoalyticsMenu.swift */; };
		9E76E246218F5A1200339F55 /* CodeFile.swift in Sources */ = {isa = PBXBuildFile; fileRef = 9E76E245218F5A1200339F55 /* CodeFile.swift */; };
		9E76E249218F5A5000339F55 /* CodeFile+Foundation.swift in Sources */ = {isa = PBXBuildFile; fileRef = 9E76E248218F5A5000339F55 /* CodeFile+Foundation.swift */; };
		9E76E24D218F6A6A00339F55 /* CodeFolder+Foundation.swift in Sources */ = {isa = PBXBuildFile; fileRef = 9E76E24C218F6A6A00339F55 /* CodeFolder+Foundation.swift */; };
		9E84B4B821A1D8C100F006DD /* CodeAnalyzer.swift in Sources */ = {isa = PBXBuildFile; fileRef = 9E84B4B721A1D8C100F006DD /* CodeAnalyzer.swift */; };
		9E84B4BC21A1E90200F006DD /* FileMetrics.swift in Sources */ = {isa = PBXBuildFile; fileRef = 9E84B4BB21A1E89E00F006DD /* FileMetrics.swift */; };
		9E95A709218C73CA009A58A9 /* Assets.xcassets in Resources */ = {isa = PBXBuildFile; fileRef = 9E95A708218C73CA009A58A9 /* Assets.xcassets */; };
		9E95A718218C73CA009A58A9 /* CocoalyticsTests.swift in Sources */ = {isa = PBXBuildFile; fileRef = 9E95A717218C73CA009A58A9 /* CocoalyticsTests.swift */; };
		9E9849D0219F265400AFE752 /* Pods_Cocoalytics.framework in Frameworks */ = {isa = PBXBuildFile; fileRef = 75E697CAA9F53F92ACF80D7D /* Pods_Cocoalytics.framework */; };
		9E984A14219F271000AFE752 /* SPM.framework in Frameworks */ = {isa = PBXBuildFile; fileRef = 9EAA3D10219E17FD00129239 /* SPM.framework */; };
		9E984A3A219F2A2100AFE752 /* AST.framework in Frameworks */ = {isa = PBXBuildFile; fileRef = 9E984A38219F2A0700AFE752 /* AST.framework */; };
		9E984A3B219F2A2100AFE752 /* AST.framework in Embed Frameworks */ = {isa = PBXBuildFile; fileRef = 9E984A38219F2A0700AFE752 /* AST.framework */; settings = {ATTRIBUTES = (CodeSignOnCopy, RemoveHeadersOnCopy, ); }; };
		9E984A3C219F2A2100AFE752 /* Bocho.framework in Frameworks */ = {isa = PBXBuildFile; fileRef = 9E984A35219F2A0700AFE752 /* Bocho.framework */; };
		9E984A3D219F2A2100AFE752 /* Bocho.framework in Embed Frameworks */ = {isa = PBXBuildFile; fileRef = 9E984A35219F2A0700AFE752 /* Bocho.framework */; settings = {ATTRIBUTES = (CodeSignOnCopy, RemoveHeadersOnCopy, ); }; };
		9E984A3E219F2A2100AFE752 /* Diagnostic.framework in Frameworks */ = {isa = PBXBuildFile; fileRef = 9E984A34219F2A0700AFE752 /* Diagnostic.framework */; };
		9E984A3F219F2A2100AFE752 /* Diagnostic.framework in Embed Frameworks */ = {isa = PBXBuildFile; fileRef = 9E984A34219F2A0700AFE752 /* Diagnostic.framework */; settings = {ATTRIBUTES = (CodeSignOnCopy, RemoveHeadersOnCopy, ); }; };
		9E984A40219F2A2100AFE752 /* Lexer.framework in Frameworks */ = {isa = PBXBuildFile; fileRef = 9E984A33219F2A0700AFE752 /* Lexer.framework */; };
		9E984A41219F2A2100AFE752 /* Lexer.framework in Embed Frameworks */ = {isa = PBXBuildFile; fileRef = 9E984A33219F2A0700AFE752 /* Lexer.framework */; settings = {ATTRIBUTES = (CodeSignOnCopy, RemoveHeadersOnCopy, ); }; };
		9E984A42219F2A2100AFE752 /* Parser.framework in Frameworks */ = {isa = PBXBuildFile; fileRef = 9E984A37219F2A0700AFE752 /* Parser.framework */; };
		9E984A43219F2A2100AFE752 /* Parser.framework in Embed Frameworks */ = {isa = PBXBuildFile; fileRef = 9E984A37219F2A0700AFE752 /* Parser.framework */; settings = {ATTRIBUTES = (CodeSignOnCopy, RemoveHeadersOnCopy, ); }; };
		9E984A44219F2A2100AFE752 /* Sema.framework in Frameworks */ = {isa = PBXBuildFile; fileRef = 9E984A39219F2A0700AFE752 /* Sema.framework */; };
		9E984A45219F2A2100AFE752 /* Sema.framework in Embed Frameworks */ = {isa = PBXBuildFile; fileRef = 9E984A39219F2A0700AFE752 /* Sema.framework */; settings = {ATTRIBUTES = (CodeSignOnCopy, RemoveHeadersOnCopy, ); }; };
		9E984A46219F2A2100AFE752 /* Source.framework in Frameworks */ = {isa = PBXBuildFile; fileRef = 9E984A36219F2A0700AFE752 /* Source.framework */; };
		9E984A47219F2A2100AFE752 /* Source.framework in Embed Frameworks */ = {isa = PBXBuildFile; fileRef = 9E984A36219F2A0700AFE752 /* Source.framework */; settings = {ATTRIBUTES = (CodeSignOnCopy, RemoveHeadersOnCopy, ); }; };
		9E984A49219F2AAB00AFE752 /* SPM.framework in Embed Frameworks */ = {isa = PBXBuildFile; fileRef = 9EAA3D10219E17FD00129239 /* SPM.framework */; settings = {ATTRIBUTES = (CodeSignOnCopy, RemoveHeadersOnCopy, ); }; };
		9EA5A8B5218EEB7E004902F7 /* CodeFolderSummaryView.swift in Sources */ = {isa = PBXBuildFile; fileRef = 9EA5A8B4218EEB7E004902F7 /* CodeFolderSummaryView.swift */; };
		9EA5A8B7218EFA90004902F7 /* CodeFileAnalytics+Sorting.swift in Sources */ = {isa = PBXBuildFile; fileRef = 9EA5A8B6218EFA90004902F7 /* CodeFileAnalytics+Sorting.swift */; };
		9EAA3D13219E18B100129239 /* SwiftASTCodeAnalyzer.swift in Sources */ = {isa = PBXBuildFile; fileRef = 9EAA3D12219E18B100129239 /* SwiftASTCodeAnalyzer.swift */; };
		9EB8BA58218E28E9007ED4E7 /* CodeFileAnalytics.swift in Sources */ = {isa = PBXBuildFile; fileRef = 9EB8BA57218E28E9007ED4E7 /* CodeFileAnalytics.swift */; };
		9EB8BA5D218E2CB5007ED4E7 /* FileManager+LoadingFiles.swift in Sources */ = {isa = PBXBuildFile; fileRef = 9EB8BA5C218E2CB5007ED4E7 /* FileManager+LoadingFiles.swift */; };
		9EB8BA5F218E2D3A007ED4E7 /* NSTableView+NSTableColumn.swift in Sources */ = {isa = PBXBuildFile; fileRef = 9EB8BA5E218E2D3A007ED4E7 /* NSTableView+NSTableColumn.swift */; };
/* End PBXBuildFile section */

/* Begin PBXContainerItemProxy section */
		9E95A714218C73CA009A58A9 /* PBXContainerItemProxy */ = {
			isa = PBXContainerItemProxy;
			containerPortal = 9E95A6FB218C73C7009A58A9 /* Project object */;
			proxyType = 1;
			remoteGlobalIDString = 9E95A702218C73C7009A58A9;
			remoteInfo = Cocoalytics;
		};
/* End PBXContainerItemProxy section */

/* Begin PBXCopyFilesBuildPhase section */
		9E984A2A219F28C300AFE752 /* Embed Frameworks */ = {
			isa = PBXCopyFilesBuildPhase;
			buildActionMask = 2147483647;
			dstPath = "";
			dstSubfolderSpec = 10;
			files = (
				9E984A3F219F2A2100AFE752 /* Diagnostic.framework in Embed Frameworks */,
				9E984A49219F2AAB00AFE752 /* SPM.framework in Embed Frameworks */,
				9E984A3D219F2A2100AFE752 /* Bocho.framework in Embed Frameworks */,
				9E984A45219F2A2100AFE752 /* Sema.framework in Embed Frameworks */,
				9E984A3B219F2A2100AFE752 /* AST.framework in Embed Frameworks */,
				9E984A47219F2A2100AFE752 /* Source.framework in Embed Frameworks */,
				9E984A43219F2A2100AFE752 /* Parser.framework in Embed Frameworks */,
				9E984A41219F2A2100AFE752 /* Lexer.framework in Embed Frameworks */,
			);
			name = "Embed Frameworks";
			runOnlyForDeploymentPostprocessing = 0;
		};
/* End PBXCopyFilesBuildPhase section */

/* Begin PBXFileReference section */
		151086E6A4D2CFBA5F0A6FF9 /* Pods-Cocoalytics.release.xcconfig */ = {isa = PBXFileReference; includeInIndex = 1; lastKnownFileType = text.xcconfig; name = "Pods-Cocoalytics.release.xcconfig"; path = "Target Support Files/Pods-Cocoalytics/Pods-Cocoalytics.release.xcconfig"; sourceTree = "<group>"; };
		408DED073DAF22DAF444DC63 /* Pods-Cocoalytics.debug.xcconfig */ = {isa = PBXFileReference; includeInIndex = 1; lastKnownFileType = text.xcconfig; name = "Pods-Cocoalytics.debug.xcconfig"; path = "Target Support Files/Pods-Cocoalytics/Pods-Cocoalytics.debug.xcconfig"; sourceTree = "<group>"; };
		75E697CAA9F53F92ACF80D7D /* Pods_Cocoalytics.framework */ = {isa = PBXFileReference; explicitFileType = wrapper.framework; includeInIndex = 0; path = Pods_Cocoalytics.framework; sourceTree = BUILT_PRODUCTS_DIR; };
		9E00727B218E250E0094BD1C /* CodeFolderView.swift */ = {isa = PBXFileReference; fileEncoding = 4; lastKnownFileType = sourcecode.swift; path = CodeFolderView.swift; sourceTree = "<group>"; };
		9E00727C218E250E0094BD1C /* CocoalyticsController.swift */ = {isa = PBXFileReference; fileEncoding = 4; lastKnownFileType = sourcecode.swift; path = CocoalyticsController.swift; sourceTree = "<group>"; };
		9E00727D218E250E0094BD1C /* CodeFolderTable.swift */ = {isa = PBXFileReference; fileEncoding = 4; lastKnownFileType = sourcecode.swift; path = CodeFolderTable.swift; sourceTree = "<group>"; };
		9E00727E218E250E0094BD1C /* CodeFolder.swift */ = {isa = PBXFileReference; fileEncoding = 4; lastKnownFileType = sourcecode.swift; path = CodeFolder.swift; sourceTree = "<group>"; };
		9E00727F218E250E0094BD1C /* FolderSelectionPanel.swift */ = {isa = PBXFileReference; fileEncoding = 4; lastKnownFileType = sourcecode.swift; path = FolderSelectionPanel.swift; sourceTree = "<group>"; };
		9E007280218E250E0094BD1C /* main.swift */ = {isa = PBXFileReference; fileEncoding = 4; lastKnownFileType = sourcecode.swift; path = main.swift; sourceTree = "<group>"; };
		9E007281218E250E0094BD1C /* CocoalyticsMenu.swift */ = {isa = PBXFileReference; fileEncoding = 4; lastKnownFileType = sourcecode.swift; path = CocoalyticsMenu.swift; sourceTree = "<group>"; };
		9E76E245218F5A1200339F55 /* CodeFile.swift */ = {isa = PBXFileReference; lastKnownFileType = sourcecode.swift; path = CodeFile.swift; sourceTree = "<group>"; };
		9E76E248218F5A5000339F55 /* CodeFile+Foundation.swift */ = {isa = PBXFileReference; lastKnownFileType = sourcecode.swift; path = "CodeFile+Foundation.swift"; sourceTree = "<group>"; };
		9E76E24C218F6A6A00339F55 /* CodeFolder+Foundation.swift */ = {isa = PBXFileReference; lastKnownFileType = sourcecode.swift; path = "CodeFolder+Foundation.swift"; sourceTree = "<group>"; };
		9E84B4B721A1D8C100F006DD /* CodeAnalyzer.swift */ = {isa = PBXFileReference; lastKnownFileType = sourcecode.swift; path = CodeAnalyzer.swift; sourceTree = "<group>"; };
		9E84B4BB21A1E89E00F006DD /* FileMetrics.swift */ = {isa = PBXFileReference; lastKnownFileType = sourcecode.swift; path = FileMetrics.swift; sourceTree = "<group>"; };
		9E95A703218C73C7009A58A9 /* Cocoalytics.app */ = {isa = PBXFileReference; explicitFileType = wrapper.application; includeInIndex = 0; path = Cocoalytics.app; sourceTree = BUILT_PRODUCTS_DIR; };
		9E95A708218C73CA009A58A9 /* Assets.xcassets */ = {isa = PBXFileReference; lastKnownFileType = folder.assetcatalog; path = Assets.xcassets; sourceTree = "<group>"; };
		9E95A70D218C73CA009A58A9 /* Info.plist */ = {isa = PBXFileReference; lastKnownFileType = text.plist.xml; path = Info.plist; sourceTree = "<group>"; };
		9E95A70E218C73CA009A58A9 /* Cocoalytics.entitlements */ = {isa = PBXFileReference; lastKnownFileType = text.plist.entitlements; path = Cocoalytics.entitlements; sourceTree = "<group>"; };
		9E95A713218C73CA009A58A9 /* CocoalyticsTests.xctest */ = {isa = PBXFileReference; explicitFileType = wrapper.cfbundle; includeInIndex = 0; path = CocoalyticsTests.xctest; sourceTree = BUILT_PRODUCTS_DIR; };
		9E95A717218C73CA009A58A9 /* CocoalyticsTests.swift */ = {isa = PBXFileReference; lastKnownFileType = sourcecode.swift; path = CocoalyticsTests.swift; sourceTree = "<group>"; };
		9E95A719218C73CA009A58A9 /* Info.plist */ = {isa = PBXFileReference; lastKnownFileType = text.plist.xml; path = Info.plist; sourceTree = "<group>"; };
		9E984A33219F2A0700AFE752 /* Lexer.framework */ = {isa = PBXFileReference; lastKnownFileType = wrapper.framework; path = Lexer.framework; sourceTree = "<group>"; };
		9E984A34219F2A0700AFE752 /* Diagnostic.framework */ = {isa = PBXFileReference; lastKnownFileType = wrapper.framework; path = Diagnostic.framework; sourceTree = "<group>"; };
		9E984A35219F2A0700AFE752 /* Bocho.framework */ = {isa = PBXFileReference; lastKnownFileType = wrapper.framework; path = Bocho.framework; sourceTree = "<group>"; };
		9E984A36219F2A0700AFE752 /* Source.framework */ = {isa = PBXFileReference; lastKnownFileType = wrapper.framework; path = Source.framework; sourceTree = "<group>"; };
		9E984A37219F2A0700AFE752 /* Parser.framework */ = {isa = PBXFileReference; lastKnownFileType = wrapper.framework; path = Parser.framework; sourceTree = "<group>"; };
		9E984A38219F2A0700AFE752 /* AST.framework */ = {isa = PBXFileReference; lastKnownFileType = wrapper.framework; path = AST.framework; sourceTree = "<group>"; };
		9E984A39219F2A0700AFE752 /* Sema.framework */ = {isa = PBXFileReference; lastKnownFileType = wrapper.framework; path = Sema.framework; sourceTree = "<group>"; };
		9EA5A8B4218EEB7E004902F7 /* CodeFolderSummaryView.swift */ = {isa = PBXFileReference; lastKnownFileType = sourcecode.swift; path = CodeFolderSummaryView.swift; sourceTree = "<group>"; };
		9EA5A8B6218EFA90004902F7 /* CodeFileAnalytics+Sorting.swift */ = {isa = PBXFileReference; lastKnownFileType = sourcecode.swift; path = "CodeFileAnalytics+Sorting.swift"; sourceTree = "<group>"; };
		9EAA3D10219E17FD00129239 /* SPM.framework */ = {isa = PBXFileReference; lastKnownFileType = wrapper.framework; path = SPM.framework; sourceTree = BUILT_PRODUCTS_DIR; };
		9EAA3D12219E18B100129239 /* SwiftASTCodeAnalyzer.swift */ = {isa = PBXFileReference; lastKnownFileType = sourcecode.swift; path = SwiftASTCodeAnalyzer.swift; sourceTree = "<group>"; };
		9EB8BA57218E28E9007ED4E7 /* CodeFileAnalytics.swift */ = {isa = PBXFileReference; lastKnownFileType = sourcecode.swift; path = CodeFileAnalytics.swift; sourceTree = "<group>"; };
		9EB8BA5C218E2CB5007ED4E7 /* FileManager+LoadingFiles.swift */ = {isa = PBXFileReference; lastKnownFileType = sourcecode.swift; path = "FileManager+LoadingFiles.swift"; sourceTree = "<group>"; };
		9EB8BA5E218E2D3A007ED4E7 /* NSTableView+NSTableColumn.swift */ = {isa = PBXFileReference; lastKnownFileType = sourcecode.swift; path = "NSTableView+NSTableColumn.swift"; sourceTree = "<group>"; };
/* End PBXFileReference section */

/* Begin PBXFrameworksBuildPhase section */
		9E95A700218C73C7009A58A9 /* Frameworks */ = {
			isa = PBXFrameworksBuildPhase;
			buildActionMask = 2147483647;
			files = (
				9E984A44219F2A2100AFE752 /* Sema.framework in Frameworks */,
				9E984A3E219F2A2100AFE752 /* Diagnostic.framework in Frameworks */,
				9E984A3A219F2A2100AFE752 /* AST.framework in Frameworks */,
				9E9849D0219F265400AFE752 /* Pods_Cocoalytics.framework in Frameworks */,
				9E984A46219F2A2100AFE752 /* Source.framework in Frameworks */,
				9E984A42219F2A2100AFE752 /* Parser.framework in Frameworks */,
				9E984A40219F2A2100AFE752 /* Lexer.framework in Frameworks */,
				9E984A3C219F2A2100AFE752 /* Bocho.framework in Frameworks */,
				9E984A14219F271000AFE752 /* SPM.framework in Frameworks */,
			);
			runOnlyForDeploymentPostprocessing = 0;
		};
		9E95A710218C73CA009A58A9 /* Frameworks */ = {
			isa = PBXFrameworksBuildPhase;
			buildActionMask = 2147483647;
			files = (
			);
			runOnlyForDeploymentPostprocessing = 0;
		};
/* End PBXFrameworksBuildPhase section */

/* Begin PBXGroup section */
		6A3B359FF834E3A86C457C58 /* Pods */ = {
			isa = PBXGroup;
			children = (
				408DED073DAF22DAF444DC63 /* Pods-Cocoalytics.debug.xcconfig */,
				151086E6A4D2CFBA5F0A6FF9 /* Pods-Cocoalytics.release.xcconfig */,
			);
			path = Pods;
			sourceTree = "<group>";
		};
		6C237E29F3EEF33999E8B256 /* Frameworks */ = {
			isa = PBXGroup;
			children = (
				9EAA3D10219E17FD00129239 /* SPM.framework */,
				75E697CAA9F53F92ACF80D7D /* Pods_Cocoalytics.framework */,
			);
			name = Frameworks;
			sourceTree = "<group>";
		};
		9E00727A218E250E0094BD1C /* Code */ = {
			isa = PBXGroup;
			children = (
				9EB8BA59218E2AD3007ED4E7 /* AppKit */,
				9E84B4BA21A1E86F00F006DD /* VisualizationModel */,
				9E76E24B218F64D000339F55 /* CodeFolderAnalytics */,
				9E84B4B621A1D7D700F006DD /* Code-Analysis */,
				9E76E24A218F608800339F55 /* CodeFileAnalytics */,
				9E76E244218F59E700339F55 /* CodeFile */,
				9EB8BA5B218E2C78007ED4E7 /* Framework-Candidates */,
			);
			name = Code;
			path = ../Code;
			sourceTree = "<group>";
		};
		9E76E244218F59E700339F55 /* CodeFile */ = {
			isa = PBXGroup;
			children = (
				9E76E247218F5A1E00339F55 /* Foundation */,
				9E76E245218F5A1200339F55 /* CodeFile.swift */,
			);
			path = CodeFile;
			sourceTree = "<group>";
		};
		9E76E247218F5A1E00339F55 /* Foundation */ = {
			isa = PBXGroup;
			children = (
				9E76E248218F5A5000339F55 /* CodeFile+Foundation.swift */,
			);
			path = Foundation;
			sourceTree = "<group>";
		};
		9E76E24A218F608800339F55 /* CodeFileAnalytics */ = {
			isa = PBXGroup;
			children = (
				9EA5A8B6218EFA90004902F7 /* CodeFileAnalytics+Sorting.swift */,
				9EB8BA57218E28E9007ED4E7 /* CodeFileAnalytics.swift */,
			);
			path = CodeFileAnalytics;
			sourceTree = "<group>";
		};
		9E76E24B218F64D000339F55 /* CodeFolderAnalytics */ = {
			isa = PBXGroup;
			children = (
				9EB8BA65218E456C007ED4E7 /* AppKit */,
				9E76E24E218F6CE700339F55 /* Foundation */,
				9E00727E218E250E0094BD1C /* CodeFolder.swift */,
			);
			path = CodeFolderAnalytics;
			sourceTree = "<group>";
		};
		9E76E24E218F6CE700339F55 /* Foundation */ = {
			isa = PBXGroup;
			children = (
				9E76E24C218F6A6A00339F55 /* CodeFolder+Foundation.swift */,
			);
			path = Foundation;
			sourceTree = "<group>";
		};
		9E84B4B621A1D7D700F006DD /* Code-Analysis */ = {
			isa = PBXGroup;
			children = (
				9E84B4B921A1D9C700F006DD /* SwiftAST */,
				9E84B4B721A1D8C100F006DD /* CodeAnalyzer.swift */,
			);
			path = "Code-Analysis";
			sourceTree = "<group>";
		};
		9E84B4B921A1D9C700F006DD /* SwiftAST */ = {
			isa = PBXGroup;
			children = (
				9EAA3D12219E18B100129239 /* SwiftASTCodeAnalyzer.swift */,
			);
			path = SwiftAST;
			sourceTree = "<group>";
		};
		9E84B4BA21A1E86F00F006DD /* VisualizationModel */ = {
			isa = PBXGroup;
			children = (
				9E84B4BB21A1E89E00F006DD /* FileMetrics.swift */,
			);
			path = VisualizationModel;
			sourceTree = "<group>";
		};
		9E95A6FA218C73C7009A58A9 = {
			isa = PBXGroup;
			children = (
				9E00727A218E250E0094BD1C /* Code */,
				9E95A705218C73C7009A58A9 /* Cocoalytics */,
				9E95A716218C73CA009A58A9 /* CocoalyticsTests */,
				9E95A704218C73C7009A58A9 /* Products */,
				6A3B359FF834E3A86C457C58 /* Pods */,
				6C237E29F3EEF33999E8B256 /* Frameworks */,
				9E984A32219F291300AFE752 /* SPM Frameworks */,
			);
			sourceTree = "<group>";
		};
		9E95A704218C73C7009A58A9 /* Products */ = {
			isa = PBXGroup;
			children = (
				9E95A703218C73C7009A58A9 /* Cocoalytics.app */,
				9E95A713218C73CA009A58A9 /* CocoalyticsTests.xctest */,
			);
			name = Products;
			sourceTree = "<group>";
		};
		9E95A705218C73C7009A58A9 /* Cocoalytics */ = {
			isa = PBXGroup;
			children = (
				9E95A708218C73CA009A58A9 /* Assets.xcassets */,
				9E95A70D218C73CA009A58A9 /* Info.plist */,
				9E95A70E218C73CA009A58A9 /* Cocoalytics.entitlements */,
			);
			path = Cocoalytics;
			sourceTree = "<group>";
		};
		9E95A716218C73CA009A58A9 /* CocoalyticsTests */ = {
			isa = PBXGroup;
			children = (
				9E95A717218C73CA009A58A9 /* CocoalyticsTests.swift */,
				9E95A719218C73CA009A58A9 /* Info.plist */,
			);
			path = CocoalyticsTests;
			sourceTree = "<group>";
		};
		9E984A32219F291300AFE752 /* SPM Frameworks */ = {
			isa = PBXGroup;
			children = (
				9E984A38219F2A0700AFE752 /* AST.framework */,
				9E984A35219F2A0700AFE752 /* Bocho.framework */,
				9E984A34219F2A0700AFE752 /* Diagnostic.framework */,
				9E984A33219F2A0700AFE752 /* Lexer.framework */,
				9E984A37219F2A0700AFE752 /* Parser.framework */,
				9E984A39219F2A0700AFE752 /* Sema.framework */,
				9E984A36219F2A0700AFE752 /* Source.framework */,
			);
			name = "SPM Frameworks";
			path = "/Users/sebastian/Library/Developer/Xcode/DerivedData/Cocoalytics-gujnaoawukydnhecebyrjwajgkoq/Build/Products/Debug";
			sourceTree = "<absolute>";
		};
		9EA5A8B2218EE9A2004902F7 /* AppKit */ = {
			isa = PBXGroup;
			children = (
				9E00727F218E250E0094BD1C /* FolderSelectionPanel.swift */,
				9EB8BA5E218E2D3A007ED4E7 /* NSTableView+NSTableColumn.swift */,
			);
			path = AppKit;
			sourceTree = "<group>";
		};
		9EA5A8B3218EE9B9004902F7 /* Foundation */ = {
			isa = PBXGroup;
			children = (
				9EB8BA5C218E2CB5007ED4E7 /* FileManager+LoadingFiles.swift */,
			);
			path = Foundation;
			sourceTree = "<group>";
		};
		9EB8BA59218E2AD3007ED4E7 /* AppKit */ = {
			isa = PBXGroup;
			children = (
				9E007280218E250E0094BD1C /* main.swift */,
				9E00727C218E250E0094BD1C /* CocoalyticsController.swift */,
				9E007281218E250E0094BD1C /* CocoalyticsMenu.swift */,
			);
			path = AppKit;
			sourceTree = "<group>";
		};
		9EB8BA5B218E2C78007ED4E7 /* Framework-Candidates */ = {
			isa = PBXGroup;
			children = (
				9EA5A8B2218EE9A2004902F7 /* AppKit */,
				9EA5A8B3218EE9B9004902F7 /* Foundation */,
			);
			path = "Framework-Candidates";
			sourceTree = "<group>";
		};
		9EB8BA65218E456C007ED4E7 /* AppKit */ = {
			isa = PBXGroup;
			children = (
				9E00727B218E250E0094BD1C /* CodeFolderView.swift */,
				9EA5A8B4218EEB7E004902F7 /* CodeFolderSummaryView.swift */,
				9E00727D218E250E0094BD1C /* CodeFolderTable.swift */,
			);
			path = AppKit;
			sourceTree = "<group>";
		};
/* End PBXGroup section */

/* Begin PBXNativeTarget section */
		9E95A702218C73C7009A58A9 /* Cocoalytics */ = {
			isa = PBXNativeTarget;
			buildConfigurationList = 9E95A71C218C73CA009A58A9 /* Build configuration list for PBXNativeTarget "Cocoalytics" */;
			buildPhases = (
				7F7AC665F8A7A330F12DFBB8 /* [CP] Check Pods Manifest.lock */,
				9E95A6FF218C73C7009A58A9 /* Sources */,
				9E95A700218C73C7009A58A9 /* Frameworks */,
				9E95A701218C73C7009A58A9 /* Resources */,
				980F9ABE29FBF185CD16D45D /* [CP] Embed Pods Frameworks */,
				9E984A2A219F28C300AFE752 /* Embed Frameworks */,
			);
			buildRules = (
			);
			dependencies = (
			);
			name = Cocoalytics;
			productName = Cocoalytics;
			productReference = 9E95A703218C73C7009A58A9 /* Cocoalytics.app */;
			productType = "com.apple.product-type.application";
		};
		9E95A712218C73CA009A58A9 /* CocoalyticsTests */ = {
			isa = PBXNativeTarget;
			buildConfigurationList = 9E95A71F218C73CA009A58A9 /* Build configuration list for PBXNativeTarget "CocoalyticsTests" */;
			buildPhases = (
				9E95A70F218C73CA009A58A9 /* Sources */,
				9E95A710218C73CA009A58A9 /* Frameworks */,
				9E95A711218C73CA009A58A9 /* Resources */,
			);
			buildRules = (
			);
			dependencies = (
				9E95A715218C73CA009A58A9 /* PBXTargetDependency */,
			);
			name = CocoalyticsTests;
			productName = CocoalyticsTests;
			productReference = 9E95A713218C73CA009A58A9 /* CocoalyticsTests.xctest */;
			productType = "com.apple.product-type.bundle.unit-test";
		};
/* End PBXNativeTarget section */

/* Begin PBXProject section */
		9E95A6FB218C73C7009A58A9 /* Project object */ = {
			isa = PBXProject;
			attributes = {
				LastSwiftUpdateCheck = 1000;
				LastUpgradeCheck = 1000;
				ORGANIZATIONNAME = Flowtoolz;
				TargetAttributes = {
					9E95A702218C73C7009A58A9 = {
						CreatedOnToolsVersion = 10.0;
					};
					9E95A712218C73CA009A58A9 = {
						CreatedOnToolsVersion = 10.0;
						TestTargetID = 9E95A702218C73C7009A58A9;
					};
				};
			};
			buildConfigurationList = 9E95A6FE218C73C7009A58A9 /* Build configuration list for PBXProject "Cocoalytics" */;
			compatibilityVersion = "Xcode 9.3";
			developmentRegion = en;
			hasScannedForEncodings = 0;
			knownRegions = (
				en,
				Base,
			);
			mainGroup = 9E95A6FA218C73C7009A58A9;
			productRefGroup = 9E95A704218C73C7009A58A9 /* Products */;
			projectDirPath = "";
			projectRoot = "";
			targets = (
				9E95A702218C73C7009A58A9 /* Cocoalytics */,
				9E95A712218C73CA009A58A9 /* CocoalyticsTests */,
			);
		};
/* End PBXProject section */

/* Begin PBXResourcesBuildPhase section */
		9E95A701218C73C7009A58A9 /* Resources */ = {
			isa = PBXResourcesBuildPhase;
			buildActionMask = 2147483647;
			files = (
				9E95A709218C73CA009A58A9 /* Assets.xcassets in Resources */,
			);
			runOnlyForDeploymentPostprocessing = 0;
		};
		9E95A711218C73CA009A58A9 /* Resources */ = {
			isa = PBXResourcesBuildPhase;
			buildActionMask = 2147483647;
			files = (
			);
			runOnlyForDeploymentPostprocessing = 0;
		};
/* End PBXResourcesBuildPhase section */

/* Begin PBXShellScriptBuildPhase section */
		7F7AC665F8A7A330F12DFBB8 /* [CP] Check Pods Manifest.lock */ = {
			isa = PBXShellScriptBuildPhase;
			buildActionMask = 2147483647;
			files = (
			);
			inputFileListPaths = (
			);
			inputPaths = (
				"${PODS_PODFILE_DIR_PATH}/Podfile.lock",
				"${PODS_ROOT}/Manifest.lock",
			);
			name = "[CP] Check Pods Manifest.lock";
			outputFileListPaths = (
			);
			outputPaths = (
				"$(DERIVED_FILE_DIR)/Pods-Cocoalytics-checkManifestLockResult.txt",
			);
			runOnlyForDeploymentPostprocessing = 0;
			shellPath = /bin/sh;
			shellScript = "diff \"${PODS_PODFILE_DIR_PATH}/Podfile.lock\" \"${PODS_ROOT}/Manifest.lock\" > /dev/null\nif [ $? != 0 ] ; then\n    # print error to STDERR\n    echo \"error: The sandbox is not in sync with the Podfile.lock. Run 'pod install' or update your CocoaPods installation.\" >&2\n    exit 1\nfi\n# This output is used by Xcode 'outputs' to avoid re-running this script phase.\necho \"SUCCESS\" > \"${SCRIPT_OUTPUT_FILE_0}\"\n";
			showEnvVarsInLog = 0;
		};
		980F9ABE29FBF185CD16D45D /* [CP] Embed Pods Frameworks */ = {
			isa = PBXShellScriptBuildPhase;
			buildActionMask = 2147483647;
			files = (
			);
			inputFileListPaths = (
			);
			inputPaths = (
				"${PODS_ROOT}/Target Support Files/Pods-Cocoalytics/Pods-Cocoalytics-frameworks.sh",
				"${BUILT_PRODUCTS_DIR}/FoundationToolz/FoundationToolz.framework",
				"${BUILT_PRODUCTS_DIR}/GetLaid/GetLaid.framework",
				"${BUILT_PRODUCTS_DIR}/SwiftObserver/SwiftObserver.framework",
				"${BUILT_PRODUCTS_DIR}/SwiftyToolz/SwiftyToolz.framework",
				"${BUILT_PRODUCTS_DIR}/UIObserver/UIObserver.framework",
				"${BUILT_PRODUCTS_DIR}/UIToolz/UIToolz.framework",
			);
			name = "[CP] Embed Pods Frameworks";
			outputFileListPaths = (
			);
			outputPaths = (
				"${TARGET_BUILD_DIR}/${FRAMEWORKS_FOLDER_PATH}/FoundationToolz.framework",
				"${TARGET_BUILD_DIR}/${FRAMEWORKS_FOLDER_PATH}/GetLaid.framework",
				"${TARGET_BUILD_DIR}/${FRAMEWORKS_FOLDER_PATH}/SwiftObserver.framework",
				"${TARGET_BUILD_DIR}/${FRAMEWORKS_FOLDER_PATH}/SwiftyToolz.framework",
				"${TARGET_BUILD_DIR}/${FRAMEWORKS_FOLDER_PATH}/UIObserver.framework",
				"${TARGET_BUILD_DIR}/${FRAMEWORKS_FOLDER_PATH}/UIToolz.framework",
			);
			runOnlyForDeploymentPostprocessing = 0;
			shellPath = /bin/sh;
			shellScript = "\"${PODS_ROOT}/Target Support Files/Pods-Cocoalytics/Pods-Cocoalytics-frameworks.sh\"\n";
			showEnvVarsInLog = 0;
		};
/* End PBXShellScriptBuildPhase section */

/* Begin PBXSourcesBuildPhase section */
		9E95A6FF218C73C7009A58A9 /* Sources */ = {
			isa = PBXSourcesBuildPhase;
			buildActionMask = 2147483647;
			files = (
				9E007284218E250E0094BD1C /* CodeFolderTable.swift in Sources */,
				9E84B4BC21A1E90200F006DD /* FileMetrics.swift in Sources */,
				9EA5A8B5218EEB7E004902F7 /* CodeFolderSummaryView.swift in Sources */,
				9EB8BA58218E28E9007ED4E7 /* CodeFileAnalytics.swift in Sources */,
				9E76E24D218F6A6A00339F55 /* CodeFolder+Foundation.swift in Sources */,
				9E007282218E250E0094BD1C /* CodeFolderView.swift in Sources */,
				9E76E246218F5A1200339F55 /* CodeFile.swift in Sources */,
				9EB8BA5D218E2CB5007ED4E7 /* FileManager+LoadingFiles.swift in Sources */,
				9E007287218E250E0094BD1C /* main.swift in Sources */,
				9E007283218E250E0094BD1C /* CocoalyticsController.swift in Sources */,
				9EB8BA5F218E2D3A007ED4E7 /* NSTableView+NSTableColumn.swift in Sources */,
				9E007288218E250E0094BD1C /* CocoalyticsMenu.swift in Sources */,
				9E007286218E250E0094BD1C /* FolderSelectionPanel.swift in Sources */,
				9E84B4B821A1D8C100F006DD /* CodeAnalyzer.swift in Sources */,
				9EA5A8B7218EFA90004902F7 /* CodeFileAnalytics+Sorting.swift in Sources */,
				9E007285218E250E0094BD1C /* CodeFolder.swift in Sources */,
				9E76E249218F5A5000339F55 /* CodeFile+Foundation.swift in Sources */,
				9EAA3D13219E18B100129239 /* SwiftASTCodeAnalyzer.swift in Sources */,
			);
			runOnlyForDeploymentPostprocessing = 0;
		};
		9E95A70F218C73CA009A58A9 /* Sources */ = {
			isa = PBXSourcesBuildPhase;
			buildActionMask = 2147483647;
			files = (
				9E95A718218C73CA009A58A9 /* CocoalyticsTests.swift in Sources */,
			);
			runOnlyForDeploymentPostprocessing = 0;
		};
/* End PBXSourcesBuildPhase section */

/* Begin PBXTargetDependency section */
		9E95A715218C73CA009A58A9 /* PBXTargetDependency */ = {
			isa = PBXTargetDependency;
			target = 9E95A702218C73C7009A58A9 /* Cocoalytics */;
			targetProxy = 9E95A714218C73CA009A58A9 /* PBXContainerItemProxy */;
		};
/* End PBXTargetDependency section */

/* Begin XCBuildConfiguration section */
		9E95A71A218C73CA009A58A9 /* Debug */ = {
			isa = XCBuildConfiguration;
			buildSettings = {
				ALWAYS_SEARCH_USER_PATHS = NO;
				CLANG_ANALYZER_NONNULL = YES;
				CLANG_ANALYZER_NUMBER_OBJECT_CONVERSION = YES_AGGRESSIVE;
				CLANG_CXX_LANGUAGE_STANDARD = "gnu++14";
				CLANG_CXX_LIBRARY = "libc++";
				CLANG_ENABLE_MODULES = YES;
				CLANG_ENABLE_OBJC_ARC = YES;
				CLANG_ENABLE_OBJC_WEAK = YES;
				CLANG_WARN_BLOCK_CAPTURE_AUTORELEASING = YES;
				CLANG_WARN_BOOL_CONVERSION = YES;
				CLANG_WARN_COMMA = YES;
				CLANG_WARN_CONSTANT_CONVERSION = YES;
				CLANG_WARN_DEPRECATED_OBJC_IMPLEMENTATIONS = YES;
				CLANG_WARN_DIRECT_OBJC_ISA_USAGE = YES_ERROR;
				CLANG_WARN_DOCUMENTATION_COMMENTS = YES;
				CLANG_WARN_EMPTY_BODY = YES;
				CLANG_WARN_ENUM_CONVERSION = YES;
				CLANG_WARN_INFINITE_RECURSION = YES;
				CLANG_WARN_INT_CONVERSION = YES;
				CLANG_WARN_NON_LITERAL_NULL_CONVERSION = YES;
				CLANG_WARN_OBJC_IMPLICIT_RETAIN_SELF = YES;
				CLANG_WARN_OBJC_LITERAL_CONVERSION = YES;
				CLANG_WARN_OBJC_ROOT_CLASS = YES_ERROR;
				CLANG_WARN_RANGE_LOOP_ANALYSIS = YES;
				CLANG_WARN_STRICT_PROTOTYPES = YES;
				CLANG_WARN_SUSPICIOUS_MOVE = YES;
				CLANG_WARN_UNGUARDED_AVAILABILITY = YES_AGGRESSIVE;
				CLANG_WARN_UNREACHABLE_CODE = YES;
				CLANG_WARN__DUPLICATE_METHOD_MATCH = YES;
				CODE_SIGN_IDENTITY = "Mac Developer";
				COPY_PHASE_STRIP = NO;
				DEBUG_INFORMATION_FORMAT = dwarf;
				ENABLE_STRICT_OBJC_MSGSEND = YES;
				ENABLE_TESTABILITY = YES;
				GCC_C_LANGUAGE_STANDARD = gnu11;
				GCC_DYNAMIC_NO_PIC = NO;
				GCC_NO_COMMON_BLOCKS = YES;
				GCC_OPTIMIZATION_LEVEL = 0;
				GCC_PREPROCESSOR_DEFINITIONS = (
					"DEBUG=1",
					"$(inherited)",
				);
				GCC_WARN_64_TO_32_BIT_CONVERSION = YES;
				GCC_WARN_ABOUT_RETURN_TYPE = YES_ERROR;
				GCC_WARN_UNDECLARED_SELECTOR = YES;
				GCC_WARN_UNINITIALIZED_AUTOS = YES_AGGRESSIVE;
				GCC_WARN_UNUSED_FUNCTION = YES;
				GCC_WARN_UNUSED_VARIABLE = YES;
				MACOSX_DEPLOYMENT_TARGET = 10.11;
				MTL_ENABLE_DEBUG_INFO = INCLUDE_SOURCE;
				MTL_FAST_MATH = YES;
				ONLY_ACTIVE_ARCH = YES;
				SDKROOT = macosx;
				SWIFT_ACTIVE_COMPILATION_CONDITIONS = DEBUG;
				SWIFT_OPTIMIZATION_LEVEL = "-Onone";
			};
			name = Debug;
		};
		9E95A71B218C73CA009A58A9 /* Release */ = {
			isa = XCBuildConfiguration;
			buildSettings = {
				ALWAYS_SEARCH_USER_PATHS = NO;
				CLANG_ANALYZER_NONNULL = YES;
				CLANG_ANALYZER_NUMBER_OBJECT_CONVERSION = YES_AGGRESSIVE;
				CLANG_CXX_LANGUAGE_STANDARD = "gnu++14";
				CLANG_CXX_LIBRARY = "libc++";
				CLANG_ENABLE_MODULES = YES;
				CLANG_ENABLE_OBJC_ARC = YES;
				CLANG_ENABLE_OBJC_WEAK = YES;
				CLANG_WARN_BLOCK_CAPTURE_AUTORELEASING = YES;
				CLANG_WARN_BOOL_CONVERSION = YES;
				CLANG_WARN_COMMA = YES;
				CLANG_WARN_CONSTANT_CONVERSION = YES;
				CLANG_WARN_DEPRECATED_OBJC_IMPLEMENTATIONS = YES;
				CLANG_WARN_DIRECT_OBJC_ISA_USAGE = YES_ERROR;
				CLANG_WARN_DOCUMENTATION_COMMENTS = YES;
				CLANG_WARN_EMPTY_BODY = YES;
				CLANG_WARN_ENUM_CONVERSION = YES;
				CLANG_WARN_INFINITE_RECURSION = YES;
				CLANG_WARN_INT_CONVERSION = YES;
				CLANG_WARN_NON_LITERAL_NULL_CONVERSION = YES;
				CLANG_WARN_OBJC_IMPLICIT_RETAIN_SELF = YES;
				CLANG_WARN_OBJC_LITERAL_CONVERSION = YES;
				CLANG_WARN_OBJC_ROOT_CLASS = YES_ERROR;
				CLANG_WARN_RANGE_LOOP_ANALYSIS = YES;
				CLANG_WARN_STRICT_PROTOTYPES = YES;
				CLANG_WARN_SUSPICIOUS_MOVE = YES;
				CLANG_WARN_UNGUARDED_AVAILABILITY = YES_AGGRESSIVE;
				CLANG_WARN_UNREACHABLE_CODE = YES;
				CLANG_WARN__DUPLICATE_METHOD_MATCH = YES;
				CODE_SIGN_IDENTITY = "Mac Developer";
				COPY_PHASE_STRIP = NO;
				DEBUG_INFORMATION_FORMAT = "dwarf-with-dsym";
				ENABLE_NS_ASSERTIONS = NO;
				ENABLE_STRICT_OBJC_MSGSEND = YES;
				GCC_C_LANGUAGE_STANDARD = gnu11;
				GCC_NO_COMMON_BLOCKS = YES;
				GCC_WARN_64_TO_32_BIT_CONVERSION = YES;
				GCC_WARN_ABOUT_RETURN_TYPE = YES_ERROR;
				GCC_WARN_UNDECLARED_SELECTOR = YES;
				GCC_WARN_UNINITIALIZED_AUTOS = YES_AGGRESSIVE;
				GCC_WARN_UNUSED_FUNCTION = YES;
				GCC_WARN_UNUSED_VARIABLE = YES;
				MACOSX_DEPLOYMENT_TARGET = 10.11;
				MTL_ENABLE_DEBUG_INFO = NO;
				MTL_FAST_MATH = YES;
				SDKROOT = macosx;
				SWIFT_COMPILATION_MODE = wholemodule;
				SWIFT_OPTIMIZATION_LEVEL = "-O";
			};
			name = Release;
		};
		9E95A71D218C73CA009A58A9 /* Debug */ = {
			isa = XCBuildConfiguration;
			baseConfigurationReference = 408DED073DAF22DAF444DC63 /* Pods-Cocoalytics.debug.xcconfig */;
			buildSettings = {
				ASSETCATALOG_COMPILER_APPICON_NAME = AppIcon;
				CODE_SIGN_ENTITLEMENTS = Cocoalytics/Cocoalytics.entitlements;
				CODE_SIGN_STYLE = Automatic;
				COMBINE_HIDPI_IMAGES = YES;
				DEVELOPMENT_TEAM = 8T3R57GCBV;
				INFOPLIST_FILE = Cocoalytics/Info.plist;
				LD_RUNPATH_SEARCH_PATHS = (
					"$(inherited)",
					"@executable_path/../Frameworks",
				);
				PRODUCT_BUNDLE_IDENTIFIER = com.flowtoolz.Cocoalytics;
				PRODUCT_NAME = "$(TARGET_NAME)";
				SWIFT_VERSION = 4.2;
			};
			name = Debug;
		};
		9E95A71E218C73CA009A58A9 /* Release */ = {
			isa = XCBuildConfiguration;
			baseConfigurationReference = 151086E6A4D2CFBA5F0A6FF9 /* Pods-Cocoalytics.release.xcconfig */;
			buildSettings = {
				ASSETCATALOG_COMPILER_APPICON_NAME = AppIcon;
				CODE_SIGN_ENTITLEMENTS = Cocoalytics/Cocoalytics.entitlements;
				CODE_SIGN_STYLE = Automatic;
				COMBINE_HIDPI_IMAGES = YES;
				DEVELOPMENT_TEAM = 8T3R57GCBV;
				INFOPLIST_FILE = Cocoalytics/Info.plist;
				LD_RUNPATH_SEARCH_PATHS = (
					"$(inherited)",
					"@executable_path/../Frameworks",
				);
				PRODUCT_BUNDLE_IDENTIFIER = com.flowtoolz.Cocoalytics;
				PRODUCT_NAME = "$(TARGET_NAME)";
				SWIFT_VERSION = 4.2;
			};
			name = Release;
		};
		9E95A720218C73CA009A58A9 /* Debug */ = {
			isa = XCBuildConfiguration;
			buildSettings = {
				ALWAYS_EMBED_SWIFT_STANDARD_LIBRARIES = YES;
				BUNDLE_LOADER = "$(TEST_HOST)";
				CODE_SIGN_STYLE = Automatic;
				COMBINE_HIDPI_IMAGES = YES;
				DEVELOPMENT_TEAM = 8T3R57GCBV;
				INFOPLIST_FILE = CocoalyticsTests/Info.plist;
				LD_RUNPATH_SEARCH_PATHS = (
					"$(inherited)",
					"@executable_path/../Frameworks",
					"@loader_path/../Frameworks",
				);
				PRODUCT_BUNDLE_IDENTIFIER = com.flowtoolz.CocoalyticsTests;
				PRODUCT_NAME = "$(TARGET_NAME)";
				SWIFT_VERSION = 4.2;
				TEST_HOST = "$(BUILT_PRODUCTS_DIR)/Cocoalytics.app/Contents/MacOS/Cocoalytics";
			};
			name = Debug;
		};
		9E95A721218C73CA009A58A9 /* Release */ = {
			isa = XCBuildConfiguration;
			buildSettings = {
				ALWAYS_EMBED_SWIFT_STANDARD_LIBRARIES = YES;
				BUNDLE_LOADER = "$(TEST_HOST)";
				CODE_SIGN_STYLE = Automatic;
				COMBINE_HIDPI_IMAGES = YES;
				DEVELOPMENT_TEAM = 8T3R57GCBV;
				INFOPLIST_FILE = CocoalyticsTests/Info.plist;
				LD_RUNPATH_SEARCH_PATHS = (
					"$(inherited)",
					"@executable_path/../Frameworks",
					"@loader_path/../Frameworks",
				);
				PRODUCT_BUNDLE_IDENTIFIER = com.flowtoolz.CocoalyticsTests;
				PRODUCT_NAME = "$(TARGET_NAME)";
				SWIFT_VERSION = 4.2;
				TEST_HOST = "$(BUILT_PRODUCTS_DIR)/Cocoalytics.app/Contents/MacOS/Cocoalytics";
			};
			name = Release;
		};
/* End XCBuildConfiguration section */

/* Begin XCConfigurationList section */
		9E95A6FE218C73C7009A58A9 /* Build configuration list for PBXProject "Cocoalytics" */ = {
			isa = XCConfigurationList;
			buildConfigurations = (
				9E95A71A218C73CA009A58A9 /* Debug */,
				9E95A71B218C73CA009A58A9 /* Release */,
			);
			defaultConfigurationIsVisible = 0;
			defaultConfigurationName = Release;
		};
		9E95A71C218C73CA009A58A9 /* Build configuration list for PBXNativeTarget "Cocoalytics" */ = {
			isa = XCConfigurationList;
			buildConfigurations = (
				9E95A71D218C73CA009A58A9 /* Debug */,
				9E95A71E218C73CA009A58A9 /* Release */,
			);
			defaultConfigurationIsVisible = 0;
			defaultConfigurationName = Release;
		};
		9E95A71F218C73CA009A58A9 /* Build configuration list for PBXNativeTarget "CocoalyticsTests" */ = {
			isa = XCConfigurationList;
			buildConfigurations = (
				9E95A720218C73CA009A58A9 /* Debug */,
				9E95A721218C73CA009A58A9 /* Release */,
			);
			defaultConfigurationIsVisible = 0;
			defaultConfigurationName = Release;
		};
/* End XCConfigurationList section */
	};
	rootObject = 9E95A6FB218C73C7009A58A9 /* Project object */;
}
