// !$*UTF8*$!
{
	archiveVersion = 1;
	classes = {
	};
	objectVersion = 56;
	objects = {

/* Begin PBXBuildFile section */
		960F6C1A28DE16F100573747 /* PostMetaData.swift in Sources */ = {isa = PBXBuildFile; fileRef = 960F6C1928DE16F100573747 /* PostMetaData.swift */; };
		960F6C1C28DE171E00573747 /* SiteFolder.swift in Sources */ = {isa = PBXBuildFile; fileRef = 960F6C1B28DE171E00573747 /* SiteFolder.swift */; };
		960F6C1E28DE176F00573747 /* GeneratePageHTML.swift in Sources */ = {isa = PBXBuildFile; fileRef = 960F6C1D28DE176F00573747 /* GeneratePageHTML.swift */; };
		9657E85A28DDD31000970470 /* main.swift in Sources */ = {isa = PBXBuildFile; fileRef = 9657E85928DDD31000970470 /* main.swift */; };
		9657E86228DDD63400970470 /* FoundationToolz in Frameworks */ = {isa = PBXBuildFile; productRef = 9657E86128DDD63400970470 /* FoundationToolz */; };
/* End PBXBuildFile section */

/* Begin PBXCopyFilesBuildPhase section */
		9657E85428DDD31000970470 /* CopyFiles */ = {
			isa = PBXCopyFilesBuildPhase;
			buildActionMask = 2147483647;
			dstPath = /usr/share/man/man1/;
			dstSubfolderSpec = 0;
			files = (
			);
			runOnlyForDeploymentPostprocessing = 1;
		};
/* End PBXCopyFilesBuildPhase section */

/* Begin PBXFileReference section */
		960F6C1928DE16F100573747 /* PostMetaData.swift */ = {isa = PBXFileReference; lastKnownFileType = sourcecode.swift; path = PostMetaData.swift; sourceTree = "<group>"; };
		960F6C1B28DE171E00573747 /* SiteFolder.swift */ = {isa = PBXFileReference; lastKnownFileType = sourcecode.swift; path = SiteFolder.swift; sourceTree = "<group>"; };
		960F6C1D28DE176F00573747 /* GeneratePageHTML.swift */ = {isa = PBXFileReference; lastKnownFileType = sourcecode.swift; path = GeneratePageHTML.swift; sourceTree = "<group>"; };
		9657E85628DDD31000970470 /* CodefaceSiteGenerator */ = {isa = PBXFileReference; explicitFileType = "compiled.mach-o.executable"; includeInIndex = 0; path = CodefaceSiteGenerator; sourceTree = BUILT_PRODUCTS_DIR; };
		9657E85928DDD31000970470 /* main.swift */ = {isa = PBXFileReference; lastKnownFileType = sourcecode.swift; path = main.swift; sourceTree = "<group>"; };
/* End PBXFileReference section */

/* Begin PBXFrameworksBuildPhase section */
		9657E85328DDD31000970470 /* Frameworks */ = {
			isa = PBXFrameworksBuildPhase;
			buildActionMask = 2147483647;
			files = (
				9657E86228DDD63400970470 /* FoundationToolz in Frameworks */,
			);
			runOnlyForDeploymentPostprocessing = 0;
		};
/* End PBXFrameworksBuildPhase section */

/* Begin PBXGroup section */
		960F6C1F28DE186300573747 /* General Tools (Site-Agnostic) */ = {
			isa = PBXGroup;
			children = (
				960F6C1928DE16F100573747 /* PostMetaData.swift */,
				960F6C1B28DE171E00573747 /* SiteFolder.swift */,
				960F6C1D28DE176F00573747 /* GeneratePageHTML.swift */,
			);
			path = "General Tools (Site-Agnostic)";
			sourceTree = "<group>";
		};
		9657E84D28DDD31000970470 = {
			isa = PBXGroup;
			children = (
				9657E85828DDD31000970470 /* CodefaceSiteGenerator */,
				9657E85728DDD31000970470 /* Products */,
			);
			sourceTree = "<group>";
		};
		9657E85728DDD31000970470 /* Products */ = {
			isa = PBXGroup;
			children = (
				9657E85628DDD31000970470 /* CodefaceSiteGenerator */,
			);
			name = Products;
			sourceTree = "<group>";
		};
		9657E85828DDD31000970470 /* CodefaceSiteGenerator */ = {
			isa = PBXGroup;
			children = (
				9657E85928DDD31000970470 /* main.swift */,
				960F6C1F28DE186300573747 /* General Tools (Site-Agnostic) */,
			);
			path = CodefaceSiteGenerator;
			sourceTree = "<group>";
		};
/* End PBXGroup section */

/* Begin PBXNativeTarget section */
		9657E85528DDD31000970470 /* CodefaceSiteGenerator */ = {
			isa = PBXNativeTarget;
			buildConfigurationList = 9657E85D28DDD31000970470 /* Build configuration list for PBXNativeTarget "CodefaceSiteGenerator" */;
			buildPhases = (
				9657E85228DDD31000970470 /* Sources */,
				9657E85328DDD31000970470 /* Frameworks */,
				9657E85428DDD31000970470 /* CopyFiles */,
			);
			buildRules = (
			);
			dependencies = (
			);
			name = CodefaceSiteGenerator;
			packageProductDependencies = (
				9657E86128DDD63400970470 /* FoundationToolz */,
			);
			productName = CodefaceSiteGenerator;
			productReference = 9657E85628DDD31000970470 /* CodefaceSiteGenerator */;
			productType = "com.apple.product-type.tool";
		};
/* End PBXNativeTarget section */

/* Begin PBXProject section */
		9657E84E28DDD31000970470 /* Project object */ = {
			isa = PBXProject;
			attributes = {
				BuildIndependentTargetsInParallel = 1;
				LastSwiftUpdateCheck = 1400;
				LastUpgradeCheck = 1400;
				TargetAttributes = {
					9657E85528DDD31000970470 = {
						CreatedOnToolsVersion = 14.0;
					};
				};
			};
			buildConfigurationList = 9657E85128DDD31000970470 /* Build configuration list for PBXProject "CodefaceSiteGenerator" */;
			compatibilityVersion = "Xcode 14.0";
			developmentRegion = en;
			hasScannedForEncodings = 0;
			knownRegions = (
				en,
				Base,
			);
			mainGroup = 9657E84D28DDD31000970470;
			packageReferences = (
				9657E86028DDD63400970470 /* XCRemoteSwiftPackageReference "FoundationToolz" */,
			);
			productRefGroup = 9657E85728DDD31000970470 /* Products */;
			projectDirPath = "";
			projectRoot = "";
			targets = (
				9657E85528DDD31000970470 /* CodefaceSiteGenerator */,
			);
		};
/* End PBXProject section */

/* Begin PBXSourcesBuildPhase section */
		9657E85228DDD31000970470 /* Sources */ = {
			isa = PBXSourcesBuildPhase;
			buildActionMask = 2147483647;
			files = (
				960F6C1E28DE176F00573747 /* GeneratePageHTML.swift in Sources */,
				960F6C1A28DE16F100573747 /* PostMetaData.swift in Sources */,
				960F6C1C28DE171E00573747 /* SiteFolder.swift in Sources */,
				9657E85A28DDD31000970470 /* main.swift in Sources */,
			);
			runOnlyForDeploymentPostprocessing = 0;
		};
/* End PBXSourcesBuildPhase section */

/* Begin XCBuildConfiguration section */
		9657E85B28DDD31000970470 /* Debug */ = {
			isa = XCBuildConfiguration;
			buildSettings = {
				ALWAYS_SEARCH_USER_PATHS = NO;
				CLANG_ANALYZER_NONNULL = YES;
				CLANG_ANALYZER_NUMBER_OBJECT_CONVERSION = YES_AGGRESSIVE;
				CLANG_CXX_LANGUAGE_STANDARD = "gnu++20";
				CLANG_ENABLE_MODULES = YES;
				CLANG_ENABLE_OBJC_ARC = YES;
				CLANG_ENABLE_OBJC_WEAK = YES;
				CLANG_WARN_BLOCK_CAPTURE_AUTORELEASING = YES;
				CLANG_WARN_BOOL_CONVERSION = YES;
				CLANG_WARN_COMMA = YES;
				CLANG_WARN_CONSTANT_CONVERSION = YES;
				CLANG_WARN_DEPRECATED_OBJC_IMPLEMENTATIONS = YES;
				CLANG_WARN_DIRECT_OBJC_ISA_USAGE = YES_ERROR;
				CLANG_WARN_DOCUMENTATION_COMMENTS = YES;
				CLANG_WARN_EMPTY_BODY = YES;
				CLANG_WARN_ENUM_CONVERSION = YES;
				CLANG_WARN_INFINITE_RECURSION = YES;
				CLANG_WARN_INT_CONVERSION = YES;
				CLANG_WARN_NON_LITERAL_NULL_CONVERSION = YES;
				CLANG_WARN_OBJC_IMPLICIT_RETAIN_SELF = YES;
				CLANG_WARN_OBJC_LITERAL_CONVERSION = YES;
				CLANG_WARN_OBJC_ROOT_CLASS = YES_ERROR;
				CLANG_WARN_QUOTED_INCLUDE_IN_FRAMEWORK_HEADER = YES;
				CLANG_WARN_RANGE_LOOP_ANALYSIS = YES;
				CLANG_WARN_STRICT_PROTOTYPES = YES;
				CLANG_WARN_SUSPICIOUS_MOVE = YES;
				CLANG_WARN_UNGUARDED_AVAILABILITY = YES_AGGRESSIVE;
				CLANG_WARN_UNREACHABLE_CODE = YES;
				CLANG_WARN__DUPLICATE_METHOD_MATCH = YES;
				COPY_PHASE_STRIP = NO;
				DEBUG_INFORMATION_FORMAT = dwarf;
				ENABLE_STRICT_OBJC_MSGSEND = YES;
				ENABLE_TESTABILITY = YES;
				GCC_C_LANGUAGE_STANDARD = gnu11;
				GCC_DYNAMIC_NO_PIC = NO;
				GCC_NO_COMMON_BLOCKS = YES;
				GCC_OPTIMIZATION_LEVEL = 0;
				GCC_PREPROCESSOR_DEFINITIONS = (
					"DEBUG=1",
					"$(inherited)",
				);
				GCC_WARN_64_TO_32_BIT_CONVERSION = YES;
				GCC_WARN_ABOUT_RETURN_TYPE = YES_ERROR;
				GCC_WARN_UNDECLARED_SELECTOR = YES;
				GCC_WARN_UNINITIALIZED_AUTOS = YES_AGGRESSIVE;
				GCC_WARN_UNUSED_FUNCTION = YES;
				GCC_WARN_UNUSED_VARIABLE = YES;
				MACOSX_DEPLOYMENT_TARGET = 12.3;
				MTL_ENABLE_DEBUG_INFO = INCLUDE_SOURCE;
				MTL_FAST_MATH = YES;
				ONLY_ACTIVE_ARCH = YES;
				SDKROOT = macosx;
				SWIFT_ACTIVE_COMPILATION_CONDITIONS = DEBUG;
				SWIFT_OPTIMIZATION_LEVEL = "-Onone";
			};
			name = Debug;
		};
		9657E85C28DDD31000970470 /* Release */ = {
			isa = XCBuildConfiguration;
			buildSettings = {
				ALWAYS_SEARCH_USER_PATHS = NO;
				CLANG_ANALYZER_NONNULL = YES;
				CLANG_ANALYZER_NUMBER_OBJECT_CONVERSION = YES_AGGRESSIVE;
				CLANG_CXX_LANGUAGE_STANDARD = "gnu++20";
				CLANG_ENABLE_MODULES = YES;
				CLANG_ENABLE_OBJC_ARC = YES;
				CLANG_ENABLE_OBJC_WEAK = YES;
				CLANG_WARN_BLOCK_CAPTURE_AUTORELEASING = YES;
				CLANG_WARN_BOOL_CONVERSION = YES;
				CLANG_WARN_COMMA = YES;
				CLANG_WARN_CONSTANT_CONVERSION = YES;
				CLANG_WARN_DEPRECATED_OBJC_IMPLEMENTATIONS = YES;
				CLANG_WARN_DIRECT_OBJC_ISA_USAGE = YES_ERROR;
				CLANG_WARN_DOCUMENTATION_COMMENTS = YES;
				CLANG_WARN_EMPTY_BODY = YES;
				CLANG_WARN_ENUM_CONVERSION = YES;
				CLANG_WARN_INFINITE_RECURSION = YES;
				CLANG_WARN_INT_CONVERSION = YES;
				CLANG_WARN_NON_LITERAL_NULL_CONVERSION = YES;
				CLANG_WARN_OBJC_IMPLICIT_RETAIN_SELF = YES;
				CLANG_WARN_OBJC_LITERAL_CONVERSION = YES;
				CLANG_WARN_OBJC_ROOT_CLASS = YES_ERROR;
				CLANG_WARN_QUOTED_INCLUDE_IN_FRAMEWORK_HEADER = YES;
				CLANG_WARN_RANGE_LOOP_ANALYSIS = YES;
				CLANG_WARN_STRICT_PROTOTYPES = YES;
				CLANG_WARN_SUSPICIOUS_MOVE = YES;
				CLANG_WARN_UNGUARDED_AVAILABILITY = YES_AGGRESSIVE;
				CLANG_WARN_UNREACHABLE_CODE = YES;
				CLANG_WARN__DUPLICATE_METHOD_MATCH = YES;
				COPY_PHASE_STRIP = NO;
				DEBUG_INFORMATION_FORMAT = "dwarf-with-dsym";
				ENABLE_NS_ASSERTIONS = NO;
				ENABLE_STRICT_OBJC_MSGSEND = YES;
				GCC_C_LANGUAGE_STANDARD = gnu11;
				GCC_NO_COMMON_BLOCKS = YES;
				GCC_WARN_64_TO_32_BIT_CONVERSION = YES;
				GCC_WARN_ABOUT_RETURN_TYPE = YES_ERROR;
				GCC_WARN_UNDECLARED_SELECTOR = YES;
				GCC_WARN_UNINITIALIZED_AUTOS = YES_AGGRESSIVE;
				GCC_WARN_UNUSED_FUNCTION = YES;
				GCC_WARN_UNUSED_VARIABLE = YES;
				MACOSX_DEPLOYMENT_TARGET = 12.3;
				MTL_ENABLE_DEBUG_INFO = NO;
				MTL_FAST_MATH = YES;
				SDKROOT = macosx;
				SWIFT_COMPILATION_MODE = wholemodule;
				SWIFT_OPTIMIZATION_LEVEL = "-O";
			};
			name = Release;
		};
		9657E85E28DDD31000970470 /* Debug */ = {
			isa = XCBuildConfiguration;
			buildSettings = {
				CODE_SIGN_STYLE = Automatic;
				DEVELOPMENT_TEAM = 8T3R57GCBV;
				ENABLE_HARDENED_RUNTIME = YES;
				PRODUCT_NAME = "$(TARGET_NAME)";
				SWIFT_VERSION = 5.0;
			};
			name = Debug;
		};
		9657E85F28DDD31000970470 /* Release */ = {
			isa = XCBuildConfiguration;
			buildSettings = {
				CODE_SIGN_STYLE = Automatic;
				DEVELOPMENT_TEAM = 8T3R57GCBV;
				ENABLE_HARDENED_RUNTIME = YES;
				PRODUCT_NAME = "$(TARGET_NAME)";
				SWIFT_VERSION = 5.0;
			};
			name = Release;
		};
/* End XCBuildConfiguration section */

/* Begin XCConfigurationList section */
		9657E85128DDD31000970470 /* Build configuration list for PBXProject "CodefaceSiteGenerator" */ = {
			isa = XCConfigurationList;
			buildConfigurations = (
				9657E85B28DDD31000970470 /* Debug */,
				9657E85C28DDD31000970470 /* Release */,
			);
			defaultConfigurationIsVisible = 0;
			defaultConfigurationName = Release;
		};
		9657E85D28DDD31000970470 /* Build configuration list for PBXNativeTarget "CodefaceSiteGenerator" */ = {
			isa = XCConfigurationList;
			buildConfigurations = (
				9657E85E28DDD31000970470 /* Debug */,
				9657E85F28DDD31000970470 /* Release */,
			);
			defaultConfigurationIsVisible = 0;
			defaultConfigurationName = Release;
		};
/* End XCConfigurationList section */

/* Begin XCRemoteSwiftPackageReference section */
		9657E86028DDD63400970470 /* XCRemoteSwiftPackageReference "FoundationToolz" */ = {
			isa = XCRemoteSwiftPackageReference;
			repositoryURL = "https://github.com/flowtoolz/FoundationToolz";
			requirement = {
				branch = master;
				kind = branch;
			};
		};
/* End XCRemoteSwiftPackageReference section */

/* Begin XCSwiftPackageProductDependency section */
		9657E86128DDD63400970470 /* FoundationToolz */ = {
			isa = XCSwiftPackageProductDependency;
			package = 9657E86028DDD63400970470 /* XCRemoteSwiftPackageReference "FoundationToolz" */;
			productName = FoundationToolz;
		};
/* End XCSwiftPackageProductDependency section */
	};
	rootObject = 9657E84E28DDD31000970470 /* Project object */;
}
