PODS:
  - FoundationToolz (1.0.4):
    - ReachabilitySwift (~> 4.3.0)
    - SwiftyToolz (~> 1.5)
  - GetLaid (3.0.3)
  - ReachabilitySwift (4.3.1)
  - SwiftObserver (6.0.0):
    - SwiftyToolz (~> 1.5)
  - SwiftyToolz (1.5.5)
  - UIObserver (0.2.3):
    - SwiftObserver (~> 6.0)
  - UIToolz (1.1.1):
    - FoundationToolz
    - GetLaid
    - SwiftObserver (~> 6.0)
    - SwiftyToolz (~> 1.4)

DEPENDENCIES:
  - FoundationToolz (from `../../FoundationToolz`)
  - GetLaid (from `../../GetLaid`)
  - SwiftObserver (from `../../SwiftObserver`)
  - SwiftyToolz (from `../../SwiftyToolz`)
  - UIObserver (from `../../UIObserver`)
  - UIToolz (from `../../UIToolz`)

SPEC REPOS:
  trunk:
    - ReachabilitySwift

EXTERNAL SOURCES:
  FoundationToolz:
    :path: "../../FoundationToolz"
  GetLaid:
    :path: "../../GetLaid"
  SwiftObserver:
    :path: "../../SwiftObserver"
  SwiftyToolz:
    :path: "../../SwiftyToolz"
  UIObserver:
    :path: "../../UIObserver"
  UIToolz:
    :path: "../../UIToolz"

SPEC CHECKSUMS:
  FoundationToolz: 51894a074c2b80540097bb1e2e25cbfc7a7085ac
  GetLaid: 748a46cdb69828d1930536c587f05364fe21678c
  ReachabilitySwift: 4032e2f59586e11e3b0ebe15b167abdd587a388b
  SwiftObserver: 83c86aa7d33cc4c6937feeff45b0345369728385
  SwiftyToolz: b5e40f70d14f872a30083e25076f4bb2304b593a
  UIObserver: 83c5abdc5d73e0574c81ee2463a45f19393d1955
  UIToolz: c2c610b8ae02a7ab24a05b36e7d3e2a5318e9434

PODFILE CHECKSUM: 16a24aa339b2a1775babdec8516df33617a92010

COCOAPODS: 1.9.3
