PODS:
  - FoundationToolz (1.0.0)
  - GetLaid (1.1.2)
  - SwiftObserver (1.3.2):
    - SwiftyToolz (= 1.1.0)
  - SwiftyToolz (1.1.0)
  - UIObserver (0.1.0):
    - SwiftObserver
  - UIToolz (1.0.0):
    - FoundationToolz
    - GetLaid
    - SwiftObserver
    - SwiftyToolz

DEPENDENCIES:
  - FoundationToolz (from `../../Frameworks/FoundationToolz`)
  - GetLaid (from `../../Frameworks/GetLaid`)
  - SwiftObserver (from `../../Frameworks/SwiftObserver`)
  - SwiftyToolz (from `../../Frameworks/SwiftyToolz`)
  - UIObserver (from `../../Frameworks/UIObserver`)
  - UIToolz (from `../../Frameworks/UIToolz`)

EXTERNAL SOURCES:
  FoundationToolz:
    :path: "../../Frameworks/FoundationToolz"
  GetLaid:
    :path: "../../Frameworks/GetLaid"
  SwiftObserver:
    :path: "../../Frameworks/SwiftObserver"
  SwiftyToolz:
    :path: "../../Frameworks/SwiftyToolz"
  UIObserver:
    :path: "../../Frameworks/UIObserver"
  UIToolz:
    :path: "../../Frameworks/UIToolz"

SPEC CHECKSUMS:
  FoundationToolz: e40cc7cc969480357a44eaafd9bab4b75a3f0c7a
  GetLaid: 8748c8b539131896e1b0d73790baf10c8cb96fa8
  SwiftObserver: a8d183c0984fa9ffa531069f462b59f061390924
  SwiftyToolz: 461391682260e0c485c4007f60c7cc882b8f7211
  UIObserver: d52d08987839f94e2ca4f4767b233fc53e6837e3
  UIToolz: 44a129bd953db4ce42c259709162ee4a02f8ccd0

PODFILE CHECKSUM: 56684b74f502b3eeafb4da04660925a6e8357e0b

COCOAPODS: 1.6.0.beta.1
