PODS:
  - FoundationToolz (1.0.4):
    - ReachabilitySwift (~> 4.3.0)
    - SwiftyToolz (~> 1.5)
  - GetLaid (1.6.0)
  - ReachabilitySwift (4.3.1)
  - SwiftObserver (5.1.0):
    - SwiftyToolz (~> 1.5)
  - SwiftyToolz (1.5.2)
  - UIObserver (0.2.3):
    - SwiftObserver (~> 5.0)
  - UIToolz (1.1.1):
    - FoundationToolz
    - GetLaid
    - SwiftObserver (~> 5.0)
    - SwiftyToolz (~> 1.4)

DEPENDENCIES:
  - FoundationToolz (from `../../FoundationToolz`)
  - GetLaid (from `../../GetLaid`)
  - SwiftObserver (from `../../SwiftObserver`)
  - SwiftyToolz (from `../../SwiftyToolz`)
  - UIObserver (from `../../UIObserver`)
  - UIToolz (from `../../UIToolz`)

SPEC REPOS:
  trunk:
    - ReachabilitySwift

EXTERNAL SOURCES:
  FoundationToolz:
    :path: "../../FoundationToolz"
  GetLaid:
    :path: "../../GetLaid"
  SwiftObserver:
    :path: "../../SwiftObserver"
  SwiftyToolz:
    :path: "../../SwiftyToolz"
  UIObserver:
    :path: "../../UIObserver"
  UIToolz:
    :path: "../../UIToolz"

SPEC CHECKSUMS:
  FoundationToolz: 51894a074c2b80540097bb1e2e25cbfc7a7085ac
  GetLaid: 37e99591500bb3334a55b29f742dc2a4bdf3c325
  ReachabilitySwift: 4032e2f59586e11e3b0ebe15b167abdd587a388b
  SwiftObserver: 8df6b21e7f32f46ec0d37f7022b70ad62e297064
  SwiftyToolz: 63d64ac2deb633759682e167c1dc0bb227ce780d
  UIObserver: 29f793f867cd28cd238b11081732515764213e13
  UIToolz: 8787fe678aec107a129e5f57f4a4c583beeac074

PODFILE CHECKSUM: 16a24aa339b2a1775babdec8516df33617a92010

COCOAPODS: 1.8.4
