// !$*UTF8*$!
{
	archiveVersion = 1;
	classes = {
	};
	objectVersion = 52;
	objects = {

/* Begin PBXBuildFile section */
		960730B628982F3C008F1D7C /* Arrow.swift in Sources */ = {isa = PBXBuildFile; fileRef = 960730B528982F3C008F1D7C /* Arrow.swift */; };
		960A7AA428AB875100F334CA /* DependencyView.swift in Sources */ = {isa = PBXBuildFile; fileRef = 960A7AA328AB875100F334CA /* DependencyView.swift */; };
		960A7AAA28AB92AE00F334CA /* ArtifactHeaderView.swift in Sources */ = {isa = PBXBuildFile; fileRef = 960A7AA928AB92AE00F334CA /* ArtifactHeaderView.swift */; };
		960A7AAC28ABB07800F334CA /* TreeMap.swift in Sources */ = {isa = PBXBuildFile; fileRef = 960A7AAB28ABB07800F334CA /* TreeMap.swift */; };
		960A7AAE28ABB0A000F334CA /* CodeView.swift in Sources */ = {isa = PBXBuildFile; fileRef = 960A7AAD28ABB0A000F334CA /* CodeView.swift */; };
		960BBE9629004F9000F9DC2A /* LSPServiceHint.swift in Sources */ = {isa = PBXBuildFile; fileRef = 960BBE9529004F9000F9DC2A /* LSPServiceHint.swift */; };
		96106E5A2962DEAD0002F13C /* SwiftNodes in Frameworks */ = {isa = PBXBuildFile; productRef = 96106E592962DEAD0002F13C /* SwiftNodes */; };
		96106E5B2962DED10002F13C /* Metrics.swift in Sources */ = {isa = PBXBuildFile; fileRef = 96E134D32962DB8000DF8A43 /* Metrics.swift */; };
		96106E5C2962DED40002F13C /* CodeArtifactMetricsCache.swift in Sources */ = {isa = PBXBuildFile; fileRef = 96E134D42962DB8000DF8A43 /* CodeArtifactMetricsCache.swift */; };
		96106E5D2962DED90002F13C /* CodeFolderArtifact+DependencyMetrics.swift in Sources */ = {isa = PBXBuildFile; fileRef = 96E134D82962DB8000DF8A43 /* CodeFolderArtifact+DependencyMetrics.swift */; };
		96106E5E2962DEDD0002F13C /* CodeFolderArtifact+SizeMetrics.swift in Sources */ = {isa = PBXBuildFile; fileRef = 96E134D92962DB8000DF8A43 /* CodeFolderArtifact+SizeMetrics.swift */; };
		96106E602962DEEE0002F13C /* CodeFolderArtifact+LOCInCycles.swift in Sources */ = {isa = PBXBuildFile; fileRef = 96E134D62962DB8000DF8A43 /* CodeFolderArtifact+LOCInCycles.swift */; };
		96106E612962DEF20002F13C /* CodebaseLocationPersister.swift in Sources */ = {isa = PBXBuildFile; fileRef = 96E134E02962DB8000DF8A43 /* CodebaseLocationPersister.swift */; };
		96106E632962DF1C0002F13C /* CodeFileArtifact+CodeFile.swift in Sources */ = {isa = PBXBuildFile; fileRef = 96E134DC2962DB8000DF8A43 /* CodeFileArtifact+CodeFile.swift */; };
		96106E642962DF1C0002F13C /* CodeFolderArtifact+CodeFolder.swift in Sources */ = {isa = PBXBuildFile; fileRef = 96E134DE2962DB8000DF8A43 /* CodeFolderArtifact+CodeFolder.swift */; };
		96106E662962DF1C0002F13C /* CodeSymbolArtifact+CodeSymbol.swift in Sources */ = {isa = PBXBuildFile; fileRef = 96E134DF2962DB8000DF8A43 /* CodeSymbolArtifact+CodeSymbol.swift */; };
		9619A2B22966E57700863BC0 /* CodebaseAnalysis.swift in Sources */ = {isa = PBXBuildFile; fileRef = 9619A2B12966E57700863BC0 /* CodebaseAnalysis.swift */; };
		9619A2B42966E87C00863BC0 /* ProcessingFailureView.swift in Sources */ = {isa = PBXBuildFile; fileRef = 9619A2B32966E87C00863BC0 /* ProcessingFailureView.swift */; };
		9619A2B92967104E00863BC0 /* CodeArtifact+Metrics.swift in Sources */ = {isa = PBXBuildFile; fileRef = 9619A2B82967104E00863BC0 /* CodeArtifact+Metrics.swift */; };
		961D497529A26A8A00E95E99 /* RelativeFilePath.swift in Sources */ = {isa = PBXBuildFile; fileRef = 961D497429A26A8A00E95E99 /* RelativeFilePath.swift */; };
		961EFF32284FB8BC00DB7FE9 /* RootArtifactContentView.swift in Sources */ = {isa = PBXBuildFile; fileRef = 961EFF31284FB8BC00DB7FE9 /* RootArtifactContentView.swift */; };
		9625697729BA5E47002FB7CC /* SalesBar.swift in Sources */ = {isa = PBXBuildFile; fileRef = 9625697629BA5E47002FB7CC /* SalesBar.swift */; };
		9629D5AC29252A1E006B1E98 /* Client.swift in Sources */ = {isa = PBXBuildFile; fileRef = 96143F0E290EDC32008CA3C2 /* Client.swift */; };
		9629D5AD29252A1E006B1E98 /* TestXPCExecutableForCodeface.swift in Sources */ = {isa = PBXBuildFile; fileRef = 96081CFB29223D9100A562BA /* TestXPCExecutableForCodeface.swift */; };
		9629D5AE29252A1E006B1E98 /* ServiceExportedInterface+Conveniences.swift in Sources */ = {isa = PBXBuildFile; fileRef = 96021333291D5CAB0082DEF4 /* ServiceExportedInterface+Conveniences.swift */; };
		9629D5B729252A2C006B1E98 /* XPCExecutableClientExportedInterface.swift in Sources */ = {isa = PBXBuildFile; fileRef = 966F39B7291C045900198B14 /* XPCExecutableClientExportedInterface.swift */; };
		9629D5B829252A2C006B1E98 /* XPCExecutableServiceExportedInterface.swift in Sources */ = {isa = PBXBuildFile; fileRef = 96143F00290ED68A008CA3C2 /* XPCExecutableServiceExportedInterface.swift */; };
		9629D5B929252A2C006B1E98 /* XPCExecutable.swift in Sources */ = {isa = PBXBuildFile; fileRef = 96021330291D3CCB0082DEF4 /* XPCExecutable.swift */; };
		9639C27228D761A000779BA5 /* DocumentWindowView.swift in Sources */ = {isa = PBXBuildFile; fileRef = 9639C27128D761A000779BA5 /* DocumentWindowView.swift */; };
		963AE38B28D505B9006E17F2 /* CodebaseFileDocument.swift in Sources */ = {isa = PBXBuildFile; fileRef = 963AE38A28D505B9006E17F2 /* CodebaseFileDocument.swift */; };
		964464B22951D4090004382F /* DisplayModePicker.swift in Sources */ = {isa = PBXBuildFile; fileRef = 964464B12951D4090004382F /* DisplayModePicker.swift */; };
		964464B6295201660004382F /* DocumentWindow.swift in Sources */ = {isa = PBXBuildFile; fileRef = 964464B5295200FC0004382F /* DocumentWindow.swift */; };
		964464B72952016E0004382F /* DisplayMode.swift in Sources */ = {isa = PBXBuildFile; fileRef = 964464B4295200FC0004382F /* DisplayMode.swift */; };
		964464BE295204DB0004382F /* CodebaseAnalysisContentPanel.swift in Sources */ = {isa = PBXBuildFile; fileRef = 964464BD295204DB0004382F /* CodebaseAnalysisContentPanel.swift */; };
		964464BF295204F70004382F /* PathBar.swift in Sources */ = {isa = PBXBuildFile; fileRef = 964464BA295204900004382F /* PathBar.swift */; };
		964464C02952052C0004382F /* CodebaseProcessor.swift in Sources */ = {isa = PBXBuildFile; fileRef = 964464BB295204900004382F /* CodebaseProcessor.swift */; };
		9656A69F25287F0D00D4CF26 /* SwiftyToolz in Frameworks */ = {isa = PBXBuildFile; productRef = 9656A69E25287F0D00D4CF26 /* SwiftyToolz */; };
		965795AE2954652C00CB9F3F /* EmptyProcesorView.swift in Sources */ = {isa = PBXBuildFile; fileRef = 965795AD2954652C00CB9F3F /* EmptyProcesorView.swift */; };
		965795B12954687300CB9F3F /* CodebaseProcessorState.swift in Sources */ = {isa = PBXBuildFile; fileRef = 965795B02954687300CB9F3F /* CodebaseProcessorState.swift */; };
		965795B32954697700CB9F3F /* Search.swift in Sources */ = {isa = PBXBuildFile; fileRef = 965795B22954697700CB9F3F /* Search.swift */; };
		965A7AD92964A319006C5A3A /* CodebaseProcessorSteps.swift in Sources */ = {isa = PBXBuildFile; fileRef = 965A7AD82964A319006C5A3A /* CodebaseProcessorSteps.swift */; };
		966F39AC291BF32600198B14 /* SwiftyToolz in Frameworks */ = {isa = PBXBuildFile; productRef = 966F39AB291BF32600198B14 /* SwiftyToolz */; };
		966F39AE291BF42900198B14 /* SwiftLSP in Frameworks */ = {isa = PBXBuildFile; productRef = 966F39AD291BF42900198B14 /* SwiftLSP */; };
		966F39B1291BF54F00198B14 /* FoundationToolz in Frameworks */ = {isa = PBXBuildFile; productRef = 966F39B0291BF54F00198B14 /* FoundationToolz */; };
		966F39B3291BF56200198B14 /* FoundationToolz in Frameworks */ = {isa = PBXBuildFile; productRef = 966F39B2291BF56200198B14 /* FoundationToolz */; };
		9675A0B7294CE1C900C784AA /* NavigationAndFocusPOCView.swift in Sources */ = {isa = PBXBuildFile; fileRef = 9675A0B6294CE1C900C784AA /* NavigationAndFocusPOCView.swift */; };
		96842F4629AF53E000FB0439 /* SecondaryToolbarButtons.swift in Sources */ = {isa = PBXBuildFile; fileRef = 96842F4529AF53E000FB0439 /* SecondaryToolbarButtons.swift */; };
		96842F4829AF541700FB0439 /* PrimaryToolbarButtons.swift in Sources */ = {isa = PBXBuildFile; fileRef = 96842F4729AF541700FB0439 /* PrimaryToolbarButtons.swift */; };
		9688065B297C25560075F8F3 /* CodeFolderArtifact+SortMetric.swift in Sources */ = {isa = PBXBuildFile; fileRef = 9688065A297C25560075F8F3 /* CodeFolderArtifact+SortMetric.swift */; };
		9688065F297C31A00075F8F3 /* CodeFolderArtifact+CalculateMetrics.swift in Sources */ = {isa = PBXBuildFile; fileRef = 9688065E297C31A00075F8F3 /* CodeFolderArtifact+CalculateMetrics.swift */; };
		968D9C0E28D4E99E000BE520 /* LoadingProgressView.swift in Sources */ = {isa = PBXBuildFile; fileRef = 968D9C0D28D4E99E000BE520 /* LoadingProgressView.swift */; };
		968EA5C328DCD24500FE8A9B /* CodebaseProcessorView.swift in Sources */ = {isa = PBXBuildFile; fileRef = 968EA5C228DCD24500FE8A9B /* CodebaseProcessorView.swift */; };
		9694D6E129BB796C00BBDA31 /* StoreKit.framework in Frameworks */ = {isa = PBXBuildFile; fileRef = 9694D6E029BB796C00BBDA31 /* StoreKit.framework */; };
		969A9BF229B1E60C00D391AD /* ArtifactViewModel+BorderColor.swift in Sources */ = {isa = PBXBuildFile; fileRef = 969A9BF129B1E60C00D391AD /* ArtifactViewModel+BorderColor.swift */; };
		96C2118C28E347F0008024AA /* CombineObserver in Frameworks */ = {isa = PBXBuildFile; productRef = 96C2118B28E347F0008024AA /* CombineObserver */; };
		96C2118E28E347F0008024AA /* SwiftObserver in Frameworks */ = {isa = PBXBuildFile; productRef = 96C2118D28E347F0008024AA /* SwiftObserver */; };
		96CA360628E0F92800D71370 /* LSPServiceKit in Frameworks */ = {isa = PBXBuildFile; productRef = 96CA360528E0F92800D71370 /* LSPServiceKit */; };
		96CFBB3628B582D20051C318 /* ArtifactViewModel+SwiftUI.swift in Sources */ = {isa = PBXBuildFile; fileRef = 96CFBB3528B582D20051C318 /* ArtifactViewModel+SwiftUI.swift */; };
		96D59CC1294AB82D003C55B5 /* SearchBarView.swift in Sources */ = {isa = PBXBuildFile; fileRef = 96D59CC0294AB82D003C55B5 /* SearchBarView.swift */; };
		96D59CC3294AB895003C55B5 /* CodebaseCentralView.swift in Sources */ = {isa = PBXBuildFile; fileRef = 96D59CC2294AB895003C55B5 /* CodebaseCentralView.swift */; };
		96D59CC5294AB8DE003C55B5 /* CodebaseInspectorView.swift in Sources */ = {isa = PBXBuildFile; fileRef = 96D59CC4294AB8DE003C55B5 /* CodebaseInspectorView.swift */; };
		96D59CC7294AB9F8003C55B5 /* ArchitectureAnalysisView.swift in Sources */ = {isa = PBXBuildFile; fileRef = 96D59CC6294AB9F8003C55B5 /* ArchitectureAnalysisView.swift */; };
		96D59CC9294ABB13003C55B5 /* CodebaseNavigatorView.swift in Sources */ = {isa = PBXBuildFile; fileRef = 96D59CC8294ABB13003C55B5 /* CodebaseNavigatorView.swift */; };
		96D59CCB294ABC1F003C55B5 /* DoubleSidebarView.swift in Sources */ = {isa = PBXBuildFile; fileRef = 96D59CCA294ABC1F003C55B5 /* DoubleSidebarView.swift */; };
		96D59CD2294AC36A003C55B5 /* HelpLink.swift in Sources */ = {isa = PBXBuildFile; fileRef = 96D59CD1294AC36A003C55B5 /* HelpLink.swift */; };
		96D8DB1D28A1503C00B84B45 /* PathBarView.swift in Sources */ = {isa = PBXBuildFile; fileRef = 96D8DB1C28A1503C00B84B45 /* PathBarView.swift */; };
		96DC635528E100D900DD5BEB /* SwiftLSP in Frameworks */ = {isa = PBXBuildFile; productRef = 96DC635428E100D900DD5BEB /* SwiftLSP */; };
		96E135032962DD4900DF8A43 /* ArtifactViewModel.swift in Sources */ = {isa = PBXBuildFile; fileRef = 96E134F82962DC2200DF8A43 /* ArtifactViewModel.swift */; };
		96E135042962DD5500DF8A43 /* ArtifactViewModel+Hashable.swift in Sources */ = {isa = PBXBuildFile; fileRef = 96E134F92962DC2300DF8A43 /* ArtifactViewModel+Hashable.swift */; };
		96E135052962DD5900DF8A43 /* ArtifactViewModel+AddDependencies.swift in Sources */ = {isa = PBXBuildFile; fileRef = 96E134FE2962DC2300DF8A43 /* ArtifactViewModel+AddDependencies.swift */; };
		96E135062962DD5900DF8A43 /* ArtifactViewModel+Search.swift in Sources */ = {isa = PBXBuildFile; fileRef = 96E134FA2962DC2300DF8A43 /* ArtifactViewModel+Search.swift */; };
		96E135072962DD5900DF8A43 /* ArtifactViewModel+Layout.swift in Sources */ = {isa = PBXBuildFile; fileRef = 96E134FD2962DC2300DF8A43 /* ArtifactViewModel+Layout.swift */; };
		96E135082962DD5900DF8A43 /* ArtifactViewModel+LayoutArtifacts.swift in Sources */ = {isa = PBXBuildFile; fileRef = 96E134FC2962DC2300DF8A43 /* ArtifactViewModel+LayoutArtifacts.swift */; };
		96E135092962DD5900DF8A43 /* ArtifactViewModel+LayoutDependencies.swift in Sources */ = {isa = PBXBuildFile; fileRef = 96E134FB2962DC2300DF8A43 /* ArtifactViewModel+LayoutDependencies.swift */; };
		96E1350A2962DD6200DF8A43 /* CodeFolder+File System.swift in Sources */ = {isa = PBXBuildFile; fileRef = 96E134E52962DC2200DF8A43 /* CodeFolder+File System.swift */; };
		96E1350B2962DD6200DF8A43 /* CodeFolder+LSP Server.swift in Sources */ = {isa = PBXBuildFile; fileRef = 96E134E32962DC2200DF8A43 /* CodeFolder+LSP Server.swift */; };
		96E1350C2962DD6200DF8A43 /* CodeFolder.swift in Sources */ = {isa = PBXBuildFile; fileRef = 96E134E42962DC2200DF8A43 /* CodeFolder.swift */; };
		96E1350E2962DD6700DF8A43 /* CodeSymbol.swift in Sources */ = {isa = PBXBuildFile; fileRef = 96E134E82962DC2200DF8A43 /* CodeSymbol.swift */; };
		96E1350F2962DD6C00DF8A43 /* CodeFile.swift in Sources */ = {isa = PBXBuildFile; fileRef = 96E134EA2962DC2200DF8A43 /* CodeFile.swift */; };
		96E135102962DD7A00DF8A43 /* CodeFileArtifact.swift in Sources */ = {isa = PBXBuildFile; fileRef = 96E134ED2962DC2200DF8A43 /* CodeFileArtifact.swift */; };
		96E135112962DD7A00DF8A43 /* CodeSymbolArtifact.swift in Sources */ = {isa = PBXBuildFile; fileRef = 96E134EE2962DC2200DF8A43 /* CodeSymbolArtifact.swift */; };
		96E135132962DD7A00DF8A43 /* CodeArtifact.swift in Sources */ = {isa = PBXBuildFile; fileRef = 96E134F62962DC2200DF8A43 /* CodeArtifact.swift */; };
		96E135142962DD7A00DF8A43 /* CodeFolderArtifact.swift in Sources */ = {isa = PBXBuildFile; fileRef = 96E134F52962DC2200DF8A43 /* CodeFolderArtifact.swift */; };
		96E135152962DD7F00DF8A43 /* GraphNode+Sorting.swift in Sources */ = {isa = PBXBuildFile; fileRef = 96E134F12962DC2200DF8A43 /* GraphNode+Sorting.swift */; };
		96E135162962DD7F00DF8A43 /* CodeSymbolArtifact+CodeArtifact.swift in Sources */ = {isa = PBXBuildFile; fileRef = 96E134F22962DC2200DF8A43 /* CodeSymbolArtifact+CodeArtifact.swift */; };
		96E135172962DD7F00DF8A43 /* CodeFolderArtifact+CodeArtifact.swift in Sources */ = {isa = PBXBuildFile; fileRef = 96E134F02962DC2200DF8A43 /* CodeFolderArtifact+CodeArtifact.swift */; };
		96E135182962DD7F00DF8A43 /* CodeFileArtifact+CodeArtifact.swift in Sources */ = {isa = PBXBuildFile; fileRef = 96E134F32962DC2200DF8A43 /* CodeFileArtifact+CodeArtifact.swift */; };
		96E479D028359C9900762FD7 /* AnimatableLine.swift in Sources */ = {isa = PBXBuildFile; fileRef = 96E479CF28359C9900762FD7 /* AnimatableLine.swift */; };
		96E479D228359CCE00762FD7 /* ArtifactView.swift in Sources */ = {isa = PBXBuildFile; fileRef = 96E479D128359CCE00762FD7 /* ArtifactView.swift */; };
		96E479DD2835B36C00762FD7 /* SidebarLabel.swift in Sources */ = {isa = PBXBuildFile; fileRef = 96E479DC2835B36C00762FD7 /* SidebarLabel.swift */; };
		96E5A9C329BCC87200B0A913 /* AppStoreClient+Codeface.swift in Sources */ = {isa = PBXBuildFile; fileRef = 96E5A9C229BCC87200B0A913 /* AppStoreClient+Codeface.swift */; };
		96EA394F282C2AF2002B033E /* ArtifactContentView.swift in Sources */ = {isa = PBXBuildFile; fileRef = 96EA394E282C2AF2002B033E /* ArtifactContentView.swift */; };
		96EB5997294628390050254E /* SearchField.swift in Sources */ = {isa = PBXBuildFile; fileRef = 96EB5996294628390050254E /* SearchField.swift */; };
		96F5E7F02957191E00181473 /* ConcurrencyPOC.swift in Sources */ = {isa = PBXBuildFile; fileRef = 96F5E7EF2957191E00181473 /* ConcurrencyPOC.swift */; };
		96FC8C3F284BEB9000AD7DD2 /* CodebaseLocator.swift in Sources */ = {isa = PBXBuildFile; fileRef = 96FC8C3E284BEB9000AD7DD2 /* CodebaseLocator.swift */; };
		96FDA72C29BCABCC0020A48F /* AppStoreClient.swift in Sources */ = {isa = PBXBuildFile; fileRef = 96FDA72B29BCABCC0020A48F /* AppStoreClient.swift */; };
		96FF8A43294E9FE500D06E36 /* SwiftUIToolzOLD in Frameworks */ = {isa = PBXBuildFile; productRef = 96FF8A42294E9FE500D06E36 /* SwiftUIToolzOLD */; };
		96FF8A45294F876100D06E36 /* ContentViewStyle.swift in Sources */ = {isa = PBXBuildFile; fileRef = 96FF8A44294F876100D06E36 /* ContentViewStyle.swift */; };
		9E007283218E250E0094BD1C /* CodefaceApp.swift in Sources */ = {isa = PBXBuildFile; fileRef = 9E00727C218E250E0094BD1C /* CodefaceApp.swift */; };
		9E95A709218C73CA009A58A9 /* Assets.xcassets in Resources */ = {isa = PBXBuildFile; fileRef = 9E95A708218C73CA009A58A9 /* Assets.xcassets */; };
		9E95A718218C73CA009A58A9 /* CodefaceTests.swift in Sources */ = {isa = PBXBuildFile; fileRef = 9E95A717218C73CA009A58A9 /* CodefaceTests.swift */; };
/* End PBXBuildFile section */

/* Begin PBXContainerItemProxy section */
		9E95A714218C73CA009A58A9 /* PBXContainerItemProxy */ = {
			isa = PBXContainerItemProxy;
			containerPortal = 9E95A6FB218C73C7009A58A9 /* Project object */;
			proxyType = 1;
			remoteGlobalIDString = 9E95A702218C73C7009A58A9;
			remoteInfo = Cocoalytics;
		};
/* End PBXContainerItemProxy section */

/* Begin PBXCopyFilesBuildPhase section */
		9E984A2A219F28C300AFE752 /* Embed Frameworks */ = {
			isa = PBXCopyFilesBuildPhase;
			buildActionMask = 2147483647;
			dstPath = "";
			dstSubfolderSpec = 10;
			files = (
			);
			name = "Embed Frameworks";
			runOnlyForDeploymentPostprocessing = 0;
		};
/* End PBXCopyFilesBuildPhase section */

/* Begin PBXFileReference section */
		96021330291D3CCB0082DEF4 /* XPCExecutable.swift */ = {isa = PBXFileReference; lastKnownFileType = sourcecode.swift; path = XPCExecutable.swift; sourceTree = "<group>"; };
		96021333291D5CAB0082DEF4 /* ServiceExportedInterface+Conveniences.swift */ = {isa = PBXFileReference; lastKnownFileType = sourcecode.swift; path = "ServiceExportedInterface+Conveniences.swift"; sourceTree = "<group>"; };
		960730B528982F3C008F1D7C /* Arrow.swift */ = {isa = PBXFileReference; lastKnownFileType = sourcecode.swift; path = Arrow.swift; sourceTree = "<group>"; };
		96081CFB29223D9100A562BA /* TestXPCExecutableForCodeface.swift */ = {isa = PBXFileReference; lastKnownFileType = sourcecode.swift; path = TestXPCExecutableForCodeface.swift; sourceTree = "<group>"; };
		96081CFD292242E100A562BA /* RunProcessServiceTest.swift */ = {isa = PBXFileReference; lastKnownFileType = sourcecode.swift; path = RunProcessServiceTest.swift; sourceTree = "<group>"; };
		96081D072922475700A562BA /* ProcessServiceTestMain.swift */ = {isa = PBXFileReference; lastKnownFileType = sourcecode.swift; path = ProcessServiceTestMain.swift; sourceTree = "<group>"; };
		960A7AA328AB875100F334CA /* DependencyView.swift */ = {isa = PBXFileReference; lastKnownFileType = sourcecode.swift; path = DependencyView.swift; sourceTree = "<group>"; };
		960A7AA928AB92AE00F334CA /* ArtifactHeaderView.swift */ = {isa = PBXFileReference; lastKnownFileType = sourcecode.swift; path = ArtifactHeaderView.swift; sourceTree = "<group>"; };
		960A7AAB28ABB07800F334CA /* TreeMap.swift */ = {isa = PBXFileReference; lastKnownFileType = sourcecode.swift; path = TreeMap.swift; sourceTree = "<group>"; };
		960A7AAD28ABB0A000F334CA /* CodeView.swift */ = {isa = PBXFileReference; lastKnownFileType = sourcecode.swift; path = CodeView.swift; sourceTree = "<group>"; };
		960BBE9529004F9000F9DC2A /* LSPServiceHint.swift */ = {isa = PBXFileReference; lastKnownFileType = sourcecode.swift; path = LSPServiceHint.swift; sourceTree = "<group>"; };
		96143EFE290ED68A008CA3C2 /* CodefaceHelper.xpc */ = {isa = PBXFileReference; explicitFileType = "wrapper.xpc-service"; includeInIndex = 0; path = CodefaceHelper.xpc; sourceTree = BUILT_PRODUCTS_DIR; };
		96143F00290ED68A008CA3C2 /* XPCExecutableServiceExportedInterface.swift */ = {isa = PBXFileReference; lastKnownFileType = sourcecode.swift; path = XPCExecutableServiceExportedInterface.swift; sourceTree = "<group>"; };
		96143F02290ED68A008CA3C2 /* Service.swift */ = {isa = PBXFileReference; lastKnownFileType = sourcecode.swift; path = Service.swift; sourceTree = "<group>"; };
		96143F04290ED68A008CA3C2 /* Service+main.swift */ = {isa = PBXFileReference; lastKnownFileType = sourcecode.swift; path = "Service+main.swift"; sourceTree = "<group>"; };
		96143F06290ED68A008CA3C2 /* Info.plist */ = {isa = PBXFileReference; lastKnownFileType = text.plist.xml; path = Info.plist; sourceTree = "<group>"; };
		96143F0E290EDC32008CA3C2 /* Client.swift */ = {isa = PBXFileReference; lastKnownFileType = sourcecode.swift; path = Client.swift; sourceTree = "<group>"; };
		9619A2B12966E57700863BC0 /* CodebaseAnalysis.swift */ = {isa = PBXFileReference; lastKnownFileType = sourcecode.swift; path = CodebaseAnalysis.swift; sourceTree = "<group>"; };
		9619A2B32966E87C00863BC0 /* ProcessingFailureView.swift */ = {isa = PBXFileReference; lastKnownFileType = sourcecode.swift; path = ProcessingFailureView.swift; sourceTree = "<group>"; };
		9619A2B82967104E00863BC0 /* CodeArtifact+Metrics.swift */ = {isa = PBXFileReference; lastKnownFileType = sourcecode.swift; path = "CodeArtifact+Metrics.swift"; sourceTree = "<group>"; };
		961D497429A26A8A00E95E99 /* RelativeFilePath.swift */ = {isa = PBXFileReference; lastKnownFileType = sourcecode.swift; path = RelativeFilePath.swift; sourceTree = "<group>"; };
		961EFF31284FB8BC00DB7FE9 /* RootArtifactContentView.swift */ = {isa = PBXFileReference; lastKnownFileType = sourcecode.swift; path = RootArtifactContentView.swift; sourceTree = "<group>"; };
		9625697629BA5E47002FB7CC /* SalesBar.swift */ = {isa = PBXFileReference; lastKnownFileType = sourcecode.swift; path = SalesBar.swift; sourceTree = "<group>"; };
		9639C27128D761A000779BA5 /* DocumentWindowView.swift */ = {isa = PBXFileReference; lastKnownFileType = sourcecode.swift; path = DocumentWindowView.swift; sourceTree = "<group>"; };
		963AE38A28D505B9006E17F2 /* CodebaseFileDocument.swift */ = {isa = PBXFileReference; lastKnownFileType = sourcecode.swift; path = CodebaseFileDocument.swift; sourceTree = "<group>"; };
		964464B12951D4090004382F /* DisplayModePicker.swift */ = {isa = PBXFileReference; lastKnownFileType = sourcecode.swift; path = DisplayModePicker.swift; sourceTree = "<group>"; };
		964464B4295200FC0004382F /* DisplayMode.swift */ = {isa = PBXFileReference; lastKnownFileType = sourcecode.swift; path = DisplayMode.swift; sourceTree = "<group>"; };
		964464B5295200FC0004382F /* DocumentWindow.swift */ = {isa = PBXFileReference; lastKnownFileType = sourcecode.swift; path = DocumentWindow.swift; sourceTree = "<group>"; };
		964464BA295204900004382F /* PathBar.swift */ = {isa = PBXFileReference; lastKnownFileType = sourcecode.swift; path = PathBar.swift; sourceTree = "<group>"; };
		964464BB295204900004382F /* CodebaseProcessor.swift */ = {isa = PBXFileReference; lastKnownFileType = sourcecode.swift; path = CodebaseProcessor.swift; sourceTree = "<group>"; };
		964464BD295204DB0004382F /* CodebaseAnalysisContentPanel.swift */ = {isa = PBXFileReference; lastKnownFileType = sourcecode.swift; path = CodebaseAnalysisContentPanel.swift; sourceTree = "<group>"; };
		965795AD2954652C00CB9F3F /* EmptyProcesorView.swift */ = {isa = PBXFileReference; lastKnownFileType = sourcecode.swift; path = EmptyProcesorView.swift; sourceTree = "<group>"; };
		965795B02954687300CB9F3F /* CodebaseProcessorState.swift */ = {isa = PBXFileReference; lastKnownFileType = sourcecode.swift; path = CodebaseProcessorState.swift; sourceTree = "<group>"; };
		965795B22954697700CB9F3F /* Search.swift */ = {isa = PBXFileReference; lastKnownFileType = sourcecode.swift; path = Search.swift; sourceTree = "<group>"; };
		965A7AD82964A319006C5A3A /* CodebaseProcessorSteps.swift */ = {isa = PBXFileReference; lastKnownFileType = sourcecode.swift; path = CodebaseProcessorSteps.swift; sourceTree = "<group>"; };
		966F39B7291C045900198B14 /* XPCExecutableClientExportedInterface.swift */ = {isa = PBXFileReference; lastKnownFileType = sourcecode.swift; path = XPCExecutableClientExportedInterface.swift; sourceTree = "<group>"; };
		9675A0B6294CE1C900C784AA /* NavigationAndFocusPOCView.swift */ = {isa = PBXFileReference; lastKnownFileType = sourcecode.swift; path = NavigationAndFocusPOCView.swift; sourceTree = "<group>"; };
		96842F4529AF53E000FB0439 /* SecondaryToolbarButtons.swift */ = {isa = PBXFileReference; lastKnownFileType = sourcecode.swift; path = SecondaryToolbarButtons.swift; sourceTree = "<group>"; };
		96842F4729AF541700FB0439 /* PrimaryToolbarButtons.swift */ = {isa = PBXFileReference; lastKnownFileType = sourcecode.swift; path = PrimaryToolbarButtons.swift; sourceTree = "<group>"; };
		9688065A297C25560075F8F3 /* CodeFolderArtifact+SortMetric.swift */ = {isa = PBXFileReference; lastKnownFileType = sourcecode.swift; path = "CodeFolderArtifact+SortMetric.swift"; sourceTree = "<group>"; };
		9688065E297C31A00075F8F3 /* CodeFolderArtifact+CalculateMetrics.swift */ = {isa = PBXFileReference; lastKnownFileType = sourcecode.swift; path = "CodeFolderArtifact+CalculateMetrics.swift"; sourceTree = "<group>"; };
		968D9C0D28D4E99E000BE520 /* LoadingProgressView.swift */ = {isa = PBXFileReference; lastKnownFileType = sourcecode.swift; path = LoadingProgressView.swift; sourceTree = "<group>"; };
		968EA5C228DCD24500FE8A9B /* CodebaseProcessorView.swift */ = {isa = PBXFileReference; lastKnownFileType = sourcecode.swift; path = CodebaseProcessorView.swift; sourceTree = "<group>"; };
		9694D6E029BB796C00BBDA31 /* StoreKit.framework */ = {isa = PBXFileReference; lastKnownFileType = wrapper.framework; name = StoreKit.framework; path = System/Library/Frameworks/StoreKit.framework; sourceTree = SDKROOT; };
		969A9BF129B1E60C00D391AD /* ArtifactViewModel+BorderColor.swift */ = {isa = PBXFileReference; lastKnownFileType = sourcecode.swift; path = "ArtifactViewModel+BorderColor.swift"; sourceTree = "<group>"; };
		96CFBB3528B582D20051C318 /* ArtifactViewModel+SwiftUI.swift */ = {isa = PBXFileReference; lastKnownFileType = sourcecode.swift; path = "ArtifactViewModel+SwiftUI.swift"; sourceTree = "<group>"; };
		96D59CC0294AB82D003C55B5 /* SearchBarView.swift */ = {isa = PBXFileReference; lastKnownFileType = sourcecode.swift; path = SearchBarView.swift; sourceTree = "<group>"; };
		96D59CC2294AB895003C55B5 /* CodebaseCentralView.swift */ = {isa = PBXFileReference; lastKnownFileType = sourcecode.swift; path = CodebaseCentralView.swift; sourceTree = "<group>"; };
		96D59CC4294AB8DE003C55B5 /* CodebaseInspectorView.swift */ = {isa = PBXFileReference; lastKnownFileType = sourcecode.swift; path = CodebaseInspectorView.swift; sourceTree = "<group>"; };
		96D59CC6294AB9F8003C55B5 /* ArchitectureAnalysisView.swift */ = {isa = PBXFileReference; lastKnownFileType = sourcecode.swift; path = ArchitectureAnalysisView.swift; sourceTree = "<group>"; };
		96D59CC8294ABB13003C55B5 /* CodebaseNavigatorView.swift */ = {isa = PBXFileReference; lastKnownFileType = sourcecode.swift; path = CodebaseNavigatorView.swift; sourceTree = "<group>"; };
		96D59CCA294ABC1F003C55B5 /* DoubleSidebarView.swift */ = {isa = PBXFileReference; lastKnownFileType = sourcecode.swift; path = DoubleSidebarView.swift; sourceTree = "<group>"; };
		96D59CD1294AC36A003C55B5 /* HelpLink.swift */ = {isa = PBXFileReference; lastKnownFileType = sourcecode.swift; path = HelpLink.swift; sourceTree = "<group>"; };
		96D8DB1C28A1503C00B84B45 /* PathBarView.swift */ = {isa = PBXFileReference; lastKnownFileType = sourcecode.swift; path = PathBarView.swift; sourceTree = "<group>"; };
		96E134D32962DB8000DF8A43 /* Metrics.swift */ = {isa = PBXFileReference; lastKnownFileType = sourcecode.swift; path = Metrics.swift; sourceTree = "<group>"; };
		96E134D42962DB8000DF8A43 /* CodeArtifactMetricsCache.swift */ = {isa = PBXFileReference; lastKnownFileType = sourcecode.swift; path = CodeArtifactMetricsCache.swift; sourceTree = "<group>"; };
		96E134D62962DB8000DF8A43 /* CodeFolderArtifact+LOCInCycles.swift */ = {isa = PBXFileReference; lastKnownFileType = sourcecode.swift; path = "CodeFolderArtifact+LOCInCycles.swift"; sourceTree = "<group>"; };
		96E134D82962DB8000DF8A43 /* CodeFolderArtifact+DependencyMetrics.swift */ = {isa = PBXFileReference; lastKnownFileType = sourcecode.swift; path = "CodeFolderArtifact+DependencyMetrics.swift"; sourceTree = "<group>"; };
		96E134D92962DB8000DF8A43 /* CodeFolderArtifact+SizeMetrics.swift */ = {isa = PBXFileReference; lastKnownFileType = sourcecode.swift; path = "CodeFolderArtifact+SizeMetrics.swift"; sourceTree = "<group>"; };
		96E134DC2962DB8000DF8A43 /* CodeFileArtifact+CodeFile.swift */ = {isa = PBXFileReference; lastKnownFileType = sourcecode.swift; path = "CodeFileArtifact+CodeFile.swift"; sourceTree = "<group>"; };
		96E134DE2962DB8000DF8A43 /* CodeFolderArtifact+CodeFolder.swift */ = {isa = PBXFileReference; lastKnownFileType = sourcecode.swift; path = "CodeFolderArtifact+CodeFolder.swift"; sourceTree = "<group>"; };
		96E134DF2962DB8000DF8A43 /* CodeSymbolArtifact+CodeSymbol.swift */ = {isa = PBXFileReference; lastKnownFileType = sourcecode.swift; path = "CodeSymbolArtifact+CodeSymbol.swift"; sourceTree = "<group>"; };
		96E134E02962DB8000DF8A43 /* CodebaseLocationPersister.swift */ = {isa = PBXFileReference; lastKnownFileType = sourcecode.swift; path = CodebaseLocationPersister.swift; sourceTree = "<group>"; };
		96E134E32962DC2200DF8A43 /* CodeFolder+LSP Server.swift */ = {isa = PBXFileReference; lastKnownFileType = sourcecode.swift; path = "CodeFolder+LSP Server.swift"; sourceTree = "<group>"; };
		96E134E42962DC2200DF8A43 /* CodeFolder.swift */ = {isa = PBXFileReference; lastKnownFileType = sourcecode.swift; path = CodeFolder.swift; sourceTree = "<group>"; };
		96E134E52962DC2200DF8A43 /* CodeFolder+File System.swift */ = {isa = PBXFileReference; lastKnownFileType = sourcecode.swift; path = "CodeFolder+File System.swift"; sourceTree = "<group>"; };
		96E134E82962DC2200DF8A43 /* CodeSymbol.swift */ = {isa = PBXFileReference; lastKnownFileType = sourcecode.swift; path = CodeSymbol.swift; sourceTree = "<group>"; };
		96E134EA2962DC2200DF8A43 /* CodeFile.swift */ = {isa = PBXFileReference; lastKnownFileType = sourcecode.swift; path = CodeFile.swift; sourceTree = "<group>"; };
		96E134ED2962DC2200DF8A43 /* CodeFileArtifact.swift */ = {isa = PBXFileReference; lastKnownFileType = sourcecode.swift; path = CodeFileArtifact.swift; sourceTree = "<group>"; };
		96E134EE2962DC2200DF8A43 /* CodeSymbolArtifact.swift */ = {isa = PBXFileReference; lastKnownFileType = sourcecode.swift; path = CodeSymbolArtifact.swift; sourceTree = "<group>"; };
		96E134F02962DC2200DF8A43 /* CodeFolderArtifact+CodeArtifact.swift */ = {isa = PBXFileReference; lastKnownFileType = sourcecode.swift; path = "CodeFolderArtifact+CodeArtifact.swift"; sourceTree = "<group>"; };
		96E134F12962DC2200DF8A43 /* GraphNode+Sorting.swift */ = {isa = PBXFileReference; lastKnownFileType = sourcecode.swift; path = "GraphNode+Sorting.swift"; sourceTree = "<group>"; };
		96E134F22962DC2200DF8A43 /* CodeSymbolArtifact+CodeArtifact.swift */ = {isa = PBXFileReference; lastKnownFileType = sourcecode.swift; path = "CodeSymbolArtifact+CodeArtifact.swift"; sourceTree = "<group>"; };
		96E134F32962DC2200DF8A43 /* CodeFileArtifact+CodeArtifact.swift */ = {isa = PBXFileReference; lastKnownFileType = sourcecode.swift; path = "CodeFileArtifact+CodeArtifact.swift"; sourceTree = "<group>"; };
		96E134F52962DC2200DF8A43 /* CodeFolderArtifact.swift */ = {isa = PBXFileReference; lastKnownFileType = sourcecode.swift; path = CodeFolderArtifact.swift; sourceTree = "<group>"; };
		96E134F62962DC2200DF8A43 /* CodeArtifact.swift */ = {isa = PBXFileReference; lastKnownFileType = sourcecode.swift; path = CodeArtifact.swift; sourceTree = "<group>"; };
		96E134F82962DC2200DF8A43 /* ArtifactViewModel.swift */ = {isa = PBXFileReference; lastKnownFileType = sourcecode.swift; path = ArtifactViewModel.swift; sourceTree = "<group>"; };
		96E134F92962DC2300DF8A43 /* ArtifactViewModel+Hashable.swift */ = {isa = PBXFileReference; lastKnownFileType = sourcecode.swift; path = "ArtifactViewModel+Hashable.swift"; sourceTree = "<group>"; };
		96E134FA2962DC2300DF8A43 /* ArtifactViewModel+Search.swift */ = {isa = PBXFileReference; lastKnownFileType = sourcecode.swift; path = "ArtifactViewModel+Search.swift"; sourceTree = "<group>"; };
		96E134FB2962DC2300DF8A43 /* ArtifactViewModel+LayoutDependencies.swift */ = {isa = PBXFileReference; lastKnownFileType = sourcecode.swift; path = "ArtifactViewModel+LayoutDependencies.swift"; sourceTree = "<group>"; };
		96E134FC2962DC2300DF8A43 /* ArtifactViewModel+LayoutArtifacts.swift */ = {isa = PBXFileReference; lastKnownFileType = sourcecode.swift; path = "ArtifactViewModel+LayoutArtifacts.swift"; sourceTree = "<group>"; };
		96E134FD2962DC2300DF8A43 /* ArtifactViewModel+Layout.swift */ = {isa = PBXFileReference; lastKnownFileType = sourcecode.swift; path = "ArtifactViewModel+Layout.swift"; sourceTree = "<group>"; };
		96E134FE2962DC2300DF8A43 /* ArtifactViewModel+AddDependencies.swift */ = {isa = PBXFileReference; lastKnownFileType = sourcecode.swift; path = "ArtifactViewModel+AddDependencies.swift"; sourceTree = "<group>"; };
		96E479CF28359C9900762FD7 /* AnimatableLine.swift */ = {isa = PBXFileReference; lastKnownFileType = sourcecode.swift; path = AnimatableLine.swift; sourceTree = "<group>"; };
		96E479D128359CCE00762FD7 /* ArtifactView.swift */ = {isa = PBXFileReference; lastKnownFileType = sourcecode.swift; path = ArtifactView.swift; sourceTree = "<group>"; };
		96E479DC2835B36C00762FD7 /* SidebarLabel.swift */ = {isa = PBXFileReference; lastKnownFileType = sourcecode.swift; path = SidebarLabel.swift; sourceTree = "<group>"; };
		96E5A9C229BCC87200B0A913 /* AppStoreClient+Codeface.swift */ = {isa = PBXFileReference; lastKnownFileType = sourcecode.swift; path = "AppStoreClient+Codeface.swift"; sourceTree = "<group>"; };
		96E5A9C629BD171A00B0A913 /* App Store Config.storekit */ = {isa = PBXFileReference; lastKnownFileType = text; path = "App Store Config.storekit"; sourceTree = "<group>"; };
		96EA394E282C2AF2002B033E /* ArtifactContentView.swift */ = {isa = PBXFileReference; lastKnownFileType = sourcecode.swift; path = ArtifactContentView.swift; sourceTree = "<group>"; };
		96EB5996294628390050254E /* SearchField.swift */ = {isa = PBXFileReference; lastKnownFileType = sourcecode.swift; path = SearchField.swift; sourceTree = "<group>"; };
		96EF44102912A64500EB93D1 /* CodefaceHelper.entitlements */ = {isa = PBXFileReference; lastKnownFileType = text.plist.entitlements; path = CodefaceHelper.entitlements; sourceTree = "<group>"; };
		96F5E7EF2957191E00181473 /* ConcurrencyPOC.swift */ = {isa = PBXFileReference; lastKnownFileType = sourcecode.swift; path = ConcurrencyPOC.swift; sourceTree = "<group>"; };
		96FC8C3E284BEB9000AD7DD2 /* CodebaseLocator.swift */ = {isa = PBXFileReference; lastKnownFileType = sourcecode.swift; path = CodebaseLocator.swift; sourceTree = "<group>"; };
		96FDA72B29BCABCC0020A48F /* AppStoreClient.swift */ = {isa = PBXFileReference; lastKnownFileType = sourcecode.swift; path = AppStoreClient.swift; sourceTree = "<group>"; };
		96FF8A44294F876100D06E36 /* ContentViewStyle.swift */ = {isa = PBXFileReference; lastKnownFileType = sourcecode.swift; path = ContentViewStyle.swift; sourceTree = "<group>"; };
		9E00727C218E250E0094BD1C /* CodefaceApp.swift */ = {isa = PBXFileReference; fileEncoding = 4; lastKnownFileType = sourcecode.swift; path = CodefaceApp.swift; sourceTree = "<group>"; };
		9E27839C229ECDF1006ACB18 /* Codeface.entitlements */ = {isa = PBXFileReference; lastKnownFileType = text.plist.entitlements; path = Codeface.entitlements; sourceTree = "<group>"; };
		9E95A703218C73C7009A58A9 /* Codeface.app */ = {isa = PBXFileReference; explicitFileType = wrapper.application; includeInIndex = 0; path = Codeface.app; sourceTree = BUILT_PRODUCTS_DIR; };
		9E95A708218C73CA009A58A9 /* Assets.xcassets */ = {isa = PBXFileReference; lastKnownFileType = folder.assetcatalog; path = Assets.xcassets; sourceTree = "<group>"; };
		9E95A70D218C73CA009A58A9 /* Info.plist */ = {isa = PBXFileReference; lastKnownFileType = text.plist.xml; path = Info.plist; sourceTree = "<group>"; };
		9E95A713218C73CA009A58A9 /* CodefaceTests.xctest */ = {isa = PBXFileReference; explicitFileType = wrapper.cfbundle; includeInIndex = 0; path = CodefaceTests.xctest; sourceTree = BUILT_PRODUCTS_DIR; };
		9E95A717218C73CA009A58A9 /* CodefaceTests.swift */ = {isa = PBXFileReference; lastKnownFileType = sourcecode.swift; path = CodefaceTests.swift; sourceTree = "<group>"; };
		9E95A719218C73CA009A58A9 /* Info.plist */ = {isa = PBXFileReference; lastKnownFileType = text.plist.xml; path = Info.plist; sourceTree = "<group>"; };
/* End PBXFileReference section */

/* Begin PBXFrameworksBuildPhase section */
		96143EFB290ED68A008CA3C2 /* Frameworks */ = {
			isa = PBXFrameworksBuildPhase;
			buildActionMask = 2147483647;
			files = (
				966F39B3291BF56200198B14 /* FoundationToolz in Frameworks */,
				966F39AE291BF42900198B14 /* SwiftLSP in Frameworks */,
				966F39AC291BF32600198B14 /* SwiftyToolz in Frameworks */,
			);
			runOnlyForDeploymentPostprocessing = 0;
		};
		9E95A700218C73C7009A58A9 /* Frameworks */ = {
			isa = PBXFrameworksBuildPhase;
			buildActionMask = 2147483647;
			files = (
				9694D6E129BB796C00BBDA31 /* StoreKit.framework in Frameworks */,
				96DC635528E100D900DD5BEB /* SwiftLSP in Frameworks */,
				96FF8A43294E9FE500D06E36 /* SwiftUIToolzOLD in Frameworks */,
				96C2118C28E347F0008024AA /* CombineObserver in Frameworks */,
				9656A69F25287F0D00D4CF26 /* SwiftyToolz in Frameworks */,
				966F39B1291BF54F00198B14 /* FoundationToolz in Frameworks */,
				96106E5A2962DEAD0002F13C /* SwiftNodes in Frameworks */,
				96CA360628E0F92800D71370 /* LSPServiceKit in Frameworks */,
				96C2118E28E347F0008024AA /* SwiftObserver in Frameworks */,
			);
			runOnlyForDeploymentPostprocessing = 0;
		};
		9E95A710218C73CA009A58A9 /* Frameworks */ = {
			isa = PBXFrameworksBuildPhase;
			buildActionMask = 2147483647;
			files = (
			);
			runOnlyForDeploymentPostprocessing = 0;
		};
/* End PBXFrameworksBuildPhase section */

/* Begin PBXGroup section */
		96081D06292243EB00A562BA /* ProcessServiceTest */ = {
			isa = PBXGroup;
			children = (
				96081CFD292242E100A562BA /* RunProcessServiceTest.swift */,
				96081D072922475700A562BA /* ProcessServiceTestMain.swift */,
			);
			path = ProcessServiceTest;
			sourceTree = "<group>";
		};
		96106E6729634D9B0002F13C /* Codebase */ = {
			isa = PBXGroup;
			children = (
				965A7AD52964992C006C5A3A /* Load */,
				96E134E42962DC2200DF8A43 /* CodeFolder.swift */,
				96E134EA2962DC2200DF8A43 /* CodeFile.swift */,
				96E134E82962DC2200DF8A43 /* CodeSymbol.swift */,
			);
			path = Codebase;
			sourceTree = "<group>";
		};
		96106E6B2963561F0002F13C /* Architecture View */ = {
			isa = PBXGroup;
			children = (
				960A7AAB28ABB07800F334CA /* TreeMap.swift */,
				961EFF31284FB8BC00DB7FE9 /* RootArtifactContentView.swift */,
				96EA394E282C2AF2002B033E /* ArtifactContentView.swift */,
				96E479D128359CCE00762FD7 /* ArtifactView.swift */,
				960A7AA928AB92AE00F334CA /* ArtifactHeaderView.swift */,
				960A7AA328AB875100F334CA /* DependencyView.swift */,
				96CFBB3528B582D20051C318 /* ArtifactViewModel+SwiftUI.swift */,
			);
			path = "Architecture View";
			sourceTree = "<group>";
		};
		96143EFF290ED68A008CA3C2 /* CodefaceHelper */ = {
			isa = PBXGroup;
			children = (
				96EF44102912A64500EB93D1 /* CodefaceHelper.entitlements */,
				96143F06290ED68A008CA3C2 /* Info.plist */,
			);
			path = CodefaceHelper;
			sourceTree = "<group>";
		};
		96143F11290EE1EA008CA3C2 /* Service */ = {
			isa = PBXGroup;
			children = (
				96143F04290ED68A008CA3C2 /* Service+main.swift */,
				96143F02290ED68A008CA3C2 /* Service.swift */,
			);
			path = Service;
			sourceTree = "<group>";
		};
		9619A2B72967101300863BC0 /* Metrics */ = {
			isa = PBXGroup;
			children = (
				9688065E297C31A00075F8F3 /* CodeFolderArtifact+CalculateMetrics.swift */,
				9688065A297C25560075F8F3 /* CodeFolderArtifact+SortMetric.swift */,
				96E134F12962DC2200DF8A43 /* GraphNode+Sorting.swift */,
				96E134D62962DB8000DF8A43 /* CodeFolderArtifact+LOCInCycles.swift */,
				96E134D82962DB8000DF8A43 /* CodeFolderArtifact+DependencyMetrics.swift */,
				96E134D92962DB8000DF8A43 /* CodeFolderArtifact+SizeMetrics.swift */,
				9619A2B82967104E00863BC0 /* CodeArtifact+Metrics.swift */,
				96E134D42962DB8000DF8A43 /* CodeArtifactMetricsCache.swift */,
				96E134D32962DB8000DF8A43 /* Metrics.swift */,
			);
			path = Metrics;
			sourceTree = "<group>";
		};
		961AAD642899C553001CFF67 /* Frameworks */ = {
			isa = PBXGroup;
			children = (
				9694D6E029BB796C00BBDA31 /* StoreKit.framework */,
			);
			name = Frameworks;
			sourceTree = "<group>";
		};
		961ED04E29744BE9008C542E /* Create from Codebase */ = {
			isa = PBXGroup;
			children = (
				96E134DE2962DB8000DF8A43 /* CodeFolderArtifact+CodeFolder.swift */,
				96E134DC2962DB8000DF8A43 /* CodeFileArtifact+CodeFile.swift */,
				96E134DF2962DB8000DF8A43 /* CodeSymbolArtifact+CodeSymbol.swift */,
			);
			path = "Create from Codebase";
			sourceTree = "<group>";
		};
		961ED04F29744C4C008C542E /* Code Artifact Conformance */ = {
			isa = PBXGroup;
			children = (
				96E134F02962DC2200DF8A43 /* CodeFolderArtifact+CodeArtifact.swift */,
				96E134F32962DC2200DF8A43 /* CodeFileArtifact+CodeArtifact.swift */,
				96E134F22962DC2200DF8A43 /* CodeSymbolArtifact+CodeArtifact.swift */,
			);
			path = "Code Artifact Conformance";
			sourceTree = "<group>";
		};
		961ED05029744CD4008C542E /* Concrete Code Artifacts */ = {
			isa = PBXGroup;
			children = (
				96E134F52962DC2200DF8A43 /* CodeFolderArtifact.swift */,
				96E134ED2962DC2200DF8A43 /* CodeFileArtifact.swift */,
				96E134EE2962DC2200DF8A43 /* CodeSymbolArtifact.swift */,
			);
			path = "Concrete Code Artifacts";
			sourceTree = "<group>";
		};
		9625697829BA5E59002FB7CC /* In App Purchase */ = {
			isa = PBXGroup;
			children = (
				9625697629BA5E47002FB7CC /* SalesBar.swift */,
				96E5A9C229BCC87200B0A913 /* AppStoreClient+Codeface.swift */,
				96FDA72B29BCABCC0020A48F /* AppStoreClient.swift */,
			);
			path = "In App Purchase";
			sourceTree = "<group>";
		};
		964464BC295204BC0004382F /* Top Panel */ = {
			isa = PBXGroup;
			children = (
				964464BD295204DB0004382F /* CodebaseAnalysisContentPanel.swift */,
				965A7AE02965A3E3006C5A3A /* Path Bar */,
				96D59CBF294AB811003C55B5 /* Search */,
			);
			path = "Top Panel";
			sourceTree = "<group>";
		};
		965795AF2954661700CB9F3F /* Display Mode */ = {
			isa = PBXGroup;
			children = (
				964464B12951D4090004382F /* DisplayModePicker.swift */,
				964464B4295200FC0004382F /* DisplayMode.swift */,
			);
			path = "Display Mode";
			sourceTree = "<group>";
		};
		965A7AD52964992C006C5A3A /* Load */ = {
			isa = PBXGroup;
			children = (
				963AE38A28D505B9006E17F2 /* CodebaseFileDocument.swift */,
				96E134E32962DC2200DF8A43 /* CodeFolder+LSP Server.swift */,
				96E134E52962DC2200DF8A43 /* CodeFolder+File System.swift */,
			);
			path = Load;
			sourceTree = "<group>";
		};
		965A7AD629649FB7006C5A3A /* Document Window */ = {
			isa = PBXGroup;
			children = (
				965A7ADE2964A6EE006C5A3A /* Document Window View */,
				964464B5295200FC0004382F /* DocumentWindow.swift */,
				96E134E02962DB8000DF8A43 /* CodebaseLocationPersister.swift */,
			);
			path = "Document Window";
			sourceTree = "<group>";
		};
		965A7AD72964A236006C5A3A /* Codebase Processor */ = {
			isa = PBXGroup;
			children = (
				965A7ADA2964A3F8006C5A3A /* Codebase Processor View */,
				965A7ADD2964A6B2006C5A3A /* Codebase Processor */,
			);
			path = "Codebase Processor";
			sourceTree = "<group>";
		};
		965A7ADA2964A3F8006C5A3A /* Codebase Processor View */ = {
			isa = PBXGroup;
			children = (
				968EA5C228DCD24500FE8A9B /* CodebaseProcessorView.swift */,
				965795AD2954652C00CB9F3F /* EmptyProcesorView.swift */,
				968D9C0D28D4E99E000BE520 /* LoadingProgressView.swift */,
				9619A2B32966E87C00863BC0 /* ProcessingFailureView.swift */,
			);
			path = "Codebase Processor View";
			sourceTree = "<group>";
		};
		965A7ADB2964A4E8006C5A3A /* Architecture Analysis */ = {
			isa = PBXGroup;
			children = (
				965A7AE42965D991006C5A3A /* Architecture Analysis View */,
				9619A2B12966E57700863BC0 /* CodebaseAnalysis.swift */,
				965795AF2954661700CB9F3F /* Display Mode */,
			);
			path = "Architecture Analysis";
			sourceTree = "<group>";
		};
		965A7ADC2964A541006C5A3A /* Central View */ = {
			isa = PBXGroup;
			children = (
				96D59CC2294AB895003C55B5 /* CodebaseCentralView.swift */,
				960BBE9529004F9000F9DC2A /* LSPServiceHint.swift */,
				96D59CD1294AC36A003C55B5 /* HelpLink.swift */,
				964464BC295204BC0004382F /* Top Panel */,
				96106E6B2963561F0002F13C /* Architecture View */,
				960A7AAD28ABB0A000F334CA /* CodeView.swift */,
				96FF8A44294F876100D06E36 /* ContentViewStyle.swift */,
			);
			path = "Central View";
			sourceTree = "<group>";
		};
		965A7ADD2964A6B2006C5A3A /* Codebase Processor */ = {
			isa = PBXGroup;
			children = (
				964464BB295204900004382F /* CodebaseProcessor.swift */,
				965A7AD82964A319006C5A3A /* CodebaseProcessorSteps.swift */,
				965795B02954687300CB9F3F /* CodebaseProcessorState.swift */,
			);
			path = "Codebase Processor";
			sourceTree = "<group>";
		};
		965A7ADE2964A6EE006C5A3A /* Document Window View */ = {
			isa = PBXGroup;
			children = (
				9639C27128D761A000779BA5 /* DocumentWindowView.swift */,
				96842F4729AF541700FB0439 /* PrimaryToolbarButtons.swift */,
				96842F4529AF53E000FB0439 /* SecondaryToolbarButtons.swift */,
				96FC8C3E284BEB9000AD7DD2 /* CodebaseLocator.swift */,
			);
			path = "Document Window View";
			sourceTree = "<group>";
		};
		965A7AE02965A3E3006C5A3A /* Path Bar */ = {
			isa = PBXGroup;
			children = (
				96D8DB1C28A1503C00B84B45 /* PathBarView.swift */,
				964464BA295204900004382F /* PathBar.swift */,
			);
			path = "Path Bar";
			sourceTree = "<group>";
		};
		965A7AE12965D89A006C5A3A /* Inspector View */ = {
			isa = PBXGroup;
			children = (
				96D59CC4294AB8DE003C55B5 /* CodebaseInspectorView.swift */,
			);
			path = "Inspector View";
			sourceTree = "<group>";
		};
		965A7AE42965D991006C5A3A /* Architecture Analysis View */ = {
			isa = PBXGroup;
			children = (
				96D59CC6294AB9F8003C55B5 /* ArchitectureAnalysisView.swift */,
				96D59CCD294ABD4C003C55B5 /* Navigator View */,
				965A7ADC2964A541006C5A3A /* Central View */,
				965A7AE12965D89A006C5A3A /* Inspector View */,
			);
			path = "Architecture Analysis View";
			sourceTree = "<group>";
		};
		966F39B4291C03DE00198B14 /* XPCExecutable */ = {
			isa = PBXGroup;
			children = (
				966F39B5291C040100198B14 /* Client */,
				96143F11290EE1EA008CA3C2 /* Service */,
				966F39B6291C042B00198B14 /* Shared */,
			);
			path = XPCExecutable;
			sourceTree = "<group>";
		};
		966F39B5291C040100198B14 /* Client */ = {
			isa = PBXGroup;
			children = (
				96081CFB29223D9100A562BA /* TestXPCExecutableForCodeface.swift */,
				96021333291D5CAB0082DEF4 /* ServiceExportedInterface+Conveniences.swift */,
				96143F0E290EDC32008CA3C2 /* Client.swift */,
			);
			path = Client;
			sourceTree = "<group>";
		};
		966F39B6291C042B00198B14 /* Shared */ = {
			isa = PBXGroup;
			children = (
				966F39B7291C045900198B14 /* XPCExecutableClientExportedInterface.swift */,
				96143F00290ED68A008CA3C2 /* XPCExecutableServiceExportedInterface.swift */,
				96021330291D3CCB0082DEF4 /* XPCExecutable.swift */,
			);
			path = Shared;
			sourceTree = "<group>";
		};
		96D59CBF294AB811003C55B5 /* Search */ = {
			isa = PBXGroup;
			children = (
				96D59CC0294AB82D003C55B5 /* SearchBarView.swift */,
				96EB5996294628390050254E /* SearchField.swift */,
				965795B22954697700CB9F3F /* Search.swift */,
			);
			path = Search;
			sourceTree = "<group>";
		};
		96D59CCD294ABD4C003C55B5 /* Navigator View */ = {
			isa = PBXGroup;
			children = (
				96D59CC8294ABB13003C55B5 /* CodebaseNavigatorView.swift */,
				96E479DC2835B36C00762FD7 /* SidebarLabel.swift */,
			);
			path = "Navigator View";
			sourceTree = "<group>";
		};
		96D59CD0294AC26F003C55B5 /* XPC Experiments */ = {
			isa = PBXGroup;
			children = (
				96081D06292243EB00A562BA /* ProcessServiceTest */,
				966F39B4291C03DE00198B14 /* XPCExecutable */,
			);
			path = "XPC Experiments";
			sourceTree = "<group>";
		};
		96E134E92962DC2200DF8A43 /* Architecture */ = {
			isa = PBXGroup;
			children = (
				9619A2B72967101300863BC0 /* Metrics */,
				961ED04F29744C4C008C542E /* Code Artifact Conformance */,
				961ED04E29744BE9008C542E /* Create from Codebase */,
				961ED05029744CD4008C542E /* Concrete Code Artifacts */,
				96E134F62962DC2200DF8A43 /* CodeArtifact.swift */,
			);
			path = Architecture;
			sourceTree = "<group>";
		};
		96E134F72962DC2200DF8A43 /* Architecture View Model */ = {
			isa = PBXGroup;
			children = (
				96E134F92962DC2300DF8A43 /* ArtifactViewModel+Hashable.swift */,
				969A9BF129B1E60C00D391AD /* ArtifactViewModel+BorderColor.swift */,
				96E134FA2962DC2300DF8A43 /* ArtifactViewModel+Search.swift */,
				96E134FB2962DC2300DF8A43 /* ArtifactViewModel+LayoutDependencies.swift */,
				96E134FC2962DC2300DF8A43 /* ArtifactViewModel+LayoutArtifacts.swift */,
				96E134FD2962DC2300DF8A43 /* ArtifactViewModel+Layout.swift */,
				96E134FE2962DC2300DF8A43 /* ArtifactViewModel+AddDependencies.swift */,
				96E134F82962DC2200DF8A43 /* ArtifactViewModel.swift */,
			);
			path = "Architecture View Model";
			sourceTree = "<group>";
		};
		96E863D12844125500BCCE66 /* App */ = {
			isa = PBXGroup;
			children = (
				9E00727C218E250E0094BD1C /* CodefaceApp.swift */,
				965A7AD629649FB7006C5A3A /* Document Window */,
				965A7AD72964A236006C5A3A /* Codebase Processor */,
				965A7ADB2964A4E8006C5A3A /* Architecture Analysis */,
				96E134F72962DC2200DF8A43 /* Architecture View Model */,
				96E134E92962DC2200DF8A43 /* Architecture */,
				96106E6729634D9B0002F13C /* Codebase */,
				9625697829BA5E59002FB7CC /* In App Purchase */,
			);
			path = App;
			sourceTree = "<group>";
		};
		96F5E7F12957197500181473 /* Proofs of Concept */ = {
			isa = PBXGroup;
			children = (
				96F5E7EF2957191E00181473 /* ConcurrencyPOC.swift */,
				9675A0B6294CE1C900C784AA /* NavigationAndFocusPOCView.swift */,
			);
			path = "Proofs of Concept";
			sourceTree = "<group>";
		};
		9E00727A218E250E0094BD1C /* Code */ = {
			isa = PBXGroup;
			children = (
				96E863D12844125500BCCE66 /* App */,
				96D59CD0294AC26F003C55B5 /* XPC Experiments */,
				96F5E7F12957197500181473 /* Proofs of Concept */,
				9EB8BA5B218E2C78007ED4E7 /* Framework-Candidates */,
			);
			name = Code;
			path = ../Code;
			sourceTree = "<group>";
		};
		9E95A6FA218C73C7009A58A9 = {
			isa = PBXGroup;
			children = (
				9E00727A218E250E0094BD1C /* Code */,
				96E5A9C629BD171A00B0A913 /* App Store Config.storekit */,
				9E95A705218C73C7009A58A9 /* Codeface */,
				96143EFF290ED68A008CA3C2 /* CodefaceHelper */,
				9E95A716218C73CA009A58A9 /* CodefaceTests */,
				9E95A704218C73C7009A58A9 /* Products */,
				961AAD642899C553001CFF67 /* Frameworks */,
			);
			sourceTree = "<group>";
		};
		9E95A704218C73C7009A58A9 /* Products */ = {
			isa = PBXGroup;
			children = (
				9E95A703218C73C7009A58A9 /* Codeface.app */,
				9E95A713218C73CA009A58A9 /* CodefaceTests.xctest */,
				96143EFE290ED68A008CA3C2 /* CodefaceHelper.xpc */,
			);
			name = Products;
			sourceTree = "<group>";
		};
		9E95A705218C73C7009A58A9 /* Codeface */ = {
			isa = PBXGroup;
			children = (
				9E27839C229ECDF1006ACB18 /* Codeface.entitlements */,
				9E95A708218C73CA009A58A9 /* Assets.xcassets */,
				9E95A70D218C73CA009A58A9 /* Info.plist */,
			);
			path = Codeface;
			sourceTree = "<group>";
		};
		9E95A716218C73CA009A58A9 /* CodefaceTests */ = {
			isa = PBXGroup;
			children = (
				9E95A717218C73CA009A58A9 /* CodefaceTests.swift */,
				9E95A719218C73CA009A58A9 /* Info.plist */,
			);
			path = CodefaceTests;
			sourceTree = "<group>";
		};
		9EB8BA5B218E2C78007ED4E7 /* Framework-Candidates */ = {
			isa = PBXGroup;
			children = (
				960730B528982F3C008F1D7C /* Arrow.swift */,
				96D59CCA294ABC1F003C55B5 /* DoubleSidebarView.swift */,
				961D497429A26A8A00E95E99 /* RelativeFilePath.swift */,
				96E479CF28359C9900762FD7 /* AnimatableLine.swift */,
			);
			path = "Framework-Candidates";
			sourceTree = "<group>";
		};
/* End PBXGroup section */

/* Begin PBXNativeTarget section */
		96143EFD290ED68A008CA3C2 /* CodefaceHelper */ = {
			isa = PBXNativeTarget;
			buildConfigurationList = 96143F0D290ED68A008CA3C2 /* Build configuration list for PBXNativeTarget "CodefaceHelper" */;
			buildPhases = (
				96143EFA290ED68A008CA3C2 /* Sources */,
				96143EFB290ED68A008CA3C2 /* Frameworks */,
				96143EFC290ED68A008CA3C2 /* Resources */,
			);
			buildRules = (
			);
			dependencies = (
			);
			name = CodefaceHelper;
			packageProductDependencies = (
				966F39AB291BF32600198B14 /* SwiftyToolz */,
				966F39AD291BF42900198B14 /* SwiftLSP */,
				966F39B2291BF56200198B14 /* FoundationToolz */,
			);
			productName = LSPXPCService;
			productReference = 96143EFE290ED68A008CA3C2 /* CodefaceHelper.xpc */;
			productType = "com.apple.product-type.xpc-service";
		};
		9E95A702218C73C7009A58A9 /* Codeface */ = {
			isa = PBXNativeTarget;
			buildConfigurationList = 9E95A71C218C73CA009A58A9 /* Build configuration list for PBXNativeTarget "Codeface" */;
			buildPhases = (
				9E95A6FF218C73C7009A58A9 /* Sources */,
				9E95A700218C73C7009A58A9 /* Frameworks */,
				9E95A701218C73C7009A58A9 /* Resources */,
				9E984A2A219F28C300AFE752 /* Embed Frameworks */,
			);
			buildRules = (
			);
			dependencies = (
			);
			name = Codeface;
			packageProductDependencies = (
				9656A69E25287F0D00D4CF26 /* SwiftyToolz */,
				96CA360528E0F92800D71370 /* LSPServiceKit */,
				96DC635428E100D900DD5BEB /* SwiftLSP */,
				96C2118B28E347F0008024AA /* CombineObserver */,
				96C2118D28E347F0008024AA /* SwiftObserver */,
				966F39B0291BF54F00198B14 /* FoundationToolz */,
				96FF8A42294E9FE500D06E36 /* SwiftUIToolzOLD */,
				96106E592962DEAD0002F13C /* SwiftNodes */,
			);
			productName = Cocoalytics;
			productReference = 9E95A703218C73C7009A58A9 /* Codeface.app */;
			productType = "com.apple.product-type.application";
		};
		9E95A712218C73CA009A58A9 /* CodefaceTests */ = {
			isa = PBXNativeTarget;
			buildConfigurationList = 9E95A71F218C73CA009A58A9 /* Build configuration list for PBXNativeTarget "CodefaceTests" */;
			buildPhases = (
				9E95A70F218C73CA009A58A9 /* Sources */,
				9E95A710218C73CA009A58A9 /* Frameworks */,
				9E95A711218C73CA009A58A9 /* Resources */,
			);
			buildRules = (
			);
			dependencies = (
				9E95A715218C73CA009A58A9 /* PBXTargetDependency */,
			);
			name = CodefaceTests;
			productName = CocoalyticsTests;
			productReference = 9E95A713218C73CA009A58A9 /* CodefaceTests.xctest */;
			productType = "com.apple.product-type.bundle.unit-test";
		};
/* End PBXNativeTarget section */

/* Begin PBXProject section */
		9E95A6FB218C73C7009A58A9 /* Project object */ = {
			isa = PBXProject;
			attributes = {
				LastSwiftUpdateCheck = 1410;
				LastUpgradeCheck = 1400;
				ORGANIZATIONNAME = Flowtoolz;
				TargetAttributes = {
					96143EFD290ED68A008CA3C2 = {
						CreatedOnToolsVersion = 14.1;
					};
					9E95A702218C73C7009A58A9 = {
						CreatedOnToolsVersion = 10.0;
						LastSwiftMigration = 1120;
					};
					9E95A712218C73CA009A58A9 = {
						CreatedOnToolsVersion = 10.0;
						LastSwiftMigration = 1120;
						TestTargetID = 9E95A702218C73C7009A58A9;
					};
				};
			};
			buildConfigurationList = 9E95A6FE218C73C7009A58A9 /* Build configuration list for PBXProject "Codeface" */;
			compatibilityVersion = "Xcode 9.3";
			developmentRegion = en;
			hasScannedForEncodings = 0;
			knownRegions = (
				en,
				Base,
			);
			mainGroup = 9E95A6FA218C73C7009A58A9;
			packageReferences = (
				9656A69D25287F0D00D4CF26 /* XCRemoteSwiftPackageReference "SwiftyToolz" */,
				96CA360428E0F92800D71370 /* XCRemoteSwiftPackageReference "LSPServiceKit" */,
				96DC635328E100D900DD5BEB /* XCRemoteSwiftPackageReference "SwiftLSP" */,
				96C2118A28E347F0008024AA /* XCRemoteSwiftPackageReference "SwiftObserver" */,
				966F39AF291BF54F00198B14 /* XCRemoteSwiftPackageReference "FoundationToolz" */,
				96F19FBA294E9EAB00E441AC /* XCRemoteSwiftPackageReference "SwiftUIToolzOLD" */,
				96106E582962DEAD0002F13C /* XCRemoteSwiftPackageReference "SwiftNodes" */,
			);
			productRefGroup = 9E95A704218C73C7009A58A9 /* Products */;
			projectDirPath = "";
			projectRoot = "";
			targets = (
				9E95A702218C73C7009A58A9 /* Codeface */,
				96143EFD290ED68A008CA3C2 /* CodefaceHelper */,
				9E95A712218C73CA009A58A9 /* CodefaceTests */,
			);
		};
/* End PBXProject section */

/* Begin PBXResourcesBuildPhase section */
		96143EFC290ED68A008CA3C2 /* Resources */ = {
			isa = PBXResourcesBuildPhase;
			buildActionMask = 2147483647;
			files = (
			);
			runOnlyForDeploymentPostprocessing = 0;
		};
		9E95A701218C73C7009A58A9 /* Resources */ = {
			isa = PBXResourcesBuildPhase;
			buildActionMask = 2147483647;
			files = (
				9E95A709218C73CA009A58A9 /* Assets.xcassets in Resources */,
			);
			runOnlyForDeploymentPostprocessing = 0;
		};
		9E95A711218C73CA009A58A9 /* Resources */ = {
			isa = PBXResourcesBuildPhase;
			buildActionMask = 2147483647;
			files = (
			);
			runOnlyForDeploymentPostprocessing = 0;
		};
/* End PBXResourcesBuildPhase section */

/* Begin PBXSourcesBuildPhase section */
		96143EFA290ED68A008CA3C2 /* Sources */ = {
			isa = PBXSourcesBuildPhase;
			buildActionMask = 2147483647;
			files = (
			);
			runOnlyForDeploymentPostprocessing = 0;
		};
		9E95A6FF218C73C7009A58A9 /* Sources */ = {
			isa = PBXSourcesBuildPhase;
			buildActionMask = 2147483647;
			files = (
				96E479D028359C9900762FD7 /* AnimatableLine.swift in Sources */,
				961EFF32284FB8BC00DB7FE9 /* RootArtifactContentView.swift in Sources */,
				96D59CC7294AB9F8003C55B5 /* ArchitectureAnalysisView.swift in Sources */,
				96106E602962DEEE0002F13C /* CodeFolderArtifact+LOCInCycles.swift in Sources */,
				96FDA72C29BCABCC0020A48F /* AppStoreClient.swift in Sources */,
				96106E632962DF1C0002F13C /* CodeFileArtifact+CodeFile.swift in Sources */,
				96E1350C2962DD6200DF8A43 /* CodeFolder.swift in Sources */,
				96E135142962DD7A00DF8A43 /* CodeFolderArtifact.swift in Sources */,
				96CFBB3628B582D20051C318 /* ArtifactViewModel+SwiftUI.swift in Sources */,
				96E135042962DD5500DF8A43 /* ArtifactViewModel+Hashable.swift in Sources */,
				965795B32954697700CB9F3F /* Search.swift in Sources */,
				96E135172962DD7F00DF8A43 /* CodeFolderArtifact+CodeArtifact.swift in Sources */,
				96106E5C2962DED40002F13C /* CodeArtifactMetricsCache.swift in Sources */,
				965795B12954687300CB9F3F /* CodebaseProcessorState.swift in Sources */,
				96D59CC3294AB895003C55B5 /* CodebaseCentralView.swift in Sources */,
				96106E662962DF1C0002F13C /* CodeSymbolArtifact+CodeSymbol.swift in Sources */,
				96E135072962DD5900DF8A43 /* ArtifactViewModel+Layout.swift in Sources */,
				96E5A9C329BCC87200B0A913 /* AppStoreClient+Codeface.swift in Sources */,
				96E479D228359CCE00762FD7 /* ArtifactView.swift in Sources */,
				961D497529A26A8A00E95E99 /* RelativeFilePath.swift in Sources */,
				96FC8C3F284BEB9000AD7DD2 /* CodebaseLocator.swift in Sources */,
				96E135052962DD5900DF8A43 /* ArtifactViewModel+AddDependencies.swift in Sources */,
				96EB5997294628390050254E /* SearchField.swift in Sources */,
				96E135062962DD5900DF8A43 /* ArtifactViewModel+Search.swift in Sources */,
				96106E5E2962DEDD0002F13C /* CodeFolderArtifact+SizeMetrics.swift in Sources */,
				96106E642962DF1C0002F13C /* CodeFolderArtifact+CodeFolder.swift in Sources */,
				96D8DB1D28A1503C00B84B45 /* PathBarView.swift in Sources */,
				964464B6295201660004382F /* DocumentWindow.swift in Sources */,
				968EA5C328DCD24500FE8A9B /* CodebaseProcessorView.swift in Sources */,
				96F5E7F02957191E00181473 /* ConcurrencyPOC.swift in Sources */,
				969A9BF229B1E60C00D391AD /* ArtifactViewModel+BorderColor.swift in Sources */,
				960730B628982F3C008F1D7C /* Arrow.swift in Sources */,
				96E135132962DD7A00DF8A43 /* CodeArtifact.swift in Sources */,
				9619A2B92967104E00863BC0 /* CodeArtifact+Metrics.swift in Sources */,
				9619A2B22966E57700863BC0 /* CodebaseAnalysis.swift in Sources */,
				964464C02952052C0004382F /* CodebaseProcessor.swift in Sources */,
				9619A2B42966E87C00863BC0 /* ProcessingFailureView.swift in Sources */,
				960A7AAE28ABB0A000F334CA /* CodeView.swift in Sources */,
				96E135102962DD7A00DF8A43 /* CodeFileArtifact.swift in Sources */,
				9688065F297C31A00075F8F3 /* CodeFolderArtifact+CalculateMetrics.swift in Sources */,
				9E007283218E250E0094BD1C /* CodefaceApp.swift in Sources */,
				96E135112962DD7A00DF8A43 /* CodeSymbolArtifact.swift in Sources */,
				9629D5AD29252A1E006B1E98 /* TestXPCExecutableForCodeface.swift in Sources */,
				96E135152962DD7F00DF8A43 /* GraphNode+Sorting.swift in Sources */,
				968D9C0E28D4E99E000BE520 /* LoadingProgressView.swift in Sources */,
				96E1350A2962DD6200DF8A43 /* CodeFolder+File System.swift in Sources */,
				9629D5B829252A2C006B1E98 /* XPCExecutableServiceExportedInterface.swift in Sources */,
				9629D5B729252A2C006B1E98 /* XPCExecutableClientExportedInterface.swift in Sources */,
				960A7AAA28AB92AE00F334CA /* ArtifactHeaderView.swift in Sources */,
				96D59CC1294AB82D003C55B5 /* SearchBarView.swift in Sources */,
				96E135082962DD5900DF8A43 /* ArtifactViewModel+LayoutArtifacts.swift in Sources */,
				9625697729BA5E47002FB7CC /* SalesBar.swift in Sources */,
				963AE38B28D505B9006E17F2 /* CodebaseFileDocument.swift in Sources */,
				96D59CCB294ABC1F003C55B5 /* DoubleSidebarView.swift in Sources */,
				96E135032962DD4900DF8A43 /* ArtifactViewModel.swift in Sources */,
				965795AE2954652C00CB9F3F /* EmptyProcesorView.swift in Sources */,
				964464BF295204F70004382F /* PathBar.swift in Sources */,
				96E1350B2962DD6200DF8A43 /* CodeFolder+LSP Server.swift in Sources */,
				960A7AA428AB875100F334CA /* DependencyView.swift in Sources */,
				9629D5AC29252A1E006B1E98 /* Client.swift in Sources */,
				9688065B297C25560075F8F3 /* CodeFolderArtifact+SortMetric.swift in Sources */,
				96D59CD2294AC36A003C55B5 /* HelpLink.swift in Sources */,
				964464BE295204DB0004382F /* CodebaseAnalysisContentPanel.swift in Sources */,
				96106E612962DEF20002F13C /* CodebaseLocationPersister.swift in Sources */,
				96E1350F2962DD6C00DF8A43 /* CodeFile.swift in Sources */,
				96842F4629AF53E000FB0439 /* SecondaryToolbarButtons.swift in Sources */,
				96E135182962DD7F00DF8A43 /* CodeFileArtifact+CodeArtifact.swift in Sources */,
				965A7AD92964A319006C5A3A /* CodebaseProcessorSteps.swift in Sources */,
				96EA394F282C2AF2002B033E /* ArtifactContentView.swift in Sources */,
				9629D5AE29252A1E006B1E98 /* ServiceExportedInterface+Conveniences.swift in Sources */,
				9629D5B929252A2C006B1E98 /* XPCExecutable.swift in Sources */,
				9675A0B7294CE1C900C784AA /* NavigationAndFocusPOCView.swift in Sources */,
				96E135162962DD7F00DF8A43 /* CodeSymbolArtifact+CodeArtifact.swift in Sources */,
				960BBE9629004F9000F9DC2A /* LSPServiceHint.swift in Sources */,
				96E1350E2962DD6700DF8A43 /* CodeSymbol.swift in Sources */,
				9639C27228D761A000779BA5 /* DocumentWindowView.swift in Sources */,
				96FF8A45294F876100D06E36 /* ContentViewStyle.swift in Sources */,
				960A7AAC28ABB07800F334CA /* TreeMap.swift in Sources */,
				96D59CC5294AB8DE003C55B5 /* CodebaseInspectorView.swift in Sources */,
				96842F4829AF541700FB0439 /* PrimaryToolbarButtons.swift in Sources */,
				964464B22951D4090004382F /* DisplayModePicker.swift in Sources */,
				964464B72952016E0004382F /* DisplayMode.swift in Sources */,
				96106E5D2962DED90002F13C /* CodeFolderArtifact+DependencyMetrics.swift in Sources */,
				96E479DD2835B36C00762FD7 /* SidebarLabel.swift in Sources */,
				96106E5B2962DED10002F13C /* Metrics.swift in Sources */,
				96D59CC9294ABB13003C55B5 /* CodebaseNavigatorView.swift in Sources */,
				96E135092962DD5900DF8A43 /* ArtifactViewModel+LayoutDependencies.swift in Sources */,
			);
			runOnlyForDeploymentPostprocessing = 0;
		};
		9E95A70F218C73CA009A58A9 /* Sources */ = {
			isa = PBXSourcesBuildPhase;
			buildActionMask = 2147483647;
			files = (
				9E95A718218C73CA009A58A9 /* CodefaceTests.swift in Sources */,
			);
			runOnlyForDeploymentPostprocessing = 0;
		};
/* End PBXSourcesBuildPhase section */

/* Begin PBXTargetDependency section */
		9E95A715218C73CA009A58A9 /* PBXTargetDependency */ = {
			isa = PBXTargetDependency;
			target = 9E95A702218C73C7009A58A9 /* Codeface */;
			targetProxy = 9E95A714218C73CA009A58A9 /* PBXContainerItemProxy */;
		};
/* End PBXTargetDependency section */

/* Begin XCBuildConfiguration section */
		96143F0B290ED68A008CA3C2 /* Debug */ = {
			isa = XCBuildConfiguration;
			buildSettings = {
				CLANG_CXX_LANGUAGE_STANDARD = "gnu++20";
				CODE_SIGN_ENTITLEMENTS = CodefaceHelper/CodefaceHelper.entitlements;
				CODE_SIGN_IDENTITY = "-";
				"CODE_SIGN_IDENTITY[sdk=macosx*]" = "3rd Party Mac Developer Application";
				CODE_SIGN_STYLE = Manual;
				COMBINE_HIDPI_IMAGES = YES;
				CURRENT_PROJECT_VERSION = 1;
				DEVELOPMENT_TEAM = "";
				"DEVELOPMENT_TEAM[sdk=macosx*]" = 8T3R57GCBV;
				ENABLE_HARDENED_RUNTIME = YES;
				GENERATE_INFOPLIST_FILE = YES;
				INFOPLIST_FILE = CodefaceHelper/Info.plist;
				INFOPLIST_KEY_CFBundleDisplayName = CodefaceHelper;
				INFOPLIST_KEY_NSHumanReadableCopyright = "Copyright © 2022 Flowtoolz. All rights reserved.";
				MACOSX_DEPLOYMENT_TARGET = 13.0;
				MARKETING_VERSION = 1.0;
				PRODUCT_BUNDLE_IDENTIFIER = com.flowtoolz.codeface.CodefaceHelper;
				PRODUCT_NAME = "$(TARGET_NAME)";
				PROVISIONING_PROFILE_SPECIFIER = "";
				"PROVISIONING_PROFILE_SPECIFIER[sdk=macosx*]" = "";
				SKIP_INSTALL = YES;
				SWIFT_EMIT_LOC_STRINGS = YES;
				SWIFT_VERSION = 5.0;
			};
			name = Debug;
		};
		96143F0C290ED68A008CA3C2 /* Release */ = {
			isa = XCBuildConfiguration;
			buildSettings = {
				CLANG_CXX_LANGUAGE_STANDARD = "gnu++20";
				CODE_SIGN_ENTITLEMENTS = CodefaceHelper/CodefaceHelper.entitlements;
				CODE_SIGN_IDENTITY = "3rd Party Mac Developer Application";
				"CODE_SIGN_IDENTITY[sdk=macosx*]" = "3rd Party Mac Developer Application";
				CODE_SIGN_STYLE = Manual;
				COMBINE_HIDPI_IMAGES = YES;
				CURRENT_PROJECT_VERSION = 1;
				DEVELOPMENT_TEAM = "";
				"DEVELOPMENT_TEAM[sdk=macosx*]" = 8T3R57GCBV;
				ENABLE_HARDENED_RUNTIME = YES;
				GENERATE_INFOPLIST_FILE = YES;
				INFOPLIST_FILE = CodefaceHelper/Info.plist;
				INFOPLIST_KEY_CFBundleDisplayName = CodefaceHelper;
				INFOPLIST_KEY_NSHumanReadableCopyright = "Copyright © 2022 Flowtoolz. All rights reserved.";
				MACOSX_DEPLOYMENT_TARGET = 13.0;
				MARKETING_VERSION = 1.0;
				PRODUCT_BUNDLE_IDENTIFIER = com.flowtoolz.codeface.CodefaceHelper;
				PRODUCT_NAME = "$(TARGET_NAME)";
				PROVISIONING_PROFILE_SPECIFIER = "";
				"PROVISIONING_PROFILE_SPECIFIER[sdk=macosx*]" = "";
				SKIP_INSTALL = YES;
				SWIFT_EMIT_LOC_STRINGS = YES;
				SWIFT_VERSION = 5.0;
			};
			name = Release;
		};
		9E95A71A218C73CA009A58A9 /* Debug */ = {
			isa = XCBuildConfiguration;
			buildSettings = {
				ALWAYS_SEARCH_USER_PATHS = NO;
				ASSETCATALOG_COMPILER_GLOBAL_ACCENT_COLOR_NAME = codefaceAccentColor;
				CLANG_ANALYZER_NONNULL = YES;
				CLANG_ANALYZER_NUMBER_OBJECT_CONVERSION = YES_AGGRESSIVE;
				CLANG_CXX_LANGUAGE_STANDARD = "gnu++14";
				CLANG_CXX_LIBRARY = "libc++";
				CLANG_ENABLE_MODULES = YES;
				CLANG_ENABLE_OBJC_ARC = YES;
				CLANG_ENABLE_OBJC_WEAK = YES;
				CLANG_WARN_BLOCK_CAPTURE_AUTORELEASING = YES;
				CLANG_WARN_BOOL_CONVERSION = YES;
				CLANG_WARN_COMMA = YES;
				CLANG_WARN_CONSTANT_CONVERSION = YES;
				CLANG_WARN_DEPRECATED_OBJC_IMPLEMENTATIONS = YES;
				CLANG_WARN_DIRECT_OBJC_ISA_USAGE = YES_ERROR;
				CLANG_WARN_DOCUMENTATION_COMMENTS = YES;
				CLANG_WARN_EMPTY_BODY = YES;
				CLANG_WARN_ENUM_CONVERSION = YES;
				CLANG_WARN_INFINITE_RECURSION = YES;
				CLANG_WARN_INT_CONVERSION = YES;
				CLANG_WARN_NON_LITERAL_NULL_CONVERSION = YES;
				CLANG_WARN_OBJC_IMPLICIT_RETAIN_SELF = YES;
				CLANG_WARN_OBJC_LITERAL_CONVERSION = YES;
				CLANG_WARN_OBJC_ROOT_CLASS = YES_ERROR;
				CLANG_WARN_QUOTED_INCLUDE_IN_FRAMEWORK_HEADER = YES;
				CLANG_WARN_RANGE_LOOP_ANALYSIS = YES;
				CLANG_WARN_STRICT_PROTOTYPES = YES;
				CLANG_WARN_SUSPICIOUS_MOVE = YES;
				CLANG_WARN_UNGUARDED_AVAILABILITY = YES_AGGRESSIVE;
				CLANG_WARN_UNREACHABLE_CODE = YES;
				CLANG_WARN__DUPLICATE_METHOD_MATCH = YES;
				CODE_SIGN_IDENTITY = "Mac Developer";
				COPY_PHASE_STRIP = NO;
				DEAD_CODE_STRIPPING = YES;
				DEBUG_INFORMATION_FORMAT = dwarf;
				ENABLE_STRICT_OBJC_MSGSEND = YES;
				ENABLE_TESTABILITY = YES;
				GCC_C_LANGUAGE_STANDARD = gnu11;
				GCC_DYNAMIC_NO_PIC = NO;
				GCC_NO_COMMON_BLOCKS = YES;
				GCC_OPTIMIZATION_LEVEL = 0;
				GCC_PREPROCESSOR_DEFINITIONS = (
					"DEBUG=1",
					"$(inherited)",
				);
				GCC_WARN_64_TO_32_BIT_CONVERSION = YES;
				GCC_WARN_ABOUT_RETURN_TYPE = YES_ERROR;
				GCC_WARN_UNDECLARED_SELECTOR = YES;
				GCC_WARN_UNINITIALIZED_AUTOS = YES_AGGRESSIVE;
				GCC_WARN_UNUSED_FUNCTION = YES;
				GCC_WARN_UNUSED_VARIABLE = YES;
				MACOSX_DEPLOYMENT_TARGET = 13.0;
				MTL_ENABLE_DEBUG_INFO = INCLUDE_SOURCE;
				MTL_FAST_MATH = YES;
				ONLY_ACTIVE_ARCH = YES;
				SDKROOT = macosx;
				SWIFT_ACTIVE_COMPILATION_CONDITIONS = DEBUG;
				SWIFT_OPTIMIZATION_LEVEL = "-Onone";
				SWIFT_STRICT_CONCURRENCY = complete;
			};
			name = Debug;
		};
		9E95A71B218C73CA009A58A9 /* Release */ = {
			isa = XCBuildConfiguration;
			buildSettings = {
				ALWAYS_SEARCH_USER_PATHS = NO;
				ASSETCATALOG_COMPILER_GLOBAL_ACCENT_COLOR_NAME = codefaceAccentColor;
				CLANG_ANALYZER_NONNULL = YES;
				CLANG_ANALYZER_NUMBER_OBJECT_CONVERSION = YES_AGGRESSIVE;
				CLANG_CXX_LANGUAGE_STANDARD = "gnu++14";
				CLANG_CXX_LIBRARY = "libc++";
				CLANG_ENABLE_MODULES = YES;
				CLANG_ENABLE_OBJC_ARC = YES;
				CLANG_ENABLE_OBJC_WEAK = YES;
				CLANG_WARN_BLOCK_CAPTURE_AUTORELEASING = YES;
				CLANG_WARN_BOOL_CONVERSION = YES;
				CLANG_WARN_COMMA = YES;
				CLANG_WARN_CONSTANT_CONVERSION = YES;
				CLANG_WARN_DEPRECATED_OBJC_IMPLEMENTATIONS = YES;
				CLANG_WARN_DIRECT_OBJC_ISA_USAGE = YES_ERROR;
				CLANG_WARN_DOCUMENTATION_COMMENTS = YES;
				CLANG_WARN_EMPTY_BODY = YES;
				CLANG_WARN_ENUM_CONVERSION = YES;
				CLANG_WARN_INFINITE_RECURSION = YES;
				CLANG_WARN_INT_CONVERSION = YES;
				CLANG_WARN_NON_LITERAL_NULL_CONVERSION = YES;
				CLANG_WARN_OBJC_IMPLICIT_RETAIN_SELF = YES;
				CLANG_WARN_OBJC_LITERAL_CONVERSION = YES;
				CLANG_WARN_OBJC_ROOT_CLASS = YES_ERROR;
				CLANG_WARN_QUOTED_INCLUDE_IN_FRAMEWORK_HEADER = YES;
				CLANG_WARN_RANGE_LOOP_ANALYSIS = YES;
				CLANG_WARN_STRICT_PROTOTYPES = YES;
				CLANG_WARN_SUSPICIOUS_MOVE = YES;
				CLANG_WARN_UNGUARDED_AVAILABILITY = YES_AGGRESSIVE;
				CLANG_WARN_UNREACHABLE_CODE = YES;
				CLANG_WARN__DUPLICATE_METHOD_MATCH = YES;
				CODE_SIGN_IDENTITY = "Mac Developer";
				COPY_PHASE_STRIP = NO;
				DEAD_CODE_STRIPPING = YES;
				DEBUG_INFORMATION_FORMAT = "dwarf-with-dsym";
				ENABLE_NS_ASSERTIONS = NO;
				ENABLE_STRICT_OBJC_MSGSEND = YES;
				GCC_C_LANGUAGE_STANDARD = gnu11;
				GCC_NO_COMMON_BLOCKS = YES;
				GCC_WARN_64_TO_32_BIT_CONVERSION = YES;
				GCC_WARN_ABOUT_RETURN_TYPE = YES_ERROR;
				GCC_WARN_UNDECLARED_SELECTOR = YES;
				GCC_WARN_UNINITIALIZED_AUTOS = YES_AGGRESSIVE;
				GCC_WARN_UNUSED_FUNCTION = YES;
				GCC_WARN_UNUSED_VARIABLE = YES;
				MACOSX_DEPLOYMENT_TARGET = 13.0;
				MTL_ENABLE_DEBUG_INFO = NO;
				MTL_FAST_MATH = YES;
				SDKROOT = macosx;
				SWIFT_COMPILATION_MODE = wholemodule;
				SWIFT_OPTIMIZATION_LEVEL = "-O";
				SWIFT_STRICT_CONCURRENCY = complete;
			};
			name = Release;
		};
		9E95A71D218C73CA009A58A9 /* Debug */ = {
			isa = XCBuildConfiguration;
			buildSettings = {
				ASSETCATALOG_COMPILER_APPICON_NAME = AppIcon;
				CODE_SIGN_ENTITLEMENTS = Codeface/Codeface.entitlements;
				CODE_SIGN_IDENTITY = "Mac Developer: Sebastian Fichtner (8J9665RC9C)";
				CODE_SIGN_STYLE = Manual;
				COMBINE_HIDPI_IMAGES = YES;
				CURRENT_PROJECT_VERSION = 27;
				DEAD_CODE_STRIPPING = YES;
				DEVELOPMENT_ASSET_PATHS = "";
				DEVELOPMENT_TEAM = 8T3R57GCBV;
				"DEVELOPMENT_TEAM[sdk=macosx*]" = 8T3R57GCBV;
				INFOPLIST_FILE = Codeface/Info.plist;
				INFOPLIST_KEY_LSApplicationCategoryType = "public.app-category.developer-tools";
				LD_RUNPATH_SEARCH_PATHS = (
					"$(inherited)",
					"@executable_path/../Frameworks",
				);
				MARKETING_VERSION = 1.4.1;
				PRODUCT_BUNDLE_IDENTIFIER = com.flowtoolz.codeface;
				PRODUCT_NAME = "$(TARGET_NAME)";
				PROVISIONING_PROFILE_SPECIFIER = "Codeface macOS Development Profile";
				"PROVISIONING_PROFILE_SPECIFIER[sdk=macosx*]" = "Codeface macOS Development Profile";
				SWIFT_VERSION = 5.0;
			};
			name = Debug;
		};
		9E95A71E218C73CA009A58A9 /* Release */ = {
			isa = XCBuildConfiguration;
			buildSettings = {
				ASSETCATALOG_COMPILER_APPICON_NAME = AppIcon;
				CODE_SIGN_ENTITLEMENTS = Codeface/Codeface.entitlements;
				CODE_SIGN_IDENTITY = "3rd Party Mac Developer Application";
				CODE_SIGN_STYLE = Manual;
				COMBINE_HIDPI_IMAGES = YES;
				CURRENT_PROJECT_VERSION = 27;
				DEAD_CODE_STRIPPING = YES;
				DEVELOPMENT_ASSET_PATHS = "";
				DEVELOPMENT_TEAM = 8T3R57GCBV;
				INFOPLIST_FILE = Codeface/Info.plist;
				INFOPLIST_KEY_LSApplicationCategoryType = "public.app-category.developer-tools";
				LD_RUNPATH_SEARCH_PATHS = (
					"$(inherited)",
					"@executable_path/../Frameworks",
				);
				MARKETING_VERSION = 1.4.1;
				PRODUCT_BUNDLE_IDENTIFIER = com.flowtoolz.codeface;
				PRODUCT_NAME = "$(TARGET_NAME)";
				PROVISIONING_PROFILE_SPECIFIER = "Codeface Mac Distribution Profile";
				SWIFT_VERSION = 5.0;
			};
			name = Release;
		};
		9E95A720218C73CA009A58A9 /* Debug */ = {
			isa = XCBuildConfiguration;
			buildSettings = {
				ALWAYS_EMBED_SWIFT_STANDARD_LIBRARIES = YES;
				BUNDLE_LOADER = "$(TEST_HOST)";
				CODE_SIGN_STYLE = Automatic;
				COMBINE_HIDPI_IMAGES = YES;
				DEAD_CODE_STRIPPING = YES;
				DEVELOPMENT_TEAM = 8T3R57GCBV;
				INFOPLIST_FILE = CodefaceTests/Info.plist;
				LD_RUNPATH_SEARCH_PATHS = (
					"$(inherited)",
					"@executable_path/../Frameworks",
					"@loader_path/../Frameworks",
				);
				PRODUCT_BUNDLE_IDENTIFIER = com.flowtoolz.CodefaceTests;
				PRODUCT_NAME = "$(TARGET_NAME)";
				SWIFT_VERSION = 5.0;
				TEST_HOST = "$(BUILT_PRODUCTS_DIR)/Codeface.app/Contents/MacOS/Codeface";
			};
			name = Debug;
		};
		9E95A721218C73CA009A58A9 /* Release */ = {
			isa = XCBuildConfiguration;
			buildSettings = {
				ALWAYS_EMBED_SWIFT_STANDARD_LIBRARIES = YES;
				BUNDLE_LOADER = "$(TEST_HOST)";
				CODE_SIGN_STYLE = Automatic;
				COMBINE_HIDPI_IMAGES = YES;
				DEAD_CODE_STRIPPING = YES;
				DEVELOPMENT_TEAM = 8T3R57GCBV;
				INFOPLIST_FILE = CodefaceTests/Info.plist;
				LD_RUNPATH_SEARCH_PATHS = (
					"$(inherited)",
					"@executable_path/../Frameworks",
					"@loader_path/../Frameworks",
				);
				PRODUCT_BUNDLE_IDENTIFIER = com.flowtoolz.CodefaceTests;
				PRODUCT_NAME = "$(TARGET_NAME)";
				SWIFT_VERSION = 5.0;
				TEST_HOST = "$(BUILT_PRODUCTS_DIR)/Codeface.app/Contents/MacOS/Codeface";
			};
			name = Release;
		};
/* End XCBuildConfiguration section */

/* Begin XCConfigurationList section */
		96143F0D290ED68A008CA3C2 /* Build configuration list for PBXNativeTarget "CodefaceHelper" */ = {
			isa = XCConfigurationList;
			buildConfigurations = (
				96143F0B290ED68A008CA3C2 /* Debug */,
				96143F0C290ED68A008CA3C2 /* Release */,
			);
			defaultConfigurationIsVisible = 0;
			defaultConfigurationName = Release;
		};
		9E95A6FE218C73C7009A58A9 /* Build configuration list for PBXProject "Codeface" */ = {
			isa = XCConfigurationList;
			buildConfigurations = (
				9E95A71A218C73CA009A58A9 /* Debug */,
				9E95A71B218C73CA009A58A9 /* Release */,
			);
			defaultConfigurationIsVisible = 0;
			defaultConfigurationName = Release;
		};
		9E95A71C218C73CA009A58A9 /* Build configuration list for PBXNativeTarget "Codeface" */ = {
			isa = XCConfigurationList;
			buildConfigurations = (
				9E95A71D218C73CA009A58A9 /* Debug */,
				9E95A71E218C73CA009A58A9 /* Release */,
			);
			defaultConfigurationIsVisible = 0;
			defaultConfigurationName = Release;
		};
		9E95A71F218C73CA009A58A9 /* Build configuration list for PBXNativeTarget "CodefaceTests" */ = {
			isa = XCConfigurationList;
			buildConfigurations = (
				9E95A720218C73CA009A58A9 /* Debug */,
				9E95A721218C73CA009A58A9 /* Release */,
			);
			defaultConfigurationIsVisible = 0;
			defaultConfigurationName = Release;
		};
/* End XCConfigurationList section */

/* Begin XCRemoteSwiftPackageReference section */
		96106E582962DEAD0002F13C /* XCRemoteSwiftPackageReference "SwiftNodes" */ = {
			isa = XCRemoteSwiftPackageReference;
			repositoryURL = "https://github.com/codeface-io/SwiftNodes";
			requirement = {
				kind = exactVersion;
				version = 0.8.0;
			};
		};
		9656A69D25287F0D00D4CF26 /* XCRemoteSwiftPackageReference "SwiftyToolz" */ = {
			isa = XCRemoteSwiftPackageReference;
			repositoryURL = "https://github.com/flowtoolz/SwiftyToolz.git";
			requirement = {
				kind = exactVersion;
				version = 0.4.0;
			};
		};
		966F39AF291BF54F00198B14 /* XCRemoteSwiftPackageReference "FoundationToolz" */ = {
			isa = XCRemoteSwiftPackageReference;
			repositoryURL = "https://github.com/flowtoolz/FoundationToolz";
			requirement = {
				kind = exactVersion;
				version = 0.2.0;
			};
		};
		96C2118A28E347F0008024AA /* XCRemoteSwiftPackageReference "SwiftObserver" */ = {
			isa = XCRemoteSwiftPackageReference;
			repositoryURL = "https://github.com/codeface-io/SwiftObserver";
			requirement = {
				kind = exactVersion;
				version = 7.0.7;
			};
		};
		96CA360428E0F92800D71370 /* XCRemoteSwiftPackageReference "LSPServiceKit" */ = {
			isa = XCRemoteSwiftPackageReference;
			repositoryURL = "https://github.com/codeface-io/LSPServiceKit";
			requirement = {
				kind = exactVersion;
				version = 0.3.0;
			};
		};
		96DC635328E100D900DD5BEB /* XCRemoteSwiftPackageReference "SwiftLSP" */ = {
			isa = XCRemoteSwiftPackageReference;
			repositoryURL = "https://github.com/codeface-io/SwiftLSP";
			requirement = {
				kind = exactVersion;
				version = 0.3.9;
			};
		};
		96F19FBA294E9EAB00E441AC /* XCRemoteSwiftPackageReference "SwiftUIToolzOLD" */ = {
			isa = XCRemoteSwiftPackageReference;
			repositoryURL = "https://github.com/flowtoolz/SwiftUIToolzOLD";
			requirement = {
				kind = exactVersion;
				version = 0.3.7;
			};
		};
/* End XCRemoteSwiftPackageReference section */

/* Begin XCSwiftPackageProductDependency section */
		96106E592962DEAD0002F13C /* SwiftNodes */ = {
			isa = XCSwiftPackageProductDependency;
			package = 96106E582962DEAD0002F13C /* XCRemoteSwiftPackageReference "SwiftNodes" */;
			productName = SwiftNodes;
		};
		9656A69E25287F0D00D4CF26 /* SwiftyToolz */ = {
			isa = XCSwiftPackageProductDependency;
			package = 9656A69D25287F0D00D4CF26 /* XCRemoteSwiftPackageReference "SwiftyToolz" */;
			productName = SwiftyToolz;
		};
		966F39AB291BF32600198B14 /* SwiftyToolz */ = {
			isa = XCSwiftPackageProductDependency;
			package = 9656A69D25287F0D00D4CF26 /* XCRemoteSwiftPackageReference "SwiftyToolz" */;
			productName = SwiftyToolz;
		};
		966F39AD291BF42900198B14 /* SwiftLSP */ = {
			isa = XCSwiftPackageProductDependency;
			package = 96DC635328E100D900DD5BEB /* XCRemoteSwiftPackageReference "SwiftLSP" */;
			productName = SwiftLSP;
		};
		966F39B0291BF54F00198B14 /* FoundationToolz */ = {
			isa = XCSwiftPackageProductDependency;
			package = 966F39AF291BF54F00198B14 /* XCRemoteSwiftPackageReference "FoundationToolz" */;
			productName = FoundationToolz;
		};
		966F39B2291BF56200198B14 /* FoundationToolz */ = {
			isa = XCSwiftPackageProductDependency;
			package = 966F39AF291BF54F00198B14 /* XCRemoteSwiftPackageReference "FoundationToolz" */;
			productName = FoundationToolz;
		};
		96C2118B28E347F0008024AA /* CombineObserver */ = {
			isa = XCSwiftPackageProductDependency;
			package = 96C2118A28E347F0008024AA /* XCRemoteSwiftPackageReference "SwiftObserver" */;
			productName = CombineObserver;
		};
		96C2118D28E347F0008024AA /* SwiftObserver */ = {
			isa = XCSwiftPackageProductDependency;
			package = 96C2118A28E347F0008024AA /* XCRemoteSwiftPackageReference "SwiftObserver" */;
			productName = SwiftObserver;
		};
		96CA360528E0F92800D71370 /* LSPServiceKit */ = {
			isa = XCSwiftPackageProductDependency;
			package = 96CA360428E0F92800D71370 /* XCRemoteSwiftPackageReference "LSPServiceKit" */;
			productName = LSPServiceKit;
		};
		96DC635428E100D900DD5BEB /* SwiftLSP */ = {
			isa = XCSwiftPackageProductDependency;
			package = 96DC635328E100D900DD5BEB /* XCRemoteSwiftPackageReference "SwiftLSP" */;
			productName = SwiftLSP;
		};
		96FF8A42294E9FE500D06E36 /* SwiftUIToolzOLD */ = {
			isa = XCSwiftPackageProductDependency;
			package = 96F19FBA294E9EAB00E441AC /* XCRemoteSwiftPackageReference "SwiftUIToolzOLD" */;
			productName = SwiftUIToolzOLD;
		};
/* End XCSwiftPackageProductDependency section */
	};
	rootObject = 9E95A6FB218C73C7009A58A9 /* Project object */;
}
