// !$*UTF8*$!
{
	archiveVersion = 1;
	classes = {
	};
	objectVersion = 52;
	objects = {

/* Begin PBXBuildFile section */
		9606D887289A4549002B71E5 /* Xcode14Experiments.swift in Sources */ = {isa = PBXBuildFile; fileRef = 9606D886289A4549002B71E5 /* Xcode14Experiments.swift */; };
		960730B628982F3C008F1D7C /* Arrow.swift in Sources */ = {isa = PBXBuildFile; fileRef = 960730B528982F3C008F1D7C /* Arrow.swift */; };
		960A7AA428AB875100F334CA /* DependencyView.swift in Sources */ = {isa = PBXBuildFile; fileRef = 960A7AA328AB875100F334CA /* DependencyView.swift */; };
		960A7AAA28AB92AE00F334CA /* ArtifactHeaderView.swift in Sources */ = {isa = PBXBuildFile; fileRef = 960A7AA928AB92AE00F334CA /* ArtifactHeaderView.swift */; };
		960A7AAC28ABB07800F334CA /* TreeMap.swift in Sources */ = {isa = PBXBuildFile; fileRef = 960A7AAB28ABB07800F334CA /* TreeMap.swift */; };
		960A7AAE28ABB0A000F334CA /* CodeView.swift in Sources */ = {isa = PBXBuildFile; fileRef = 960A7AAD28ABB0A000F334CA /* CodeView.swift */; };
		960BBE9629004F9000F9DC2A /* Help.swift in Sources */ = {isa = PBXBuildFile; fileRef = 960BBE9529004F9000F9DC2A /* Help.swift */; };
		960C5F6F29254D7900449C95 /* RunProcessServiceTest.swift in Sources */ = {isa = PBXBuildFile; fileRef = 96081CFD292242E100A562BA /* RunProcessServiceTest.swift */; };
		960C5F7029254D7C00449C95 /* ProcessServiceTestMain.swift in Sources */ = {isa = PBXBuildFile; fileRef = 96081D072922475700A562BA /* ProcessServiceTestMain.swift */; };
		960C5F7329254DC700449C95 /* ProcessServiceClient in Frameworks */ = {isa = PBXBuildFile; productRef = 960C5F7229254DC700449C95 /* ProcessServiceClient */; };
		960C5F7729254DE100449C95 /* ProcessServiceServer in Frameworks */ = {isa = PBXBuildFile; productRef = 960C5F7629254DE100449C95 /* ProcessServiceServer */; };
		96143F09290ED68A008CA3C2 /* CodefaceHelper.xpc in Embed XPC Services */ = {isa = PBXBuildFile; fileRef = 96143EFE290ED68A008CA3C2 /* CodefaceHelper.xpc */; settings = {ATTRIBUTES = (RemoveHeadersOnCopy, ); }; };
		961AAD662899C553001CFF67 /* CodefaceCore in Frameworks */ = {isa = PBXBuildFile; productRef = 961AAD652899C553001CFF67 /* CodefaceCore */; };
		961EFF32284FB8BC00DB7FE9 /* RootArtifactContentView.swift in Sources */ = {isa = PBXBuildFile; fileRef = 961EFF31284FB8BC00DB7FE9 /* RootArtifactContentView.swift */; };
		961EFF34284FB90E00DB7FE9 /* SidebarRow.swift in Sources */ = {isa = PBXBuildFile; fileRef = 961EFF33284FB90E00DB7FE9 /* SidebarRow.swift */; };
		9629D5AC29252A1E006B1E98 /* Client.swift in Sources */ = {isa = PBXBuildFile; fileRef = 96143F0E290EDC32008CA3C2 /* Client.swift */; };
		9629D5AD29252A1E006B1E98 /* TestXPCExecutableForCodeface.swift in Sources */ = {isa = PBXBuildFile; fileRef = 96081CFB29223D9100A562BA /* TestXPCExecutableForCodeface.swift */; };
		9629D5AE29252A1E006B1E98 /* ServiceExportedInterface+Conveniences.swift in Sources */ = {isa = PBXBuildFile; fileRef = 96021333291D5CAB0082DEF4 /* ServiceExportedInterface+Conveniences.swift */; };
		9629D5B729252A2C006B1E98 /* XPCExecutableClientExportedInterface.swift in Sources */ = {isa = PBXBuildFile; fileRef = 966F39B7291C045900198B14 /* XPCExecutableClientExportedInterface.swift */; };
		9629D5B829252A2C006B1E98 /* XPCExecutableServiceExportedInterface.swift in Sources */ = {isa = PBXBuildFile; fileRef = 96143F00290ED68A008CA3C2 /* XPCExecutableServiceExportedInterface.swift */; };
		9629D5B929252A2C006B1E98 /* XPCExecutable.swift in Sources */ = {isa = PBXBuildFile; fileRef = 96021330291D3CCB0082DEF4 /* XPCExecutable.swift */; };
		9639C27228D761A000779BA5 /* CodefaceDocumentView.swift in Sources */ = {isa = PBXBuildFile; fileRef = 9639C27128D761A000779BA5 /* CodefaceDocumentView.swift */; };
		963AE38B28D505B9006E17F2 /* CodebaseFileDocument.swift in Sources */ = {isa = PBXBuildFile; fileRef = 963AE38A28D505B9006E17F2 /* CodebaseFileDocument.swift */; };
		964308A5254B7B070026E56C /* CodefaceDocumentContentView.swift in Sources */ = {isa = PBXBuildFile; fileRef = 964308A4254B7B070026E56C /* CodefaceDocumentContentView.swift */; };
		9648CBAE28BCB3A30011D3C7 /* SidebarAnalysisContent.swift in Sources */ = {isa = PBXBuildFile; fileRef = 9648CBAD28BCB3A30011D3C7 /* SidebarAnalysisContent.swift */; };
		9648CBB028BCB3DC0011D3C7 /* SidebarArtifactList.swift in Sources */ = {isa = PBXBuildFile; fileRef = 9648CBAF28BCB3DC0011D3C7 /* SidebarArtifactList.swift */; };
		9656A69F25287F0D00D4CF26 /* SwiftyToolz in Frameworks */ = {isa = PBXBuildFile; productRef = 9656A69E25287F0D00D4CF26 /* SwiftyToolz */; };
		966F39AC291BF32600198B14 /* SwiftyToolz in Frameworks */ = {isa = PBXBuildFile; productRef = 966F39AB291BF32600198B14 /* SwiftyToolz */; };
		966F39AE291BF42900198B14 /* SwiftLSP in Frameworks */ = {isa = PBXBuildFile; productRef = 966F39AD291BF42900198B14 /* SwiftLSP */; };
		966F39B1291BF54F00198B14 /* FoundationToolz in Frameworks */ = {isa = PBXBuildFile; productRef = 966F39B0291BF54F00198B14 /* FoundationToolz */; };
		966F39B3291BF56200198B14 /* FoundationToolz in Frameworks */ = {isa = PBXBuildFile; productRef = 966F39B2291BF56200198B14 /* FoundationToolz */; };
		968D9C0E28D4E99E000BE520 /* LoadingProgressView.swift in Sources */ = {isa = PBXBuildFile; fileRef = 968D9C0D28D4E99E000BE520 /* LoadingProgressView.swift */; };
		968EA5C328DCD24500FE8A9B /* ContentNavigationView.swift in Sources */ = {isa = PBXBuildFile; fileRef = 968EA5C228DCD24500FE8A9B /* ContentNavigationView.swift */; };
		96C2118C28E347F0008024AA /* CombineObserver in Frameworks */ = {isa = PBXBuildFile; productRef = 96C2118B28E347F0008024AA /* CombineObserver */; };
		96C2118E28E347F0008024AA /* SwiftObserver in Frameworks */ = {isa = PBXBuildFile; productRef = 96C2118D28E347F0008024AA /* SwiftObserver */; };
		96CA360628E0F92800D71370 /* LSPServiceKit in Frameworks */ = {isa = PBXBuildFile; productRef = 96CA360528E0F92800D71370 /* LSPServiceKit */; };
		96CFBB3328B57D480051C318 /* SwiftUIToolz in Frameworks */ = {isa = PBXBuildFile; productRef = 96CFBB3228B57D480051C318 /* SwiftUIToolz */; };
		96CFBB3628B582D20051C318 /* ArtifactViewModel+SwiftUI.swift in Sources */ = {isa = PBXBuildFile; fileRef = 96CFBB3528B582D20051C318 /* ArtifactViewModel+SwiftUI.swift */; };
		96D8DB1D28A1503C00B84B45 /* PathBarView.swift in Sources */ = {isa = PBXBuildFile; fileRef = 96D8DB1C28A1503C00B84B45 /* PathBarView.swift */; };
		96DC635528E100D900DD5BEB /* SwiftLSP in Frameworks */ = {isa = PBXBuildFile; productRef = 96DC635428E100D900DD5BEB /* SwiftLSP */; };
		96E479D028359C9900762FD7 /* AnimatableLine.swift in Sources */ = {isa = PBXBuildFile; fileRef = 96E479CF28359C9900762FD7 /* AnimatableLine.swift */; };
		96E479D228359CCE00762FD7 /* ArtifactView.swift in Sources */ = {isa = PBXBuildFile; fileRef = 96E479D128359CCE00762FD7 /* ArtifactView.swift */; };
		96E479D42835A1DB00762FD7 /* ArtifactIcon.swift in Sources */ = {isa = PBXBuildFile; fileRef = 96E479D32835A1DB00762FD7 /* ArtifactIcon.swift */; };
		96E479DB2835B33600762FD7 /* DisplayModePicker.swift in Sources */ = {isa = PBXBuildFile; fileRef = 96E479DA2835B33600762FD7 /* DisplayModePicker.swift */; };
		96E479DD2835B36C00762FD7 /* SidebarLabel.swift in Sources */ = {isa = PBXBuildFile; fileRef = 96E479DC2835B36C00762FD7 /* SidebarLabel.swift */; };
		96EA394F282C2AF2002B033E /* ArtifactContentView.swift in Sources */ = {isa = PBXBuildFile; fileRef = 96EA394E282C2AF2002B033E /* ArtifactContentView.swift */; };
		96FC8C3F284BEB9000AD7DD2 /* CodebaseLocatorView.swift in Sources */ = {isa = PBXBuildFile; fileRef = 96FC8C3E284BEB9000AD7DD2 /* CodebaseLocatorView.swift */; };
		9E007283218E250E0094BD1C /* CodefaceApp.swift in Sources */ = {isa = PBXBuildFile; fileRef = 9E00727C218E250E0094BD1C /* CodefaceApp.swift */; };
		9E95A709218C73CA009A58A9 /* Assets.xcassets in Resources */ = {isa = PBXBuildFile; fileRef = 9E95A708218C73CA009A58A9 /* Assets.xcassets */; };
		9E95A718218C73CA009A58A9 /* CodefaceTests.swift in Sources */ = {isa = PBXBuildFile; fileRef = 9E95A717218C73CA009A58A9 /* CodefaceTests.swift */; };
/* End PBXBuildFile section */

/* Begin PBXContainerItemProxy section */
		96143F07290ED68A008CA3C2 /* PBXContainerItemProxy */ = {
			isa = PBXContainerItemProxy;
			containerPortal = 9E95A6FB218C73C7009A58A9 /* Project object */;
			proxyType = 1;
			remoteGlobalIDString = 96143EFD290ED68A008CA3C2;
			remoteInfo = LSPXPCService;
		};
		9E95A714218C73CA009A58A9 /* PBXContainerItemProxy */ = {
			isa = PBXContainerItemProxy;
			containerPortal = 9E95A6FB218C73C7009A58A9 /* Project object */;
			proxyType = 1;
			remoteGlobalIDString = 9E95A702218C73C7009A58A9;
			remoteInfo = Cocoalytics;
		};
/* End PBXContainerItemProxy section */

/* Begin PBXCopyFilesBuildPhase section */
		96143F0A290ED68A008CA3C2 /* Embed XPC Services */ = {
			isa = PBXCopyFilesBuildPhase;
			buildActionMask = 2147483647;
			dstPath = "$(CONTENTS_FOLDER_PATH)/XPCServices";
			dstSubfolderSpec = 16;
			files = (
				96143F09290ED68A008CA3C2 /* CodefaceHelper.xpc in Embed XPC Services */,
			);
			name = "Embed XPC Services";
			runOnlyForDeploymentPostprocessing = 0;
		};
		9E984A2A219F28C300AFE752 /* Embed Frameworks */ = {
			isa = PBXCopyFilesBuildPhase;
			buildActionMask = 2147483647;
			dstPath = "";
			dstSubfolderSpec = 10;
			files = (
			);
			name = "Embed Frameworks";
			runOnlyForDeploymentPostprocessing = 0;
		};
/* End PBXCopyFilesBuildPhase section */

/* Begin PBXFileReference section */
		96021330291D3CCB0082DEF4 /* XPCExecutable.swift */ = {isa = PBXFileReference; lastKnownFileType = sourcecode.swift; path = XPCExecutable.swift; sourceTree = "<group>"; };
		96021333291D5CAB0082DEF4 /* ServiceExportedInterface+Conveniences.swift */ = {isa = PBXFileReference; lastKnownFileType = sourcecode.swift; path = "ServiceExportedInterface+Conveniences.swift"; sourceTree = "<group>"; };
		9606D886289A4549002B71E5 /* Xcode14Experiments.swift */ = {isa = PBXFileReference; lastKnownFileType = sourcecode.swift; path = Xcode14Experiments.swift; sourceTree = "<group>"; };
		960730B528982F3C008F1D7C /* Arrow.swift */ = {isa = PBXFileReference; lastKnownFileType = sourcecode.swift; path = Arrow.swift; sourceTree = "<group>"; };
		96081CFB29223D9100A562BA /* TestXPCExecutableForCodeface.swift */ = {isa = PBXFileReference; lastKnownFileType = sourcecode.swift; path = TestXPCExecutableForCodeface.swift; sourceTree = "<group>"; };
		96081CFD292242E100A562BA /* RunProcessServiceTest.swift */ = {isa = PBXFileReference; lastKnownFileType = sourcecode.swift; path = RunProcessServiceTest.swift; sourceTree = "<group>"; };
		96081D072922475700A562BA /* ProcessServiceTestMain.swift */ = {isa = PBXFileReference; lastKnownFileType = sourcecode.swift; path = ProcessServiceTestMain.swift; sourceTree = "<group>"; };
		960A7AA328AB875100F334CA /* DependencyView.swift */ = {isa = PBXFileReference; lastKnownFileType = sourcecode.swift; path = DependencyView.swift; sourceTree = "<group>"; };
		960A7AA928AB92AE00F334CA /* ArtifactHeaderView.swift */ = {isa = PBXFileReference; lastKnownFileType = sourcecode.swift; path = ArtifactHeaderView.swift; sourceTree = "<group>"; };
		960A7AAB28ABB07800F334CA /* TreeMap.swift */ = {isa = PBXFileReference; lastKnownFileType = sourcecode.swift; path = TreeMap.swift; sourceTree = "<group>"; };
		960A7AAD28ABB0A000F334CA /* CodeView.swift */ = {isa = PBXFileReference; lastKnownFileType = sourcecode.swift; path = CodeView.swift; sourceTree = "<group>"; };
		960BBE9529004F9000F9DC2A /* Help.swift */ = {isa = PBXFileReference; lastKnownFileType = sourcecode.swift; path = Help.swift; sourceTree = "<group>"; };
		96143EFE290ED68A008CA3C2 /* CodefaceHelper.xpc */ = {isa = PBXFileReference; explicitFileType = "wrapper.xpc-service"; includeInIndex = 0; path = CodefaceHelper.xpc; sourceTree = BUILT_PRODUCTS_DIR; };
		96143F00290ED68A008CA3C2 /* XPCExecutableServiceExportedInterface.swift */ = {isa = PBXFileReference; lastKnownFileType = sourcecode.swift; path = XPCExecutableServiceExportedInterface.swift; sourceTree = "<group>"; };
		96143F02290ED68A008CA3C2 /* Service.swift */ = {isa = PBXFileReference; lastKnownFileType = sourcecode.swift; path = Service.swift; sourceTree = "<group>"; };
		96143F04290ED68A008CA3C2 /* Service+main.swift */ = {isa = PBXFileReference; lastKnownFileType = sourcecode.swift; path = "Service+main.swift"; sourceTree = "<group>"; };
		96143F06290ED68A008CA3C2 /* Info.plist */ = {isa = PBXFileReference; lastKnownFileType = text.plist.xml; path = Info.plist; sourceTree = "<group>"; };
		96143F0E290EDC32008CA3C2 /* Client.swift */ = {isa = PBXFileReference; lastKnownFileType = sourcecode.swift; path = Client.swift; sourceTree = "<group>"; };
		961AAD632899C3E6001CFF67 /* CodefaceCore */ = {isa = PBXFileReference; lastKnownFileType = wrapper; path = CodefaceCore; sourceTree = "<group>"; };
		961EFF31284FB8BC00DB7FE9 /* RootArtifactContentView.swift */ = {isa = PBXFileReference; lastKnownFileType = sourcecode.swift; path = RootArtifactContentView.swift; sourceTree = "<group>"; };
		961EFF33284FB90E00DB7FE9 /* SidebarRow.swift */ = {isa = PBXFileReference; lastKnownFileType = sourcecode.swift; path = SidebarRow.swift; sourceTree = "<group>"; };
		9639C27128D761A000779BA5 /* CodefaceDocumentView.swift */ = {isa = PBXFileReference; lastKnownFileType = sourcecode.swift; path = CodefaceDocumentView.swift; sourceTree = "<group>"; };
		963AE38A28D505B9006E17F2 /* CodebaseFileDocument.swift */ = {isa = PBXFileReference; lastKnownFileType = sourcecode.swift; path = CodebaseFileDocument.swift; sourceTree = "<group>"; };
		964308A4254B7B070026E56C /* CodefaceDocumentContentView.swift */ = {isa = PBXFileReference; lastKnownFileType = sourcecode.swift; path = CodefaceDocumentContentView.swift; sourceTree = "<group>"; };
		9648CBAD28BCB3A30011D3C7 /* SidebarAnalysisContent.swift */ = {isa = PBXFileReference; lastKnownFileType = sourcecode.swift; path = SidebarAnalysisContent.swift; sourceTree = "<group>"; };
		9648CBAF28BCB3DC0011D3C7 /* SidebarArtifactList.swift */ = {isa = PBXFileReference; lastKnownFileType = sourcecode.swift; path = SidebarArtifactList.swift; sourceTree = "<group>"; };
		966F39B7291C045900198B14 /* XPCExecutableClientExportedInterface.swift */ = {isa = PBXFileReference; lastKnownFileType = sourcecode.swift; path = XPCExecutableClientExportedInterface.swift; sourceTree = "<group>"; };
		968D9C0D28D4E99E000BE520 /* LoadingProgressView.swift */ = {isa = PBXFileReference; lastKnownFileType = sourcecode.swift; path = LoadingProgressView.swift; sourceTree = "<group>"; };
		968EA5C228DCD24500FE8A9B /* ContentNavigationView.swift */ = {isa = PBXFileReference; lastKnownFileType = sourcecode.swift; path = ContentNavigationView.swift; sourceTree = "<group>"; };
		96CFBB3528B582D20051C318 /* ArtifactViewModel+SwiftUI.swift */ = {isa = PBXFileReference; lastKnownFileType = sourcecode.swift; path = "ArtifactViewModel+SwiftUI.swift"; sourceTree = "<group>"; };
		96D8DB1C28A1503C00B84B45 /* PathBarView.swift */ = {isa = PBXFileReference; lastKnownFileType = sourcecode.swift; path = PathBarView.swift; sourceTree = "<group>"; };
		96E479CF28359C9900762FD7 /* AnimatableLine.swift */ = {isa = PBXFileReference; lastKnownFileType = sourcecode.swift; path = AnimatableLine.swift; sourceTree = "<group>"; };
		96E479D128359CCE00762FD7 /* ArtifactView.swift */ = {isa = PBXFileReference; lastKnownFileType = sourcecode.swift; path = ArtifactView.swift; sourceTree = "<group>"; };
		96E479D32835A1DB00762FD7 /* ArtifactIcon.swift */ = {isa = PBXFileReference; lastKnownFileType = sourcecode.swift; path = ArtifactIcon.swift; sourceTree = "<group>"; };
		96E479DA2835B33600762FD7 /* DisplayModePicker.swift */ = {isa = PBXFileReference; lastKnownFileType = sourcecode.swift; path = DisplayModePicker.swift; sourceTree = "<group>"; };
		96E479DC2835B36C00762FD7 /* SidebarLabel.swift */ = {isa = PBXFileReference; lastKnownFileType = sourcecode.swift; path = SidebarLabel.swift; sourceTree = "<group>"; };
		96EA394E282C2AF2002B033E /* ArtifactContentView.swift */ = {isa = PBXFileReference; lastKnownFileType = sourcecode.swift; path = ArtifactContentView.swift; sourceTree = "<group>"; };
		96EF44102912A64500EB93D1 /* CodefaceHelper.entitlements */ = {isa = PBXFileReference; lastKnownFileType = text.plist.entitlements; path = CodefaceHelper.entitlements; sourceTree = "<group>"; };
		96FC8C3E284BEB9000AD7DD2 /* CodebaseLocatorView.swift */ = {isa = PBXFileReference; lastKnownFileType = sourcecode.swift; path = CodebaseLocatorView.swift; sourceTree = "<group>"; };
		9E00727C218E250E0094BD1C /* CodefaceApp.swift */ = {isa = PBXFileReference; fileEncoding = 4; lastKnownFileType = sourcecode.swift; path = CodefaceApp.swift; sourceTree = "<group>"; };
		9E27839C229ECDF1006ACB18 /* Codeface.entitlements */ = {isa = PBXFileReference; lastKnownFileType = text.plist.entitlements; path = Codeface.entitlements; sourceTree = "<group>"; };
		9E95A703218C73C7009A58A9 /* Codeface.app */ = {isa = PBXFileReference; explicitFileType = wrapper.application; includeInIndex = 0; path = Codeface.app; sourceTree = BUILT_PRODUCTS_DIR; };
		9E95A708218C73CA009A58A9 /* Assets.xcassets */ = {isa = PBXFileReference; lastKnownFileType = folder.assetcatalog; path = Assets.xcassets; sourceTree = "<group>"; };
		9E95A70D218C73CA009A58A9 /* Info.plist */ = {isa = PBXFileReference; lastKnownFileType = text.plist.xml; path = Info.plist; sourceTree = "<group>"; };
		9E95A713218C73CA009A58A9 /* CodefaceTests.xctest */ = {isa = PBXFileReference; explicitFileType = wrapper.cfbundle; includeInIndex = 0; path = CodefaceTests.xctest; sourceTree = BUILT_PRODUCTS_DIR; };
		9E95A717218C73CA009A58A9 /* CodefaceTests.swift */ = {isa = PBXFileReference; lastKnownFileType = sourcecode.swift; path = CodefaceTests.swift; sourceTree = "<group>"; };
		9E95A719218C73CA009A58A9 /* Info.plist */ = {isa = PBXFileReference; lastKnownFileType = text.plist.xml; path = Info.plist; sourceTree = "<group>"; };
/* End PBXFileReference section */

/* Begin PBXFrameworksBuildPhase section */
		96143EFB290ED68A008CA3C2 /* Frameworks */ = {
			isa = PBXFrameworksBuildPhase;
			buildActionMask = 2147483647;
			files = (
				966F39B3291BF56200198B14 /* FoundationToolz in Frameworks */,
				966F39AE291BF42900198B14 /* SwiftLSP in Frameworks */,
				966F39AC291BF32600198B14 /* SwiftyToolz in Frameworks */,
				960C5F7729254DE100449C95 /* ProcessServiceServer in Frameworks */,
			);
			runOnlyForDeploymentPostprocessing = 0;
		};
		9E95A700218C73C7009A58A9 /* Frameworks */ = {
			isa = PBXFrameworksBuildPhase;
			buildActionMask = 2147483647;
			files = (
				96DC635528E100D900DD5BEB /* SwiftLSP in Frameworks */,
				96CFBB3328B57D480051C318 /* SwiftUIToolz in Frameworks */,
				96C2118C28E347F0008024AA /* CombineObserver in Frameworks */,
				9656A69F25287F0D00D4CF26 /* SwiftyToolz in Frameworks */,
				966F39B1291BF54F00198B14 /* FoundationToolz in Frameworks */,
				96CA360628E0F92800D71370 /* LSPServiceKit in Frameworks */,
				961AAD662899C553001CFF67 /* CodefaceCore in Frameworks */,
				96C2118E28E347F0008024AA /* SwiftObserver in Frameworks */,
				960C5F7329254DC700449C95 /* ProcessServiceClient in Frameworks */,
			);
			runOnlyForDeploymentPostprocessing = 0;
		};
		9E95A710218C73CA009A58A9 /* Frameworks */ = {
			isa = PBXFrameworksBuildPhase;
			buildActionMask = 2147483647;
			files = (
			);
			runOnlyForDeploymentPostprocessing = 0;
		};
/* End PBXFrameworksBuildPhase section */

/* Begin PBXGroup section */
		96081D06292243EB00A562BA /* ProcessServiceTest */ = {
			isa = PBXGroup;
			children = (
				96081CFD292242E100A562BA /* RunProcessServiceTest.swift */,
				96081D072922475700A562BA /* ProcessServiceTestMain.swift */,
			);
			path = ProcessServiceTest;
			sourceTree = "<group>";
		};
		96143EFF290ED68A008CA3C2 /* CodefaceHelper */ = {
			isa = PBXGroup;
			children = (
				96EF44102912A64500EB93D1 /* CodefaceHelper.entitlements */,
				96143F06290ED68A008CA3C2 /* Info.plist */,
			);
			path = CodefaceHelper;
			sourceTree = "<group>";
		};
		96143F11290EE1EA008CA3C2 /* Service */ = {
			isa = PBXGroup;
			children = (
				96143F04290ED68A008CA3C2 /* Service+main.swift */,
				96143F02290ED68A008CA3C2 /* Service.swift */,
			);
			path = Service;
			sourceTree = "<group>";
		};
		961AAD642899C553001CFF67 /* Frameworks */ = {
			isa = PBXGroup;
			children = (
			);
			name = Frameworks;
			sourceTree = "<group>";
		};
		966F39B4291C03DE00198B14 /* XPCExecutable */ = {
			isa = PBXGroup;
			children = (
				966F39B5291C040100198B14 /* Client */,
				96143F11290EE1EA008CA3C2 /* Service */,
				966F39B6291C042B00198B14 /* Shared */,
			);
			path = XPCExecutable;
			sourceTree = "<group>";
		};
		966F39B5291C040100198B14 /* Client */ = {
			isa = PBXGroup;
			children = (
				96081CFB29223D9100A562BA /* TestXPCExecutableForCodeface.swift */,
				96021333291D5CAB0082DEF4 /* ServiceExportedInterface+Conveniences.swift */,
				96143F0E290EDC32008CA3C2 /* Client.swift */,
			);
			path = Client;
			sourceTree = "<group>";
		};
		966F39B6291C042B00198B14 /* Shared */ = {
			isa = PBXGroup;
			children = (
				966F39B7291C045900198B14 /* XPCExecutableClientExportedInterface.swift */,
				96143F00290ED68A008CA3C2 /* XPCExecutableServiceExportedInterface.swift */,
				96021330291D3CCB0082DEF4 /* XPCExecutable.swift */,
			);
			path = Shared;
			sourceTree = "<group>";
		};
		96D8DB1928A1500D00B84B45 /* Sidebar Content Views */ = {
			isa = PBXGroup;
			children = (
				9648CBAD28BCB3A30011D3C7 /* SidebarAnalysisContent.swift */,
				968D9C0D28D4E99E000BE520 /* LoadingProgressView.swift */,
				9648CBAF28BCB3DC0011D3C7 /* SidebarArtifactList.swift */,
				961EFF33284FB90E00DB7FE9 /* SidebarRow.swift */,
				96E479DC2835B36C00762FD7 /* SidebarLabel.swift */,
				96E479DA2835B33600762FD7 /* DisplayModePicker.swift */,
			);
			path = "Sidebar Content Views";
			sourceTree = "<group>";
		};
		96E479D52835A53200762FD7 /* Artifact Views */ = {
			isa = PBXGroup;
			children = (
				960A7AAD28ABB0A000F334CA /* CodeView.swift */,
				960A7AAB28ABB07800F334CA /* TreeMap.swift */,
				96D8DB1C28A1503C00B84B45 /* PathBarView.swift */,
				961EFF31284FB8BC00DB7FE9 /* RootArtifactContentView.swift */,
				96EA394E282C2AF2002B033E /* ArtifactContentView.swift */,
				96E479D128359CCE00762FD7 /* ArtifactView.swift */,
				960A7AA928AB92AE00F334CA /* ArtifactHeaderView.swift */,
				960A7AA328AB875100F334CA /* DependencyView.swift */,
				96E479D32835A1DB00762FD7 /* ArtifactIcon.swift */,
				96CFBB3528B582D20051C318 /* ArtifactViewModel+SwiftUI.swift */,
				9EB8BA5B218E2C78007ED4E7 /* Framework-Candidates */,
			);
			path = "Artifact Views";
			sourceTree = "<group>";
		};
		96E863D12844125500BCCE66 /* Codeface */ = {
			isa = PBXGroup;
			children = (
				9E00727C218E250E0094BD1C /* CodefaceApp.swift */,
				9639C27128D761A000779BA5 /* CodefaceDocumentView.swift */,
				964308A4254B7B070026E56C /* CodefaceDocumentContentView.swift */,
				968EA5C228DCD24500FE8A9B /* ContentNavigationView.swift */,
				963AE38A28D505B9006E17F2 /* CodebaseFileDocument.swift */,
				96FC8C3E284BEB9000AD7DD2 /* CodebaseLocatorView.swift */,
			);
			path = Codeface;
			sourceTree = "<group>";
		};
		9E00727A218E250E0094BD1C /* Code */ = {
			isa = PBXGroup;
			children = (
				9606D886289A4549002B71E5 /* Xcode14Experiments.swift */,
				96E863D12844125500BCCE66 /* Codeface */,
				96D8DB1928A1500D00B84B45 /* Sidebar Content Views */,
				96E479D52835A53200762FD7 /* Artifact Views */,
				96081D06292243EB00A562BA /* ProcessServiceTest */,
				966F39B4291C03DE00198B14 /* XPCExecutable */,
				961AAD632899C3E6001CFF67 /* CodefaceCore */,
				960BBE9529004F9000F9DC2A /* Help.swift */,
			);
			name = Code;
			path = ../Code;
			sourceTree = "<group>";
		};
		9E95A6FA218C73C7009A58A9 = {
			isa = PBXGroup;
			children = (
				9E00727A218E250E0094BD1C /* Code */,
				9E95A705218C73C7009A58A9 /* Codeface */,
				96143EFF290ED68A008CA3C2 /* CodefaceHelper */,
				9E95A716218C73CA009A58A9 /* CodefaceTests */,
				9E95A704218C73C7009A58A9 /* Products */,
				961AAD642899C553001CFF67 /* Frameworks */,
			);
			sourceTree = "<group>";
		};
		9E95A704218C73C7009A58A9 /* Products */ = {
			isa = PBXGroup;
			children = (
				9E95A703218C73C7009A58A9 /* Codeface.app */,
				9E95A713218C73CA009A58A9 /* CodefaceTests.xctest */,
				96143EFE290ED68A008CA3C2 /* CodefaceHelper.xpc */,
			);
			name = Products;
			sourceTree = "<group>";
		};
		9E95A705218C73C7009A58A9 /* Codeface */ = {
			isa = PBXGroup;
			children = (
				9E27839C229ECDF1006ACB18 /* Codeface.entitlements */,
				9E95A708218C73CA009A58A9 /* Assets.xcassets */,
				9E95A70D218C73CA009A58A9 /* Info.plist */,
			);
			path = Codeface;
			sourceTree = "<group>";
		};
		9E95A716218C73CA009A58A9 /* CodefaceTests */ = {
			isa = PBXGroup;
			children = (
				9E95A717218C73CA009A58A9 /* CodefaceTests.swift */,
				9E95A719218C73CA009A58A9 /* Info.plist */,
			);
			path = CodefaceTests;
			sourceTree = "<group>";
		};
		9EB8BA5B218E2C78007ED4E7 /* Framework-Candidates */ = {
			isa = PBXGroup;
			children = (
				960730B528982F3C008F1D7C /* Arrow.swift */,
				96E479CF28359C9900762FD7 /* AnimatableLine.swift */,
			);
			path = "Framework-Candidates";
			sourceTree = "<group>";
		};
/* End PBXGroup section */

/* Begin PBXNativeTarget section */
		96143EFD290ED68A008CA3C2 /* CodefaceHelper */ = {
			isa = PBXNativeTarget;
			buildConfigurationList = 96143F0D290ED68A008CA3C2 /* Build configuration list for PBXNativeTarget "CodefaceHelper" */;
			buildPhases = (
				96143EFA290ED68A008CA3C2 /* Sources */,
				96143EFB290ED68A008CA3C2 /* Frameworks */,
				96143EFC290ED68A008CA3C2 /* Resources */,
			);
			buildRules = (
			);
			dependencies = (
			);
			name = CodefaceHelper;
			packageProductDependencies = (
				966F39AB291BF32600198B14 /* SwiftyToolz */,
				966F39AD291BF42900198B14 /* SwiftLSP */,
				966F39B2291BF56200198B14 /* FoundationToolz */,
				960C5F7629254DE100449C95 /* ProcessServiceServer */,
			);
			productName = LSPXPCService;
			productReference = 96143EFE290ED68A008CA3C2 /* CodefaceHelper.xpc */;
			productType = "com.apple.product-type.xpc-service";
		};
		9E95A702218C73C7009A58A9 /* Codeface */ = {
			isa = PBXNativeTarget;
			buildConfigurationList = 9E95A71C218C73CA009A58A9 /* Build configuration list for PBXNativeTarget "Codeface" */;
			buildPhases = (
				9E95A6FF218C73C7009A58A9 /* Sources */,
				9E95A700218C73C7009A58A9 /* Frameworks */,
				9E95A701218C73C7009A58A9 /* Resources */,
				9E984A2A219F28C300AFE752 /* Embed Frameworks */,
				96143F0A290ED68A008CA3C2 /* Embed XPC Services */,
			);
			buildRules = (
			);
			dependencies = (
				96143F08290ED68A008CA3C2 /* PBXTargetDependency */,
			);
			name = Codeface;
			packageProductDependencies = (
				9656A69E25287F0D00D4CF26 /* SwiftyToolz */,
				961AAD652899C553001CFF67 /* CodefaceCore */,
				96CFBB3228B57D480051C318 /* SwiftUIToolz */,
				96CA360528E0F92800D71370 /* LSPServiceKit */,
				96DC635428E100D900DD5BEB /* SwiftLSP */,
				96C2118B28E347F0008024AA /* CombineObserver */,
				96C2118D28E347F0008024AA /* SwiftObserver */,
				966F39B0291BF54F00198B14 /* FoundationToolz */,
				960C5F7229254DC700449C95 /* ProcessServiceClient */,
			);
			productName = Cocoalytics;
			productReference = 9E95A703218C73C7009A58A9 /* Codeface.app */;
			productType = "com.apple.product-type.application";
		};
		9E95A712218C73CA009A58A9 /* CodefaceTests */ = {
			isa = PBXNativeTarget;
			buildConfigurationList = 9E95A71F218C73CA009A58A9 /* Build configuration list for PBXNativeTarget "CodefaceTests" */;
			buildPhases = (
				9E95A70F218C73CA009A58A9 /* Sources */,
				9E95A710218C73CA009A58A9 /* Frameworks */,
				9E95A711218C73CA009A58A9 /* Resources */,
			);
			buildRules = (
			);
			dependencies = (
				9E95A715218C73CA009A58A9 /* PBXTargetDependency */,
			);
			name = CodefaceTests;
			productName = CocoalyticsTests;
			productReference = 9E95A713218C73CA009A58A9 /* CodefaceTests.xctest */;
			productType = "com.apple.product-type.bundle.unit-test";
		};
/* End PBXNativeTarget section */

/* Begin PBXProject section */
		9E95A6FB218C73C7009A58A9 /* Project object */ = {
			isa = PBXProject;
			attributes = {
				LastSwiftUpdateCheck = 1410;
				LastUpgradeCheck = 1400;
				ORGANIZATIONNAME = Flowtoolz;
				TargetAttributes = {
					96143EFD290ED68A008CA3C2 = {
						CreatedOnToolsVersion = 14.1;
					};
					9E95A702218C73C7009A58A9 = {
						CreatedOnToolsVersion = 10.0;
						LastSwiftMigration = 1120;
					};
					9E95A712218C73CA009A58A9 = {
						CreatedOnToolsVersion = 10.0;
						LastSwiftMigration = 1120;
						TestTargetID = 9E95A702218C73C7009A58A9;
					};
				};
			};
			buildConfigurationList = 9E95A6FE218C73C7009A58A9 /* Build configuration list for PBXProject "Codeface" */;
			compatibilityVersion = "Xcode 9.3";
			developmentRegion = en;
			hasScannedForEncodings = 0;
			knownRegions = (
				en,
				Base,
			);
			mainGroup = 9E95A6FA218C73C7009A58A9;
			packageReferences = (
				9656A69D25287F0D00D4CF26 /* XCRemoteSwiftPackageReference "SwiftyToolz" */,
				96CFBB3128B57D480051C318 /* XCRemoteSwiftPackageReference "SwiftUIToolz" */,
				96CA360428E0F92800D71370 /* XCRemoteSwiftPackageReference "LSPServiceKit" */,
				96DC635328E100D900DD5BEB /* XCRemoteSwiftPackageReference "SwiftLSP" */,
				96C2118A28E347F0008024AA /* XCRemoteSwiftPackageReference "SwiftObserver" */,
				966F39AF291BF54F00198B14 /* XCRemoteSwiftPackageReference "FoundationToolz" */,
				960C5F7129254DC700449C95 /* XCRemoteSwiftPackageReference "ProcessService" */,
			);
			productRefGroup = 9E95A704218C73C7009A58A9 /* Products */;
			projectDirPath = "";
			projectRoot = "";
			targets = (
				9E95A702218C73C7009A58A9 /* Codeface */,
				96143EFD290ED68A008CA3C2 /* CodefaceHelper */,
				9E95A712218C73CA009A58A9 /* CodefaceTests */,
			);
		};
/* End PBXProject section */

/* Begin PBXResourcesBuildPhase section */
		96143EFC290ED68A008CA3C2 /* Resources */ = {
			isa = PBXResourcesBuildPhase;
			buildActionMask = 2147483647;
			files = (
			);
			runOnlyForDeploymentPostprocessing = 0;
		};
		9E95A701218C73C7009A58A9 /* Resources */ = {
			isa = PBXResourcesBuildPhase;
			buildActionMask = 2147483647;
			files = (
				9E95A709218C73CA009A58A9 /* Assets.xcassets in Resources */,
			);
			runOnlyForDeploymentPostprocessing = 0;
		};
		9E95A711218C73CA009A58A9 /* Resources */ = {
			isa = PBXResourcesBuildPhase;
			buildActionMask = 2147483647;
			files = (
			);
			runOnlyForDeploymentPostprocessing = 0;
		};
/* End PBXResourcesBuildPhase section */

/* Begin PBXSourcesBuildPhase section */
		96143EFA290ED68A008CA3C2 /* Sources */ = {
			isa = PBXSourcesBuildPhase;
			buildActionMask = 2147483647;
			files = (
				960C5F7029254D7C00449C95 /* ProcessServiceTestMain.swift in Sources */,
			);
			runOnlyForDeploymentPostprocessing = 0;
		};
		9E95A6FF218C73C7009A58A9 /* Sources */ = {
			isa = PBXSourcesBuildPhase;
			buildActionMask = 2147483647;
			files = (
				96E479D028359C9900762FD7 /* AnimatableLine.swift in Sources */,
				961EFF32284FB8BC00DB7FE9 /* RootArtifactContentView.swift in Sources */,
				96CFBB3628B582D20051C318 /* ArtifactViewModel+SwiftUI.swift in Sources */,
				9606D887289A4549002B71E5 /* Xcode14Experiments.swift in Sources */,
				96E479D228359CCE00762FD7 /* ArtifactView.swift in Sources */,
				96FC8C3F284BEB9000AD7DD2 /* CodebaseLocatorView.swift in Sources */,
				96D8DB1D28A1503C00B84B45 /* PathBarView.swift in Sources */,
				968EA5C328DCD24500FE8A9B /* ContentNavigationView.swift in Sources */,
				960730B628982F3C008F1D7C /* Arrow.swift in Sources */,
				960A7AAE28ABB0A000F334CA /* CodeView.swift in Sources */,
				9E007283218E250E0094BD1C /* CodefaceApp.swift in Sources */,
				9629D5AD29252A1E006B1E98 /* TestXPCExecutableForCodeface.swift in Sources */,
				968D9C0E28D4E99E000BE520 /* LoadingProgressView.swift in Sources */,
				9629D5B829252A2C006B1E98 /* XPCExecutableServiceExportedInterface.swift in Sources */,
				9629D5B729252A2C006B1E98 /* XPCExecutableClientExportedInterface.swift in Sources */,
				960A7AAA28AB92AE00F334CA /* ArtifactHeaderView.swift in Sources */,
				963AE38B28D505B9006E17F2 /* CodebaseFileDocument.swift in Sources */,
				960C5F6F29254D7900449C95 /* RunProcessServiceTest.swift in Sources */,
				9648CBAE28BCB3A30011D3C7 /* SidebarAnalysisContent.swift in Sources */,
				960A7AA428AB875100F334CA /* DependencyView.swift in Sources */,
				964308A5254B7B070026E56C /* CodefaceDocumentContentView.swift in Sources */,
				9629D5AC29252A1E006B1E98 /* Client.swift in Sources */,
				96E479DB2835B33600762FD7 /* DisplayModePicker.swift in Sources */,
				96EA394F282C2AF2002B033E /* ArtifactContentView.swift in Sources */,
				9629D5AE29252A1E006B1E98 /* ServiceExportedInterface+Conveniences.swift in Sources */,
				961EFF34284FB90E00DB7FE9 /* SidebarRow.swift in Sources */,
				96E479D42835A1DB00762FD7 /* ArtifactIcon.swift in Sources */,
				9648CBB028BCB3DC0011D3C7 /* SidebarArtifactList.swift in Sources */,
				9629D5B929252A2C006B1E98 /* XPCExecutable.swift in Sources */,
				960BBE9629004F9000F9DC2A /* Help.swift in Sources */,
				9639C27228D761A000779BA5 /* CodefaceDocumentView.swift in Sources */,
				960A7AAC28ABB07800F334CA /* TreeMap.swift in Sources */,
				96E479DD2835B36C00762FD7 /* SidebarLabel.swift in Sources */,
			);
			runOnlyForDeploymentPostprocessing = 0;
		};
		9E95A70F218C73CA009A58A9 /* Sources */ = {
			isa = PBXSourcesBuildPhase;
			buildActionMask = 2147483647;
			files = (
				9E95A718218C73CA009A58A9 /* CodefaceTests.swift in Sources */,
			);
			runOnlyForDeploymentPostprocessing = 0;
		};
/* End PBXSourcesBuildPhase section */

/* Begin PBXTargetDependency section */
		96143F08290ED68A008CA3C2 /* PBXTargetDependency */ = {
			isa = PBXTargetDependency;
			target = 96143EFD290ED68A008CA3C2 /* CodefaceHelper */;
			targetProxy = 96143F07290ED68A008CA3C2 /* PBXContainerItemProxy */;
		};
		9E95A715218C73CA009A58A9 /* PBXTargetDependency */ = {
			isa = PBXTargetDependency;
			target = 9E95A702218C73C7009A58A9 /* Codeface */;
			targetProxy = 9E95A714218C73CA009A58A9 /* PBXContainerItemProxy */;
		};
/* End PBXTargetDependency section */

/* Begin XCBuildConfiguration section */
		96143F0B290ED68A008CA3C2 /* Debug */ = {
			isa = XCBuildConfiguration;
			buildSettings = {
				CLANG_CXX_LANGUAGE_STANDARD = "gnu++20";
				CODE_SIGN_ENTITLEMENTS = CodefaceHelper/CodefaceHelper.entitlements;
				CODE_SIGN_IDENTITY = "-";
				"CODE_SIGN_IDENTITY[sdk=macosx*]" = "3rd Party Mac Developer Application";
				CODE_SIGN_STYLE = Manual;
				COMBINE_HIDPI_IMAGES = YES;
				CURRENT_PROJECT_VERSION = 1;
				DEVELOPMENT_TEAM = "";
				"DEVELOPMENT_TEAM[sdk=macosx*]" = 8T3R57GCBV;
				ENABLE_HARDENED_RUNTIME = YES;
				GENERATE_INFOPLIST_FILE = YES;
				INFOPLIST_FILE = CodefaceHelper/Info.plist;
				INFOPLIST_KEY_CFBundleDisplayName = CodefaceHelper;
				INFOPLIST_KEY_NSHumanReadableCopyright = "Copyright © 2022 Flowtoolz. All rights reserved.";
				MACOSX_DEPLOYMENT_TARGET = 12.0;
				MARKETING_VERSION = 1.0;
				PRODUCT_BUNDLE_IDENTIFIER = com.flowtoolz.codeface.CodefaceHelper;
				PRODUCT_NAME = "$(TARGET_NAME)";
				PROVISIONING_PROFILE_SPECIFIER = "";
				"PROVISIONING_PROFILE_SPECIFIER[sdk=macosx*]" = "";
				SKIP_INSTALL = YES;
				SWIFT_EMIT_LOC_STRINGS = YES;
				SWIFT_VERSION = 5.0;
			};
			name = Debug;
		};
		96143F0C290ED68A008CA3C2 /* Release */ = {
			isa = XCBuildConfiguration;
			buildSettings = {
				CLANG_CXX_LANGUAGE_STANDARD = "gnu++20";
				CODE_SIGN_ENTITLEMENTS = CodefaceHelper/CodefaceHelper.entitlements;
				CODE_SIGN_IDENTITY = "3rd Party Mac Developer Application";
				"CODE_SIGN_IDENTITY[sdk=macosx*]" = "3rd Party Mac Developer Application";
				CODE_SIGN_STYLE = Manual;
				COMBINE_HIDPI_IMAGES = YES;
				CURRENT_PROJECT_VERSION = 1;
				DEVELOPMENT_TEAM = "";
				"DEVELOPMENT_TEAM[sdk=macosx*]" = 8T3R57GCBV;
				ENABLE_HARDENED_RUNTIME = YES;
				GENERATE_INFOPLIST_FILE = YES;
				INFOPLIST_FILE = CodefaceHelper/Info.plist;
				INFOPLIST_KEY_CFBundleDisplayName = CodefaceHelper;
				INFOPLIST_KEY_NSHumanReadableCopyright = "Copyright © 2022 Flowtoolz. All rights reserved.";
				MACOSX_DEPLOYMENT_TARGET = 12.0;
				MARKETING_VERSION = 1.0;
				PRODUCT_BUNDLE_IDENTIFIER = com.flowtoolz.codeface.CodefaceHelper;
				PRODUCT_NAME = "$(TARGET_NAME)";
				PROVISIONING_PROFILE_SPECIFIER = "";
				"PROVISIONING_PROFILE_SPECIFIER[sdk=macosx*]" = "";
				SKIP_INSTALL = YES;
				SWIFT_EMIT_LOC_STRINGS = YES;
				SWIFT_VERSION = 5.0;
			};
			name = Release;
		};
		9E95A71A218C73CA009A58A9 /* Debug */ = {
			isa = XCBuildConfiguration;
			buildSettings = {
				ALWAYS_SEARCH_USER_PATHS = NO;
				CLANG_ANALYZER_NONNULL = YES;
				CLANG_ANALYZER_NUMBER_OBJECT_CONVERSION = YES_AGGRESSIVE;
				CLANG_CXX_LANGUAGE_STANDARD = "gnu++14";
				CLANG_CXX_LIBRARY = "libc++";
				CLANG_ENABLE_MODULES = YES;
				CLANG_ENABLE_OBJC_ARC = YES;
				CLANG_ENABLE_OBJC_WEAK = YES;
				CLANG_WARN_BLOCK_CAPTURE_AUTORELEASING = YES;
				CLANG_WARN_BOOL_CONVERSION = YES;
				CLANG_WARN_COMMA = YES;
				CLANG_WARN_CONSTANT_CONVERSION = YES;
				CLANG_WARN_DEPRECATED_OBJC_IMPLEMENTATIONS = YES;
				CLANG_WARN_DIRECT_OBJC_ISA_USAGE = YES_ERROR;
				CLANG_WARN_DOCUMENTATION_COMMENTS = YES;
				CLANG_WARN_EMPTY_BODY = YES;
				CLANG_WARN_ENUM_CONVERSION = YES;
				CLANG_WARN_INFINITE_RECURSION = YES;
				CLANG_WARN_INT_CONVERSION = YES;
				CLANG_WARN_NON_LITERAL_NULL_CONVERSION = YES;
				CLANG_WARN_OBJC_IMPLICIT_RETAIN_SELF = YES;
				CLANG_WARN_OBJC_LITERAL_CONVERSION = YES;
				CLANG_WARN_OBJC_ROOT_CLASS = YES_ERROR;
				CLANG_WARN_QUOTED_INCLUDE_IN_FRAMEWORK_HEADER = YES;
				CLANG_WARN_RANGE_LOOP_ANALYSIS = YES;
				CLANG_WARN_STRICT_PROTOTYPES = YES;
				CLANG_WARN_SUSPICIOUS_MOVE = YES;
				CLANG_WARN_UNGUARDED_AVAILABILITY = YES_AGGRESSIVE;
				CLANG_WARN_UNREACHABLE_CODE = YES;
				CLANG_WARN__DUPLICATE_METHOD_MATCH = YES;
				CODE_SIGN_IDENTITY = "Mac Developer";
				COPY_PHASE_STRIP = NO;
				DEAD_CODE_STRIPPING = YES;
				DEBUG_INFORMATION_FORMAT = dwarf;
				ENABLE_STRICT_OBJC_MSGSEND = YES;
				ENABLE_TESTABILITY = YES;
				GCC_C_LANGUAGE_STANDARD = gnu11;
				GCC_DYNAMIC_NO_PIC = NO;
				GCC_NO_COMMON_BLOCKS = YES;
				GCC_OPTIMIZATION_LEVEL = 0;
				GCC_PREPROCESSOR_DEFINITIONS = (
					"DEBUG=1",
					"$(inherited)",
				);
				GCC_WARN_64_TO_32_BIT_CONVERSION = YES;
				GCC_WARN_ABOUT_RETURN_TYPE = YES_ERROR;
				GCC_WARN_UNDECLARED_SELECTOR = YES;
				GCC_WARN_UNINITIALIZED_AUTOS = YES_AGGRESSIVE;
				GCC_WARN_UNUSED_FUNCTION = YES;
				GCC_WARN_UNUSED_VARIABLE = YES;
				MACOSX_DEPLOYMENT_TARGET = 12.0;
				MTL_ENABLE_DEBUG_INFO = INCLUDE_SOURCE;
				MTL_FAST_MATH = YES;
				ONLY_ACTIVE_ARCH = YES;
				SDKROOT = macosx;
				SWIFT_ACTIVE_COMPILATION_CONDITIONS = DEBUG;
				SWIFT_OPTIMIZATION_LEVEL = "-Onone";
				SWIFT_STRICT_CONCURRENCY = complete;
			};
			name = Debug;
		};
		9E95A71B218C73CA009A58A9 /* Release */ = {
			isa = XCBuildConfiguration;
			buildSettings = {
				ALWAYS_SEARCH_USER_PATHS = NO;
				CLANG_ANALYZER_NONNULL = YES;
				CLANG_ANALYZER_NUMBER_OBJECT_CONVERSION = YES_AGGRESSIVE;
				CLANG_CXX_LANGUAGE_STANDARD = "gnu++14";
				CLANG_CXX_LIBRARY = "libc++";
				CLANG_ENABLE_MODULES = YES;
				CLANG_ENABLE_OBJC_ARC = YES;
				CLANG_ENABLE_OBJC_WEAK = YES;
				CLANG_WARN_BLOCK_CAPTURE_AUTORELEASING = YES;
				CLANG_WARN_BOOL_CONVERSION = YES;
				CLANG_WARN_COMMA = YES;
				CLANG_WARN_CONSTANT_CONVERSION = YES;
				CLANG_WARN_DEPRECATED_OBJC_IMPLEMENTATIONS = YES;
				CLANG_WARN_DIRECT_OBJC_ISA_USAGE = YES_ERROR;
				CLANG_WARN_DOCUMENTATION_COMMENTS = YES;
				CLANG_WARN_EMPTY_BODY = YES;
				CLANG_WARN_ENUM_CONVERSION = YES;
				CLANG_WARN_INFINITE_RECURSION = YES;
				CLANG_WARN_INT_CONVERSION = YES;
				CLANG_WARN_NON_LITERAL_NULL_CONVERSION = YES;
				CLANG_WARN_OBJC_IMPLICIT_RETAIN_SELF = YES;
				CLANG_WARN_OBJC_LITERAL_CONVERSION = YES;
				CLANG_WARN_OBJC_ROOT_CLASS = YES_ERROR;
				CLANG_WARN_QUOTED_INCLUDE_IN_FRAMEWORK_HEADER = YES;
				CLANG_WARN_RANGE_LOOP_ANALYSIS = YES;
				CLANG_WARN_STRICT_PROTOTYPES = YES;
				CLANG_WARN_SUSPICIOUS_MOVE = YES;
				CLANG_WARN_UNGUARDED_AVAILABILITY = YES_AGGRESSIVE;
				CLANG_WARN_UNREACHABLE_CODE = YES;
				CLANG_WARN__DUPLICATE_METHOD_MATCH = YES;
				CODE_SIGN_IDENTITY = "Mac Developer";
				COPY_PHASE_STRIP = NO;
				DEAD_CODE_STRIPPING = YES;
				DEBUG_INFORMATION_FORMAT = "dwarf-with-dsym";
				ENABLE_NS_ASSERTIONS = NO;
				ENABLE_STRICT_OBJC_MSGSEND = YES;
				GCC_C_LANGUAGE_STANDARD = gnu11;
				GCC_NO_COMMON_BLOCKS = YES;
				GCC_WARN_64_TO_32_BIT_CONVERSION = YES;
				GCC_WARN_ABOUT_RETURN_TYPE = YES_ERROR;
				GCC_WARN_UNDECLARED_SELECTOR = YES;
				GCC_WARN_UNINITIALIZED_AUTOS = YES_AGGRESSIVE;
				GCC_WARN_UNUSED_FUNCTION = YES;
				GCC_WARN_UNUSED_VARIABLE = YES;
				MACOSX_DEPLOYMENT_TARGET = 12.0;
				MTL_ENABLE_DEBUG_INFO = NO;
				MTL_FAST_MATH = YES;
				SDKROOT = macosx;
				SWIFT_COMPILATION_MODE = wholemodule;
				SWIFT_OPTIMIZATION_LEVEL = "-O";
				SWIFT_STRICT_CONCURRENCY = complete;
			};
			name = Release;
		};
		9E95A71D218C73CA009A58A9 /* Debug */ = {
			isa = XCBuildConfiguration;
			buildSettings = {
				ALWAYS_EMBED_SWIFT_STANDARD_LIBRARIES = YES;
				ASSETCATALOG_COMPILER_APPICON_NAME = AppIcon;
				CODE_SIGN_ENTITLEMENTS = Codeface/Codeface.entitlements;
				CODE_SIGN_IDENTITY = "-";
				CODE_SIGN_STYLE = Manual;
				COMBINE_HIDPI_IMAGES = YES;
				CURRENT_PROJECT_VERSION = 23;
				DEAD_CODE_STRIPPING = YES;
				DEVELOPMENT_ASSET_PATHS = "";
				DEVELOPMENT_TEAM = 8T3R57GCBV;
				INFOPLIST_FILE = Codeface/Info.plist;
				INFOPLIST_KEY_LSApplicationCategoryType = "public.app-category.developer-tools";
				LD_RUNPATH_SEARCH_PATHS = (
					"$(inherited)",
					"@executable_path/../Frameworks",
				);
				MARKETING_VERSION = 1.3.5;
				PRODUCT_BUNDLE_IDENTIFIER = com.flowtoolz.codeface;
				PRODUCT_NAME = "$(TARGET_NAME)";
				PROVISIONING_PROFILE_SPECIFIER = "";
				SWIFT_VERSION = 5.0;
			};
			name = Debug;
		};
		9E95A71E218C73CA009A58A9 /* Release */ = {
			isa = XCBuildConfiguration;
			buildSettings = {
				ALWAYS_EMBED_SWIFT_STANDARD_LIBRARIES = YES;
				ASSETCATALOG_COMPILER_APPICON_NAME = AppIcon;
				CODE_SIGN_ENTITLEMENTS = Codeface/Codeface.entitlements;
				CODE_SIGN_IDENTITY = "3rd Party Mac Developer Application";
				CODE_SIGN_STYLE = Manual;
				COMBINE_HIDPI_IMAGES = YES;
				CURRENT_PROJECT_VERSION = 23;
				DEAD_CODE_STRIPPING = YES;
				DEVELOPMENT_ASSET_PATHS = "";
				DEVELOPMENT_TEAM = 8T3R57GCBV;
				INFOPLIST_FILE = Codeface/Info.plist;
				INFOPLIST_KEY_LSApplicationCategoryType = "public.app-category.developer-tools";
				LD_RUNPATH_SEARCH_PATHS = (
					"$(inherited)",
					"@executable_path/../Frameworks",
				);
				MARKETING_VERSION = 1.3.5;
				PRODUCT_BUNDLE_IDENTIFIER = com.flowtoolz.codeface;
				PRODUCT_NAME = "$(TARGET_NAME)";
				PROVISIONING_PROFILE_SPECIFIER = "Codeface Mac Distribution Profile";
				SWIFT_VERSION = 5.0;
			};
			name = Release;
		};
		9E95A720218C73CA009A58A9 /* Debug */ = {
			isa = XCBuildConfiguration;
			buildSettings = {
				ALWAYS_EMBED_SWIFT_STANDARD_LIBRARIES = YES;
				BUNDLE_LOADER = "$(TEST_HOST)";
				CODE_SIGN_STYLE = Automatic;
				COMBINE_HIDPI_IMAGES = YES;
				DEAD_CODE_STRIPPING = YES;
				DEVELOPMENT_TEAM = 8T3R57GCBV;
				INFOPLIST_FILE = CodefaceTests/Info.plist;
				LD_RUNPATH_SEARCH_PATHS = (
					"$(inherited)",
					"@executable_path/../Frameworks",
					"@loader_path/../Frameworks",
				);
				PRODUCT_BUNDLE_IDENTIFIER = com.flowtoolz.CodefaceTests;
				PRODUCT_NAME = "$(TARGET_NAME)";
				SWIFT_VERSION = 5.0;
				TEST_HOST = "$(BUILT_PRODUCTS_DIR)/Codeface.app/Contents/MacOS/Codeface";
			};
			name = Debug;
		};
		9E95A721218C73CA009A58A9 /* Release */ = {
			isa = XCBuildConfiguration;
			buildSettings = {
				ALWAYS_EMBED_SWIFT_STANDARD_LIBRARIES = YES;
				BUNDLE_LOADER = "$(TEST_HOST)";
				CODE_SIGN_STYLE = Automatic;
				COMBINE_HIDPI_IMAGES = YES;
				DEAD_CODE_STRIPPING = YES;
				DEVELOPMENT_TEAM = 8T3R57GCBV;
				INFOPLIST_FILE = CodefaceTests/Info.plist;
				LD_RUNPATH_SEARCH_PATHS = (
					"$(inherited)",
					"@executable_path/../Frameworks",
					"@loader_path/../Frameworks",
				);
				PRODUCT_BUNDLE_IDENTIFIER = com.flowtoolz.CodefaceTests;
				PRODUCT_NAME = "$(TARGET_NAME)";
				SWIFT_VERSION = 5.0;
				TEST_HOST = "$(BUILT_PRODUCTS_DIR)/Codeface.app/Contents/MacOS/Codeface";
			};
			name = Release;
		};
/* End XCBuildConfiguration section */

/* Begin XCConfigurationList section */
		96143F0D290ED68A008CA3C2 /* Build configuration list for PBXNativeTarget "CodefaceHelper" */ = {
			isa = XCConfigurationList;
			buildConfigurations = (
				96143F0B290ED68A008CA3C2 /* Debug */,
				96143F0C290ED68A008CA3C2 /* Release */,
			);
			defaultConfigurationIsVisible = 0;
			defaultConfigurationName = Release;
		};
		9E95A6FE218C73C7009A58A9 /* Build configuration list for PBXProject "Codeface" */ = {
			isa = XCConfigurationList;
			buildConfigurations = (
				9E95A71A218C73CA009A58A9 /* Debug */,
				9E95A71B218C73CA009A58A9 /* Release */,
			);
			defaultConfigurationIsVisible = 0;
			defaultConfigurationName = Release;
		};
		9E95A71C218C73CA009A58A9 /* Build configuration list for PBXNativeTarget "Codeface" */ = {
			isa = XCConfigurationList;
			buildConfigurations = (
				9E95A71D218C73CA009A58A9 /* Debug */,
				9E95A71E218C73CA009A58A9 /* Release */,
			);
			defaultConfigurationIsVisible = 0;
			defaultConfigurationName = Release;
		};
		9E95A71F218C73CA009A58A9 /* Build configuration list for PBXNativeTarget "CodefaceTests" */ = {
			isa = XCConfigurationList;
			buildConfigurations = (
				9E95A720218C73CA009A58A9 /* Debug */,
				9E95A721218C73CA009A58A9 /* Release */,
			);
			defaultConfigurationIsVisible = 0;
			defaultConfigurationName = Release;
		};
/* End XCConfigurationList section */

/* Begin XCRemoteSwiftPackageReference section */
		960C5F7129254DC700449C95 /* XCRemoteSwiftPackageReference "ProcessService" */ = {
			isa = XCRemoteSwiftPackageReference;
			repositoryURL = "https://github.com/ChimeHQ/ProcessService";
			requirement = {
				kind = upToNextMajorVersion;
				minimumVersion = 0.2.6;
			};
		};
		9656A69D25287F0D00D4CF26 /* XCRemoteSwiftPackageReference "SwiftyToolz" */ = {
			isa = XCRemoteSwiftPackageReference;
			repositoryURL = "https://github.com/flowtoolz/SwiftyToolz.git";
			requirement = {
				branch = master;
				kind = branch;
			};
		};
		966F39AF291BF54F00198B14 /* XCRemoteSwiftPackageReference "FoundationToolz" */ = {
			isa = XCRemoteSwiftPackageReference;
			repositoryURL = "https://github.com/flowtoolz/FoundationToolz";
			requirement = {
				branch = master;
				kind = branch;
			};
		};
		96C2118A28E347F0008024AA /* XCRemoteSwiftPackageReference "SwiftObserver" */ = {
			isa = XCRemoteSwiftPackageReference;
			repositoryURL = "https://github.com/codeface-io/SwiftObserver";
			requirement = {
				branch = master;
				kind = branch;
			};
		};
		96CA360428E0F92800D71370 /* XCRemoteSwiftPackageReference "LSPServiceKit" */ = {
			isa = XCRemoteSwiftPackageReference;
			repositoryURL = "https://github.com/codeface-io/LSPServiceKit";
			requirement = {
				branch = master;
				kind = branch;
			};
		};
		96CFBB3128B57D480051C318 /* XCRemoteSwiftPackageReference "SwiftUIToolz" */ = {
			isa = XCRemoteSwiftPackageReference;
			repositoryURL = "https://github.com/flowtoolz/SwiftUIToolz";
			requirement = {
				branch = master;
				kind = branch;
			};
		};
		96DC635328E100D900DD5BEB /* XCRemoteSwiftPackageReference "SwiftLSP" */ = {
			isa = XCRemoteSwiftPackageReference;
			repositoryURL = "https://github.com/codeface-io/SwiftLSP";
			requirement = {
				branch = master;
				kind = branch;
			};
		};
/* End XCRemoteSwiftPackageReference section */

/* Begin XCSwiftPackageProductDependency section */
		960C5F7229254DC700449C95 /* ProcessServiceClient */ = {
			isa = XCSwiftPackageProductDependency;
			package = 960C5F7129254DC700449C95 /* XCRemoteSwiftPackageReference "ProcessService" */;
			productName = ProcessServiceClient;
		};
		960C5F7629254DE100449C95 /* ProcessServiceServer */ = {
			isa = XCSwiftPackageProductDependency;
			package = 960C5F7129254DC700449C95 /* XCRemoteSwiftPackageReference "ProcessService" */;
			productName = ProcessServiceServer;
		};
		961AAD652899C553001CFF67 /* CodefaceCore */ = {
			isa = XCSwiftPackageProductDependency;
			productName = CodefaceCore;
		};
		9656A69E25287F0D00D4CF26 /* SwiftyToolz */ = {
			isa = XCSwiftPackageProductDependency;
			package = 9656A69D25287F0D00D4CF26 /* XCRemoteSwiftPackageReference "SwiftyToolz" */;
			productName = SwiftyToolz;
		};
		966F39AB291BF32600198B14 /* SwiftyToolz */ = {
			isa = XCSwiftPackageProductDependency;
			package = 9656A69D25287F0D00D4CF26 /* XCRemoteSwiftPackageReference "SwiftyToolz" */;
			productName = SwiftyToolz;
		};
		966F39AD291BF42900198B14 /* SwiftLSP */ = {
			isa = XCSwiftPackageProductDependency;
			package = 96DC635328E100D900DD5BEB /* XCRemoteSwiftPackageReference "SwiftLSP" */;
			productName = SwiftLSP;
		};
		966F39B0291BF54F00198B14 /* FoundationToolz */ = {
			isa = XCSwiftPackageProductDependency;
			package = 966F39AF291BF54F00198B14 /* XCRemoteSwiftPackageReference "FoundationToolz" */;
			productName = FoundationToolz;
		};
		966F39B2291BF56200198B14 /* FoundationToolz */ = {
			isa = XCSwiftPackageProductDependency;
			package = 966F39AF291BF54F00198B14 /* XCRemoteSwiftPackageReference "FoundationToolz" */;
			productName = FoundationToolz;
		};
		96C2118B28E347F0008024AA /* CombineObserver */ = {
			isa = XCSwiftPackageProductDependency;
			package = 96C2118A28E347F0008024AA /* XCRemoteSwiftPackageReference "SwiftObserver" */;
			productName = CombineObserver;
		};
		96C2118D28E347F0008024AA /* SwiftObserver */ = {
			isa = XCSwiftPackageProductDependency;
			package = 96C2118A28E347F0008024AA /* XCRemoteSwiftPackageReference "SwiftObserver" */;
			productName = SwiftObserver;
		};
		96CA360528E0F92800D71370 /* LSPServiceKit */ = {
			isa = XCSwiftPackageProductDependency;
			package = 96CA360428E0F92800D71370 /* XCRemoteSwiftPackageReference "LSPServiceKit" */;
			productName = LSPServiceKit;
		};
		96CFBB3228B57D480051C318 /* SwiftUIToolz */ = {
			isa = XCSwiftPackageProductDependency;
			package = 96CFBB3128B57D480051C318 /* XCRemoteSwiftPackageReference "SwiftUIToolz" */;
			productName = SwiftUIToolz;
		};
		96DC635428E100D900DD5BEB /* SwiftLSP */ = {
			isa = XCSwiftPackageProductDependency;
			package = 96DC635328E100D900DD5BEB /* XCRemoteSwiftPackageReference "SwiftLSP" */;
			productName = SwiftLSP;
		};
/* End XCSwiftPackageProductDependency section */
	};
	rootObject = 9E95A6FB218C73C7009A58A9 /* Project object */;
}
