{
  "pins" : [
    {
      "identity" : "foundationtoolz",
      "kind" : "remoteSourceControl",
      "location" : "https://github.com/flowtoolz/FoundationToolz.git",
      "state" : {
        "branch" : "master",
        "revision" : "9b44fcc4e11013be5ac2aa8ea426acc8fb4129b8"
      }
    },
    {
      "identity" : "lspservicekit",
      "kind" : "remoteSourceControl",
      "location" : "https://github.com/flowtoolz/LSPServiceKit",
      "state" : {
        "branch" : "master",
        "revision" : "c4cd09880f6aa44f3fbde1ff883bbd8bd0f328f7"
      }
    },
    {
      "identity" : "swiftlsp",
      "kind" : "remoteSourceControl",
      "location" : "https://github.com/flowtoolz/SwiftLSP",
      "state" : {
        "branch" : "master",
        "revision" : "7dbd5977cc8bdc6b36d467080a48fa572b8bef54"
      }
    },
    {
      "identity" : "swiftobserver",
      "kind" : "remoteSourceControl",
      "location" : "https://github.com/flowtoolz/SwiftObserver.git",
      "state" : {
        "branch" : "master",
        "revision" : "117be38a979df343834fdb742261721ff60c6ff0"
      }
    },
    {
      "identity" : "swiftytoolz",
      "kind" : "remoteSourceControl",
      "location" : "https://github.com/flowtoolz/SwiftyToolz.git",
      "state" : {
        "branch" : "master",
        "revision" : "521943ebefb0bbfa98c5b4538fbd9357524c0c8d"
      }
    }
  ],
  "version" : 2
}
