{
  "pins" : [
    {
      "identity" : "foundationtoolz",
      "kind" : "remoteSourceControl",
      "location" : "https://github.com/flowtoolz/FoundationToolz.git",
      "state" : {
        "branch" : "master",
        "revision" : "304015fdac7fbfef7561943fd29c5cca92aa4628"
      }
    },
    {
      "identity" : "lspservicekit",
      "kind" : "remoteSourceControl",
      "location" : "https://github.com/flowtoolz/LSPServiceKit",
      "state" : {
        "branch" : "master",
        "revision" : "211ac232f6ca9a1e3eca2cf4ef19af9cc24d2bba"
      }
    },
    {
      "identity" : "swiftlsp",
      "kind" : "remoteSourceControl",
      "location" : "https://github.com/flowtoolz/SwiftLSP",
      "state" : {
        "branch" : "master",
        "revision" : "d420278a73570b33a181b766c655b249a27a9bd6"
      }
    },
    {
      "identity" : "swiftobserver",
      "kind" : "remoteSourceControl",
      "location" : "https://github.com/flowtoolz/SwiftObserver.git",
      "state" : {
        "branch" : "master",
        "revision" : "117be38a979df343834fdb742261721ff60c6ff0"
      }
    },
    {
      "identity" : "swiftytoolz",
      "kind" : "remoteSourceControl",
      "location" : "https://github.com/flowtoolz/SwiftyToolz.git",
      "state" : {
        "branch" : "master",
        "revision" : "521943ebefb0bbfa98c5b4538fbd9357524c0c8d"
      }
    }
  ],
  "version" : 2
}
